// !$*UTF8*$!
{
	archiveVersion = 1;
	classes = {
	};
	objectVersion = 48;
	objects = {

/* Begin PBXBuildFile section */
		B362232620E2DA7800FAB91E /* Types.cpp in Sources */ = {isa = PBXBuildFile; fileRef = B362224A20E2DA7800FAB91E /* Types.cpp */; };
		B362232720E2DA7800FAB91E /* LinkedList.cpp in Sources */ = {isa = PBXBuildFile; fileRef = B362224C20E2DA7800FAB91E /* LinkedList.cpp */; };
		B362232820E2DA7800FAB91E /* FastQueue.cpp in Sources */ = {isa = PBXBuildFile; fileRef = B362224D20E2DA7800FAB91E /* FastQueue.cpp */; };
		B362232920E2DA7800FAB91E /* ListMap.cpp in Sources */ = {isa = PBXBuildFile; fileRef = B362224E20E2DA7800FAB91E /* ListMap.cpp */; };
		B362232A20E2DA7800FAB91E /* Processor.cpp in Sources */ = {isa = PBXBuildFile; fileRef = B362225320E2DA7800FAB91E /* Processor.cpp */; };
		B362232B20E2DA7800FAB91E /* Coroutine.cpp in Sources */ = {isa = PBXBuildFile; fileRef = B362225420E2DA7800FAB91E /* Coroutine.cpp */; };
		B362232C20E2DA7800FAB91E /* ConversionUtils.cpp in Sources */ = {isa = PBXBuildFile; fileRef = B362225920E2DA7800FAB91E /* ConversionUtils.cpp */; };
		B362232D20E2DA7800FAB91E /* ParsingCaret.cpp in Sources */ = {isa = PBXBuildFile; fileRef = B362225B20E2DA7800FAB91E /* ParsingCaret.cpp */; };
		B362232E20E2DA7800FAB91E /* Runnable.cpp in Sources */ = {isa = PBXBuildFile; fileRef = B362225E20E2DA7800FAB91E /* Runnable.cpp */; };
		B362232F20E2DA7800FAB91E /* SpinLock.cpp in Sources */ = {isa = PBXBuildFile; fileRef = B362225F20E2DA7800FAB91E /* SpinLock.cpp */; };
		B362233020E2DA7800FAB91E /* Thread.cpp in Sources */ = {isa = PBXBuildFile; fileRef = B362226020E2DA7800FAB91E /* Thread.cpp */; };
		B362233120E2DA7800FAB91E /* Library.cpp in Sources */ = {isa = PBXBuildFile; fileRef = B362226B20E2DA7800FAB91E /* Library.cpp */; };
		B362233220E2DA7800FAB91E /* Object.cpp in Sources */ = {isa = PBXBuildFile; fileRef = B362227320E2DA7800FAB91E /* Object.cpp */; };
		B362233320E2DA7800FAB91E /* List.cpp in Sources */ = {isa = PBXBuildFile; fileRef = B362227920E2DA7800FAB91E /* List.cpp */; };
		B362233420E2DA7800FAB91E /* Primitive.cpp in Sources */ = {isa = PBXBuildFile; fileRef = B362227A20E2DA7800FAB91E /* Primitive.cpp */; };
		B362233520E2DA7800FAB91E /* Type.cpp in Sources */ = {isa = PBXBuildFile; fileRef = B362227B20E2DA7800FAB91E /* Type.cpp */; };
		B362233620E2DA7800FAB91E /* ObjectMapper.cpp in Sources */ = {isa = PBXBuildFile; fileRef = B362227C20E2DA7800FAB91E /* ObjectMapper.cpp */; };
		B362233720E2DA7800FAB91E /* Delegate.cpp in Sources */ = {isa = PBXBuildFile; fileRef = B362227F20E2DA7800FAB91E /* Delegate.cpp */; };
		B362233820E2DA7800FAB91E /* Stream.cpp in Sources */ = {isa = PBXBuildFile; fileRef = B362228220E2DA7800FAB91E /* Stream.cpp */; };
		B362233920E2DA7800FAB91E /* ChunkedBuffer.cpp in Sources */ = {isa = PBXBuildFile; fileRef = B362228320E2DA7800FAB91E /* ChunkedBuffer.cpp */; };
		B362233A20E2DA7800FAB91E /* StreamBufferedProxy.cpp in Sources */ = {isa = PBXBuildFile; fileRef = B362228520E2DA7800FAB91E /* StreamBufferedProxy.cpp */; };
		B362233B20E2DA7800FAB91E /* IOBuffer.cpp in Sources */ = {isa = PBXBuildFile; fileRef = B362228720E2DA7800FAB91E /* IOBuffer.cpp */; };
		B362233C20E2DA7800FAB91E /* FIFOBuffer.cpp in Sources */ = {isa = PBXBuildFile; fileRef = B362228820E2DA7800FAB91E /* FIFOBuffer.cpp */; };
		B362233D20E2DA7800FAB91E /* Controllable.cpp in Sources */ = {isa = PBXBuildFile; fileRef = B362228C20E2DA7800FAB91E /* Controllable.cpp */; };
		B362233E20E2DA7800FAB91E /* Environment.cpp in Sources */ = {isa = PBXBuildFile; fileRef = B362228E20E2DA7800FAB91E /* Environment.cpp */; };
		B362233F20E2DA7800FAB91E /* Allocator.cpp in Sources */ = {isa = PBXBuildFile; fileRef = B362229320E2DA7800FAB91E /* Allocator.cpp */; };
		B362234020E2DA7800FAB91E /* MemoryPool.cpp in Sources */ = {isa = PBXBuildFile; fileRef = B362229420E2DA7800FAB91E /* MemoryPool.cpp */; };
		B362234120E2DA7800FAB91E /* ObjectPool.cpp in Sources */ = {isa = PBXBuildFile; fileRef = B362229520E2DA7800FAB91E /* ObjectPool.cpp */; };
		B362234220E2DA7800FAB91E /* StrBuffer.cpp in Sources */ = {isa = PBXBuildFile; fileRef = B362229720E2DA7800FAB91E /* StrBuffer.cpp */; };
		B362234320E2DA7800FAB91E /* LinkedListTest.cpp in Sources */ = {isa = PBXBuildFile; fileRef = B362229F20E2DA7800FAB91E /* LinkedListTest.cpp */; };
		B362234420E2DA7800FAB91E /* PerfTest.cpp in Sources */ = {isa = PBXBuildFile; fileRef = B36222A420E2DA7800FAB91E /* PerfTest.cpp */; };
		B362234520E2DA7800FAB91E /* MemoryPoolTest.cpp in Sources */ = {isa = PBXBuildFile; fileRef = B36222A520E2DA7800FAB91E /* MemoryPoolTest.cpp */; };
		B362234620E2DA7800FAB91E /* RegRuleTest.cpp in Sources */ = {isa = PBXBuildFile; fileRef = B36222A620E2DA7800FAB91E /* RegRuleTest.cpp */; };
		B362234720E2DA7800FAB91E /* UnicodeTest.cpp in Sources */ = {isa = PBXBuildFile; fileRef = B36222AB20E2DA7800FAB91E /* UnicodeTest.cpp */; };
		B362234820E2DA7800FAB91E /* DTOMapperPerfTest.cpp in Sources */ = {isa = PBXBuildFile; fileRef = B36222B020E2DA7800FAB91E /* DTOMapperPerfTest.cpp */; };
		B362234920E2DA7800FAB91E /* DeserializerTest.cpp in Sources */ = {isa = PBXBuildFile; fileRef = B36222B120E2DA7800FAB91E /* DeserializerTest.cpp */; };
		B362234A20E2DA7800FAB91E /* DTOMapperTest.cpp in Sources */ = {isa = PBXBuildFile; fileRef = B36222B320E2DA7800FAB91E /* DTOMapperTest.cpp */; };
		B362234B20E2DA7800FAB91E /* Checker.cpp in Sources */ = {isa = PBXBuildFile; fileRef = B36222B720E2DA7800FAB91E /* Checker.cpp */; };
		B362234C20E2DA7800FAB91E /* UnitTest.cpp in Sources */ = {isa = PBXBuildFile; fileRef = B36222B820E2DA7800FAB91E /* UnitTest.cpp */; };
		B362234D20E2DA7800FAB91E /* ErrorHandler.cpp in Sources */ = {isa = PBXBuildFile; fileRef = B36222BD20E2DA7800FAB91E /* ErrorHandler.cpp */; };
		B362234E20E2DA7800FAB91E /* Interceptor.cpp in Sources */ = {isa = PBXBuildFile; fileRef = B36222BE20E2DA7800FAB91E /* Interceptor.cpp */; };
		B362234F20E2DA7800FAB91E /* AsyncHttpConnectionHandler.cpp in Sources */ = {isa = PBXBuildFile; fileRef = B36222C020E2DA7800FAB91E /* AsyncHttpConnectionHandler.cpp */; };
		B362235020E2DA7800FAB91E /* HttpError.cpp in Sources */ = {isa = PBXBuildFile; fileRef = B36222C220E2DA7800FAB91E /* HttpError.cpp */; };
		B362235120E2DA7800FAB91E /* HttpProcessor.cpp in Sources */ = {isa = PBXBuildFile; fileRef = B36222C520E2DA7800FAB91E /* HttpProcessor.cpp */; };
		B362235220E2DA7800FAB91E /* HttpConnectionHandler.cpp in Sources */ = {isa = PBXBuildFile; fileRef = B36222C620E2DA7800FAB91E /* HttpConnectionHandler.cpp */; };
		B362235320E2DA7800FAB91E /* Endpoint.cpp in Sources */ = {isa = PBXBuildFile; fileRef = B36222C920E2DA7800FAB91E /* Endpoint.cpp */; };
		B362235420E2DA7800FAB91E /* ApiController.cpp in Sources */ = {isa = PBXBuildFile; fileRef = B36222CE20E2DA7800FAB91E /* ApiController.cpp */; };
		B362235520E2DA7800FAB91E /* HttpRouter.cpp in Sources */ = {isa = PBXBuildFile; fileRef = B36222D020E2DA7800FAB91E /* HttpRouter.cpp */; };
		B362235620E2DA7800FAB91E /* ChunkedBufferBody.cpp in Sources */ = {isa = PBXBuildFile; fileRef = B36222D620E2DA7800FAB91E /* ChunkedBufferBody.cpp */; };
		B362235720E2DA7800FAB91E /* Request.cpp in Sources */ = {isa = PBXBuildFile; fileRef = B36222D820E2DA7800FAB91E /* Request.cpp */; };
		B362235820E2DA7800FAB91E /* DtoBody.cpp in Sources */ = {isa = PBXBuildFile; fileRef = B36222DA20E2DA7800FAB91E /* DtoBody.cpp */; };
		B362235920E2DA7800FAB91E /* Body.cpp in Sources */ = {isa = PBXBuildFile; fileRef = B36222DC20E2DA7800FAB91E /* Body.cpp */; };
		B362235A20E2DA7800FAB91E /* Response.cpp in Sources */ = {isa = PBXBuildFile; fileRef = B36222DF20E2DA7800FAB91E /* Response.cpp */; };
		B362235B20E2DA7800FAB91E /* BufferBody.cpp in Sources */ = {isa = PBXBuildFile; fileRef = B36222E020E2DA7800FAB91E /* BufferBody.cpp */; };
		B362235C20E2DA7800FAB91E /* ResponseFactory.cpp in Sources */ = {isa = PBXBuildFile; fileRef = B36222E120E2DA7800FAB91E /* ResponseFactory.cpp */; };
		B362235D20E2DA7800FAB91E /* Http.cpp in Sources */ = {isa = PBXBuildFile; fileRef = B36222E420E2DA7800FAB91E /* Http.cpp */; };
		B362235E20E2DA7800FAB91E /* Request.cpp in Sources */ = {isa = PBXBuildFile; fileRef = B36222E620E2DA7800FAB91E /* Request.cpp */; };
		B362235F20E2DA7800FAB91E /* BodyDecoder.cpp in Sources */ = {isa = PBXBuildFile; fileRef = B36222E820E2DA7800FAB91E /* BodyDecoder.cpp */; };
		B362236020E2DA7800FAB91E /* Response.cpp in Sources */ = {isa = PBXBuildFile; fileRef = B36222EA20E2DA7800FAB91E /* Response.cpp */; };
		B362236120E2DA7800FAB91E /* Router.cpp in Sources */ = {isa = PBXBuildFile; fileRef = B36222EE20E2DA7800FAB91E /* Router.cpp */; };
		B362236220E2DA7800FAB91E /* Subscriber.cpp in Sources */ = {isa = PBXBuildFile; fileRef = B36222EF20E2DA7800FAB91E /* Subscriber.cpp */; };
		B362236320E2DA7800FAB91E /* Pattern.cpp in Sources */ = {isa = PBXBuildFile; fileRef = B36222F320E2DA7800FAB91E /* Pattern.cpp */; };
		B362236420E2DA7800FAB91E /* Parser.cpp in Sources */ = {isa = PBXBuildFile; fileRef = B36222F520E2DA7800FAB91E /* Parser.cpp */; };
		B362236520E2DA7800FAB91E /* RequestExecutor.cpp in Sources */ = {isa = PBXBuildFile; fileRef = B36222F720E2DA7800FAB91E /* RequestExecutor.cpp */; };
		B362236620E2DA7800FAB91E /* ApiClient.cpp in Sources */ = {isa = PBXBuildFile; fileRef = B36222F920E2DA7800FAB91E /* ApiClient.cpp */; };
		B362236720E2DA7800FAB91E /* HttpRequestExecutor.cpp in Sources */ = {isa = PBXBuildFile; fileRef = B36222FF20E2DA7800FAB91E /* HttpRequestExecutor.cpp */; };
		B362236820E2DA7800FAB91E /* Pipe.cpp in Sources */ = {isa = PBXBuildFile; fileRef = B362230320E2DA7800FAB91E /* Pipe.cpp */; };
		B362236920E2DA7800FAB91E /* Socket.cpp in Sources */ = {isa = PBXBuildFile; fileRef = B362230420E2DA7800FAB91E /* Socket.cpp */; };
		B362236A20E2DA7800FAB91E /* SimpleTCPConnectionProvider.cpp in Sources */ = {isa = PBXBuildFile; fileRef = B362230B20E2DA7800FAB91E /* SimpleTCPConnectionProvider.cpp */; };
		B362236B20E2DA7800FAB91E /* ConnectionHandler.cpp in Sources */ = {isa = PBXBuildFile; fileRef = B362230C20E2DA7800FAB91E /* ConnectionHandler.cpp */; };
		B362236C20E2DA7800FAB91E /* Server.cpp in Sources */ = {isa = PBXBuildFile; fileRef = B362230D20E2DA7800FAB91E /* Server.cpp */; };
		B362236D20E2DA7800FAB91E /* ConnectionProvider.cpp in Sources */ = {isa = PBXBuildFile; fileRef = B362230F20E2DA7800FAB91E /* ConnectionProvider.cpp */; };
		B362236E20E2DA7800FAB91E /* Connection.cpp in Sources */ = {isa = PBXBuildFile; fileRef = B362231020E2DA7800FAB91E /* Connection.cpp */; };
		B362236F20E2DA7800FAB91E /* SimpleTCPConnectionProvider.cpp in Sources */ = {isa = PBXBuildFile; fileRef = B362231320E2DA7800FAB91E /* SimpleTCPConnectionProvider.cpp */; };
		B362237020E2DA7800FAB91E /* Hex.cpp in Sources */ = {isa = PBXBuildFile; fileRef = B362231720E2DA7800FAB91E /* Hex.cpp */; };
		B362237120E2DA7800FAB91E /* Unicode.cpp in Sources */ = {isa = PBXBuildFile; fileRef = B362231820E2DA7800FAB91E /* Unicode.cpp */; };
		B362237220E2DA7800FAB91E /* Deserializer.cpp in Sources */ = {isa = PBXBuildFile; fileRef = B362231F20E2DA7800FAB91E /* Deserializer.cpp */; };
		B362237320E2DA7800FAB91E /* ObjectMapper.cpp in Sources */ = {isa = PBXBuildFile; fileRef = B362232020E2DA7800FAB91E /* ObjectMapper.cpp */; };
		B362237420E2DA7800FAB91E /* Serializer.cpp in Sources */ = {isa = PBXBuildFile; fileRef = B362232120E2DA7800FAB91E /* Serializer.cpp */; };
		B362237520E2DA7800FAB91E /* Utils.cpp in Sources */ = {isa = PBXBuildFile; fileRef = B362232220E2DA7800FAB91E /* Utils.cpp */; };
		B3F7AAE22058293F00DA8A39 /* Database.cpp in Sources */ = {isa = PBXBuildFile; fileRef = B3F7AADD2058293F00DA8A39 /* Database.cpp */; };
		B3F7AAE32058293F00DA8A39 /* App.cpp in Sources */ = {isa = PBXBuildFile; fileRef = B3F7AAE12058293F00DA8A39 /* App.cpp */; };
		B3F7AAEA2058633B00DA8A39 /* ControllerLevelTest.cpp in Sources */ = {isa = PBXBuildFile; fileRef = B3F7AAE82058633B00DA8A39 /* ControllerLevelTest.cpp */; };
		B3F7AAED2058637100DA8A39 /* RouterLevelTest.cpp in Sources */ = {isa = PBXBuildFile; fileRef = B3F7AAEB2058637100DA8A39 /* RouterLevelTest.cpp */; };
		B3F7AAF0205863E400DA8A39 /* ConnectionHandlerLevelTest.cpp in Sources */ = {isa = PBXBuildFile; fileRef = B3F7AAEE205863E400DA8A39 /* ConnectionHandlerLevelTest.cpp */; };
/* End PBXBuildFile section */

/* Begin PBXCopyFilesBuildPhase section */
		B3F7A7702058233200DA8A39 /* CopyFiles */ = {
			isa = PBXCopyFilesBuildPhase;
			buildActionMask = 2147483647;
			dstPath = /usr/share/man/man1/;
			dstSubfolderSpec = 0;
			files = (
			);
			runOnlyForDeploymentPostprocessing = 1;
		};
/* End PBXCopyFilesBuildPhase section */

/* Begin PBXFileReference section */
		B362224A20E2DA7800FAB91E /* Types.cpp */ = {isa = PBXFileReference; fileEncoding = 4; lastKnownFileType = sourcecode.cpp.cpp; path = Types.cpp; sourceTree = "<group>"; };
		B362224C20E2DA7800FAB91E /* LinkedList.cpp */ = {isa = PBXFileReference; fileEncoding = 4; lastKnownFileType = sourcecode.cpp.cpp; path = LinkedList.cpp; sourceTree = "<group>"; };
		B362224D20E2DA7800FAB91E /* FastQueue.cpp */ = {isa = PBXFileReference; fileEncoding = 4; lastKnownFileType = sourcecode.cpp.cpp; path = FastQueue.cpp; sourceTree = "<group>"; };
		B362224E20E2DA7800FAB91E /* ListMap.cpp */ = {isa = PBXFileReference; fileEncoding = 4; lastKnownFileType = sourcecode.cpp.cpp; path = ListMap.cpp; sourceTree = "<group>"; };
		B362224F20E2DA7800FAB91E /* FastQueue.hpp */ = {isa = PBXFileReference; fileEncoding = 4; lastKnownFileType = sourcecode.cpp.h; path = FastQueue.hpp; sourceTree = "<group>"; };
		B362225020E2DA7800FAB91E /* ListMap.hpp */ = {isa = PBXFileReference; fileEncoding = 4; lastKnownFileType = sourcecode.cpp.h; path = ListMap.hpp; sourceTree = "<group>"; };
		B362225120E2DA7800FAB91E /* LinkedList.hpp */ = {isa = PBXFileReference; fileEncoding = 4; lastKnownFileType = sourcecode.cpp.h; path = LinkedList.hpp; sourceTree = "<group>"; };
		B362225320E2DA7800FAB91E /* Processor.cpp */ = {isa = PBXFileReference; fileEncoding = 4; lastKnownFileType = sourcecode.cpp.cpp; path = Processor.cpp; sourceTree = "<group>"; };
		B362225420E2DA7800FAB91E /* Coroutine.cpp */ = {isa = PBXFileReference; fileEncoding = 4; lastKnownFileType = sourcecode.cpp.cpp; path = Coroutine.cpp; sourceTree = "<group>"; };
		B362225520E2DA7800FAB91E /* Processor.hpp */ = {isa = PBXFileReference; fileEncoding = 4; lastKnownFileType = sourcecode.cpp.h; path = Processor.hpp; sourceTree = "<group>"; };
		B362225620E2DA7800FAB91E /* Coroutine.hpp */ = {isa = PBXFileReference; fileEncoding = 4; lastKnownFileType = sourcecode.cpp.h; path = Coroutine.hpp; sourceTree = "<group>"; };
		B362225820E2DA7800FAB91E /* ConversionUtils.hpp */ = {isa = PBXFileReference; fileEncoding = 4; lastKnownFileType = sourcecode.cpp.h; path = ConversionUtils.hpp; sourceTree = "<group>"; };
		B362225920E2DA7800FAB91E /* ConversionUtils.cpp */ = {isa = PBXFileReference; fileEncoding = 4; lastKnownFileType = sourcecode.cpp.cpp; path = ConversionUtils.cpp; sourceTree = "<group>"; };
		B362225B20E2DA7800FAB91E /* ParsingCaret.cpp */ = {isa = PBXFileReference; fileEncoding = 4; lastKnownFileType = sourcecode.cpp.cpp; path = ParsingCaret.cpp; sourceTree = "<group>"; };
		B362225C20E2DA7800FAB91E /* ParsingCaret.hpp */ = {isa = PBXFileReference; fileEncoding = 4; lastKnownFileType = sourcecode.cpp.h; path = ParsingCaret.hpp; sourceTree = "<group>"; };
		B362225E20E2DA7800FAB91E /* Runnable.cpp */ = {isa = PBXFileReference; fileEncoding = 4; lastKnownFileType = sourcecode.cpp.cpp; path = Runnable.cpp; sourceTree = "<group>"; };
		B362225F20E2DA7800FAB91E /* SpinLock.cpp */ = {isa = PBXFileReference; fileEncoding = 4; lastKnownFileType = sourcecode.cpp.cpp; path = SpinLock.cpp; sourceTree = "<group>"; };
		B362226020E2DA7800FAB91E /* Thread.cpp */ = {isa = PBXFileReference; fileEncoding = 4; lastKnownFileType = sourcecode.cpp.cpp; path = Thread.cpp; sourceTree = "<group>"; };
		B362226120E2DA7800FAB91E /* Runnable.hpp */ = {isa = PBXFileReference; fileEncoding = 4; lastKnownFileType = sourcecode.cpp.h; path = Runnable.hpp; sourceTree = "<group>"; };
		B362226220E2DA7800FAB91E /* SpinLock.hpp */ = {isa = PBXFileReference; fileEncoding = 4; lastKnownFileType = sourcecode.cpp.h; path = SpinLock.hpp; sourceTree = "<group>"; };
		B362226320E2DA7800FAB91E /* Thread.hpp */ = {isa = PBXFileReference; fileEncoding = 4; lastKnownFileType = sourcecode.cpp.h; path = Thread.hpp; sourceTree = "<group>"; };
		B362226520E2DA7800FAB91E /* codegen.hpp */ = {isa = PBXFileReference; fileEncoding = 4; lastKnownFileType = sourcecode.cpp.h; path = codegen.hpp; sourceTree = "<group>"; };
		B362226620E2DA7800FAB91E /* component.hpp */ = {isa = PBXFileReference; fileEncoding = 4; lastKnownFileType = sourcecode.cpp.h; path = component.hpp; sourceTree = "<group>"; };
		B362226720E2DA7800FAB91E /* basic.hpp */ = {isa = PBXFileReference; fileEncoding = 4; lastKnownFileType = sourcecode.cpp.h; path = basic.hpp; sourceTree = "<group>"; };
		B362226A20E2DA7800FAB91E /* Library.hpp */ = {isa = PBXFileReference; fileEncoding = 4; lastKnownFileType = sourcecode.cpp.h; path = Library.hpp; sourceTree = "<group>"; };
		B362226B20E2DA7800FAB91E /* Library.cpp */ = {isa = PBXFileReference; fileEncoding = 4; lastKnownFileType = sourcecode.cpp.cpp; path = Library.cpp; sourceTree = "<group>"; };
		B362226C20E2DA7800FAB91E /* Types.hpp */ = {isa = PBXFileReference; fileEncoding = 4; lastKnownFileType = sourcecode.cpp.h; path = Types.hpp; sourceTree = "<group>"; };
		B362226F20E2DA7800FAB91E /* ObjectMapper.hpp */ = {isa = PBXFileReference; fileEncoding = 4; lastKnownFileType = sourcecode.cpp.h; path = ObjectMapper.hpp; sourceTree = "<group>"; };
		B362227120E2DA7800FAB91E /* Primitive.hpp */ = {isa = PBXFileReference; fileEncoding = 4; lastKnownFileType = sourcecode.cpp.h; path = Primitive.hpp; sourceTree = "<group>"; };
		B362227220E2DA7800FAB91E /* Type.hpp */ = {isa = PBXFileReference; fileEncoding = 4; lastKnownFileType = sourcecode.cpp.h; path = Type.hpp; sourceTree = "<group>"; };
		B362227320E2DA7800FAB91E /* Object.cpp */ = {isa = PBXFileReference; fileEncoding = 4; lastKnownFileType = sourcecode.cpp.cpp; path = Object.cpp; sourceTree = "<group>"; };
		B362227420E2DA7800FAB91E /* List.hpp */ = {isa = PBXFileReference; fileEncoding = 4; lastKnownFileType = sourcecode.cpp.h; path = List.hpp; sourceTree = "<group>"; };
		B362227520E2DA7800FAB91E /* Object.hpp */ = {isa = PBXFileReference; fileEncoding = 4; lastKnownFileType = sourcecode.cpp.h; path = Object.hpp; sourceTree = "<group>"; };
		B362227720E2DA7800FAB91E /* zzz_macro_define_DTO_.hpp */ = {isa = PBXFileReference; fileEncoding = 4; lastKnownFileType = sourcecode.cpp.h; path = zzz_macro_define_DTO_.hpp; sourceTree = "<group>"; };
		B362227820E2DA7800FAB91E /* zzz_macro_undef_DTO_.hpp */ = {isa = PBXFileReference; fileEncoding = 4; lastKnownFileType = sourcecode.cpp.h; path = zzz_macro_undef_DTO_.hpp; sourceTree = "<group>"; };
		B362227920E2DA7800FAB91E /* List.cpp */ = {isa = PBXFileReference; fileEncoding = 4; lastKnownFileType = sourcecode.cpp.cpp; path = List.cpp; sourceTree = "<group>"; };
		B362227A20E2DA7800FAB91E /* Primitive.cpp */ = {isa = PBXFileReference; fileEncoding = 4; lastKnownFileType = sourcecode.cpp.cpp; path = Primitive.cpp; sourceTree = "<group>"; };
		B362227B20E2DA7800FAB91E /* Type.cpp */ = {isa = PBXFileReference; fileEncoding = 4; lastKnownFileType = sourcecode.cpp.cpp; path = Type.cpp; sourceTree = "<group>"; };
		B362227C20E2DA7800FAB91E /* ObjectMapper.cpp */ = {isa = PBXFileReference; fileEncoding = 4; lastKnownFileType = sourcecode.cpp.cpp; path = ObjectMapper.cpp; sourceTree = "<group>"; };
		B362227E20E2DA7800FAB91E /* ChunkedBuffer.hpp */ = {isa = PBXFileReference; fileEncoding = 4; lastKnownFileType = sourcecode.cpp.h; path = ChunkedBuffer.hpp; sourceTree = "<group>"; };
		B362227F20E2DA7800FAB91E /* Delegate.cpp */ = {isa = PBXFileReference; fileEncoding = 4; lastKnownFileType = sourcecode.cpp.cpp; path = Delegate.cpp; sourceTree = "<group>"; };
		B362228020E2DA7800FAB91E /* StreamBufferedProxy.hpp */ = {isa = PBXFileReference; fileEncoding = 4; lastKnownFileType = sourcecode.cpp.h; path = StreamBufferedProxy.hpp; sourceTree = "<group>"; };
		B362228120E2DA7800FAB91E /* Stream.hpp */ = {isa = PBXFileReference; fileEncoding = 4; lastKnownFileType = sourcecode.cpp.h; path = Stream.hpp; sourceTree = "<group>"; };
		B362228220E2DA7800FAB91E /* Stream.cpp */ = {isa = PBXFileReference; fileEncoding = 4; lastKnownFileType = sourcecode.cpp.cpp; path = Stream.cpp; sourceTree = "<group>"; };
		B362228320E2DA7800FAB91E /* ChunkedBuffer.cpp */ = {isa = PBXFileReference; fileEncoding = 4; lastKnownFileType = sourcecode.cpp.cpp; path = ChunkedBuffer.cpp; sourceTree = "<group>"; };
		B362228420E2DA7800FAB91E /* Delegate.hpp */ = {isa = PBXFileReference; fileEncoding = 4; lastKnownFileType = sourcecode.cpp.h; path = Delegate.hpp; sourceTree = "<group>"; };
		B362228520E2DA7800FAB91E /* StreamBufferedProxy.cpp */ = {isa = PBXFileReference; fileEncoding = 4; lastKnownFileType = sourcecode.cpp.cpp; path = StreamBufferedProxy.cpp; sourceTree = "<group>"; };
		B362228720E2DA7800FAB91E /* IOBuffer.cpp */ = {isa = PBXFileReference; fileEncoding = 4; lastKnownFileType = sourcecode.cpp.cpp; path = IOBuffer.cpp; sourceTree = "<group>"; };
		B362228820E2DA7800FAB91E /* FIFOBuffer.cpp */ = {isa = PBXFileReference; fileEncoding = 4; lastKnownFileType = sourcecode.cpp.cpp; path = FIFOBuffer.cpp; sourceTree = "<group>"; };
		B362228920E2DA7800FAB91E /* FIFOBuffer.hpp */ = {isa = PBXFileReference; fileEncoding = 4; lastKnownFileType = sourcecode.cpp.h; path = FIFOBuffer.hpp; sourceTree = "<group>"; };
		B362228A20E2DA7800FAB91E /* IOBuffer.hpp */ = {isa = PBXFileReference; fileEncoding = 4; lastKnownFileType = sourcecode.cpp.h; path = IOBuffer.hpp; sourceTree = "<group>"; };
		B362228C20E2DA7800FAB91E /* Controllable.cpp */ = {isa = PBXFileReference; fileEncoding = 4; lastKnownFileType = sourcecode.cpp.cpp; path = Controllable.cpp; sourceTree = "<group>"; };
		B362228D20E2DA7800FAB91E /* StrBuffer.hpp */ = {isa = PBXFileReference; fileEncoding = 4; lastKnownFileType = sourcecode.cpp.h; path = StrBuffer.hpp; sourceTree = "<group>"; };
		B362228E20E2DA7800FAB91E /* Environment.cpp */ = {isa = PBXFileReference; fileEncoding = 4; lastKnownFileType = sourcecode.cpp.cpp; path = Environment.cpp; sourceTree = "<group>"; };
		B362229020E2DA7800FAB91E /* MemoryPool.hpp */ = {isa = PBXFileReference; fileEncoding = 4; lastKnownFileType = sourcecode.cpp.h; path = MemoryPool.hpp; sourceTree = "<group>"; };
		B362229120E2DA7800FAB91E /* ObjectPool.hpp */ = {isa = PBXFileReference; fileEncoding = 4; lastKnownFileType = sourcecode.cpp.h; path = ObjectPool.hpp; sourceTree = "<group>"; };
		B362229220E2DA7800FAB91E /* Allocator.hpp */ = {isa = PBXFileReference; fileEncoding = 4; lastKnownFileType = sourcecode.cpp.h; path = Allocator.hpp; sourceTree = "<group>"; };
		B362229320E2DA7800FAB91E /* Allocator.cpp */ = {isa = PBXFileReference; fileEncoding = 4; lastKnownFileType = sourcecode.cpp.cpp; path = Allocator.cpp; sourceTree = "<group>"; };
		B362229420E2DA7800FAB91E /* MemoryPool.cpp */ = {isa = PBXFileReference; fileEncoding = 4; lastKnownFileType = sourcecode.cpp.cpp; path = MemoryPool.cpp; sourceTree = "<group>"; };
		B362229520E2DA7800FAB91E /* ObjectPool.cpp */ = {isa = PBXFileReference; fileEncoding = 4; lastKnownFileType = sourcecode.cpp.cpp; path = ObjectPool.cpp; sourceTree = "<group>"; };
		B362229620E2DA7800FAB91E /* Controllable.hpp */ = {isa = PBXFileReference; fileEncoding = 4; lastKnownFileType = sourcecode.cpp.h; path = Controllable.hpp; sourceTree = "<group>"; };
		B362229720E2DA7800FAB91E /* StrBuffer.cpp */ = {isa = PBXFileReference; fileEncoding = 4; lastKnownFileType = sourcecode.cpp.cpp; path = StrBuffer.cpp; sourceTree = "<group>"; };
		B362229820E2DA7800FAB91E /* Environment.hpp */ = {isa = PBXFileReference; fileEncoding = 4; lastKnownFileType = sourcecode.cpp.h; path = Environment.hpp; sourceTree = "<group>"; };
		B362229920E2DA7800FAB91E /* LICENSE */ = {isa = PBXFileReference; fileEncoding = 4; lastKnownFileType = text; path = LICENSE; sourceTree = "<group>"; };
		B362229D20E2DA7800FAB91E /* RegRuleTest.hpp */ = {isa = PBXFileReference; fileEncoding = 4; lastKnownFileType = sourcecode.cpp.h; path = RegRuleTest.hpp; sourceTree = "<group>"; };
		B362229F20E2DA7800FAB91E /* LinkedListTest.cpp */ = {isa = PBXFileReference; fileEncoding = 4; lastKnownFileType = sourcecode.cpp.cpp; path = LinkedListTest.cpp; sourceTree = "<group>"; };
		B36222A020E2DA7800FAB91E /* LinkedListTest.hpp */ = {isa = PBXFileReference; fileEncoding = 4; lastKnownFileType = sourcecode.cpp.h; path = LinkedListTest.hpp; sourceTree = "<group>"; };
		B36222A220E2DA7800FAB91E /* MemoryPoolTest.hpp */ = {isa = PBXFileReference; fileEncoding = 4; lastKnownFileType = sourcecode.cpp.h; path = MemoryPoolTest.hpp; sourceTree = "<group>"; };
		B36222A320E2DA7800FAB91E /* PerfTest.hpp */ = {isa = PBXFileReference; fileEncoding = 4; lastKnownFileType = sourcecode.cpp.h; path = PerfTest.hpp; sourceTree = "<group>"; };
		B36222A420E2DA7800FAB91E /* PerfTest.cpp */ = {isa = PBXFileReference; fileEncoding = 4; lastKnownFileType = sourcecode.cpp.cpp; path = PerfTest.cpp; sourceTree = "<group>"; };
		B36222A520E2DA7800FAB91E /* MemoryPoolTest.cpp */ = {isa = PBXFileReference; fileEncoding = 4; lastKnownFileType = sourcecode.cpp.cpp; path = MemoryPoolTest.cpp; sourceTree = "<group>"; };
		B36222A620E2DA7800FAB91E /* RegRuleTest.cpp */ = {isa = PBXFileReference; fileEncoding = 4; lastKnownFileType = sourcecode.cpp.cpp; path = RegRuleTest.cpp; sourceTree = "<group>"; };
		B36222A720E2DA7800FAB91E /* UnitTest.hpp */ = {isa = PBXFileReference; fileEncoding = 4; lastKnownFileType = sourcecode.cpp.h; path = UnitTest.hpp; sourceTree = "<group>"; };
		B36222AB20E2DA7800FAB91E /* UnicodeTest.cpp */ = {isa = PBXFileReference; fileEncoding = 4; lastKnownFileType = sourcecode.cpp.cpp; path = UnicodeTest.cpp; sourceTree = "<group>"; };
		B36222AC20E2DA7800FAB91E /* UnicodeTest.hpp */ = {isa = PBXFileReference; fileEncoding = 4; lastKnownFileType = sourcecode.cpp.h; path = UnicodeTest.hpp; sourceTree = "<group>"; };
		B36222B020E2DA7800FAB91E /* DTOMapperPerfTest.cpp */ = {isa = PBXFileReference; fileEncoding = 4; lastKnownFileType = sourcecode.cpp.cpp; path = DTOMapperPerfTest.cpp; sourceTree = "<group>"; };
		B36222B120E2DA7800FAB91E /* DeserializerTest.cpp */ = {isa = PBXFileReference; fileEncoding = 4; lastKnownFileType = sourcecode.cpp.cpp; path = DeserializerTest.cpp; sourceTree = "<group>"; };
		B36222B220E2DA7800FAB91E /* DTOMapperTest.hpp */ = {isa = PBXFileReference; fileEncoding = 4; lastKnownFileType = sourcecode.cpp.h; path = DTOMapperTest.hpp; sourceTree = "<group>"; };
		B36222B320E2DA7800FAB91E /* DTOMapperTest.cpp */ = {isa = PBXFileReference; fileEncoding = 4; lastKnownFileType = sourcecode.cpp.cpp; path = DTOMapperTest.cpp; sourceTree = "<group>"; };
		B36222B420E2DA7800FAB91E /* DTOMapperPerfTest.hpp */ = {isa = PBXFileReference; fileEncoding = 4; lastKnownFileType = sourcecode.cpp.h; path = DTOMapperPerfTest.hpp; sourceTree = "<group>"; };
		B36222B520E2DA7800FAB91E /* DeserializerTest.hpp */ = {isa = PBXFileReference; fileEncoding = 4; lastKnownFileType = sourcecode.cpp.h; path = DeserializerTest.hpp; sourceTree = "<group>"; };
		B36222B620E2DA7800FAB91E /* Checker.hpp */ = {isa = PBXFileReference; fileEncoding = 4; lastKnownFileType = sourcecode.cpp.h; path = Checker.hpp; sourceTree = "<group>"; };
		B36222B720E2DA7800FAB91E /* Checker.cpp */ = {isa = PBXFileReference; fileEncoding = 4; lastKnownFileType = sourcecode.cpp.cpp; path = Checker.cpp; sourceTree = "<group>"; };
		B36222B820E2DA7800FAB91E /* UnitTest.cpp */ = {isa = PBXFileReference; fileEncoding = 4; lastKnownFileType = sourcecode.cpp.cpp; path = UnitTest.cpp; sourceTree = "<group>"; };
		B36222BC20E2DA7800FAB91E /* Interceptor.hpp */ = {isa = PBXFileReference; fileEncoding = 4; lastKnownFileType = sourcecode.cpp.h; path = Interceptor.hpp; sourceTree = "<group>"; };
		B36222BD20E2DA7800FAB91E /* ErrorHandler.cpp */ = {isa = PBXFileReference; fileEncoding = 4; lastKnownFileType = sourcecode.cpp.cpp; path = ErrorHandler.cpp; sourceTree = "<group>"; };
		B36222BE20E2DA7800FAB91E /* Interceptor.cpp */ = {isa = PBXFileReference; fileEncoding = 4; lastKnownFileType = sourcecode.cpp.cpp; path = Interceptor.cpp; sourceTree = "<group>"; };
		B36222BF20E2DA7800FAB91E /* ErrorHandler.hpp */ = {isa = PBXFileReference; fileEncoding = 4; lastKnownFileType = sourcecode.cpp.h; path = ErrorHandler.hpp; sourceTree = "<group>"; };
		B36222C020E2DA7800FAB91E /* AsyncHttpConnectionHandler.cpp */ = {isa = PBXFileReference; fileEncoding = 4; lastKnownFileType = sourcecode.cpp.cpp; path = AsyncHttpConnectionHandler.cpp; sourceTree = "<group>"; };
		B36222C120E2DA7800FAB91E /* HttpRouter.hpp */ = {isa = PBXFileReference; fileEncoding = 4; lastKnownFileType = sourcecode.cpp.h; path = HttpRouter.hpp; sourceTree = "<group>"; };
		B36222C220E2DA7800FAB91E /* HttpError.cpp */ = {isa = PBXFileReference; fileEncoding = 4; lastKnownFileType = sourcecode.cpp.cpp; path = HttpError.cpp; sourceTree = "<group>"; };
		B36222C320E2DA7800FAB91E /* HttpProcessor.hpp */ = {isa = PBXFileReference; fileEncoding = 4; lastKnownFileType = sourcecode.cpp.h; path = HttpProcessor.hpp; sourceTree = "<group>"; };
		B36222C420E2DA7800FAB91E /* HttpConnectionHandler.hpp */ = {isa = PBXFileReference; fileEncoding = 4; lastKnownFileType = sourcecode.cpp.h; path = HttpConnectionHandler.hpp; sourceTree = "<group>"; };
		B36222C520E2DA7800FAB91E /* HttpProcessor.cpp */ = {isa = PBXFileReference; fileEncoding = 4; lastKnownFileType = sourcecode.cpp.cpp; path = HttpProcessor.cpp; sourceTree = "<group>"; };
		B36222C620E2DA7800FAB91E /* HttpConnectionHandler.cpp */ = {isa = PBXFileReference; fileEncoding = 4; lastKnownFileType = sourcecode.cpp.cpp; path = HttpConnectionHandler.cpp; sourceTree = "<group>"; };
		B36222C820E2DA7800FAB91E /* ApiController.hpp */ = {isa = PBXFileReference; fileEncoding = 4; lastKnownFileType = sourcecode.cpp.h; path = ApiController.hpp; sourceTree = "<group>"; };
		B36222C920E2DA7800FAB91E /* Endpoint.cpp */ = {isa = PBXFileReference; fileEncoding = 4; lastKnownFileType = sourcecode.cpp.cpp; path = Endpoint.cpp; sourceTree = "<group>"; };
		B36222CB20E2DA7800FAB91E /* zzz_macro_define_ApiController_.hpp */ = {isa = PBXFileReference; fileEncoding = 4; lastKnownFileType = sourcecode.cpp.h; path = zzz_macro_define_ApiController_.hpp; sourceTree = "<group>"; };
		B36222CC20E2DA7800FAB91E /* zzz_macro_undef_ApiController_.hpp */ = {isa = PBXFileReference; fileEncoding = 4; lastKnownFileType = sourcecode.cpp.h; path = zzz_macro_undef_ApiController_.hpp; sourceTree = "<group>"; };
		B36222CD20E2DA7800FAB91E /* Endpoint.hpp */ = {isa = PBXFileReference; fileEncoding = 4; lastKnownFileType = sourcecode.cpp.h; path = Endpoint.hpp; sourceTree = "<group>"; };
		B36222CE20E2DA7800FAB91E /* ApiController.cpp */ = {isa = PBXFileReference; fileEncoding = 4; lastKnownFileType = sourcecode.cpp.cpp; path = ApiController.cpp; sourceTree = "<group>"; };
		B36222CF20E2DA7800FAB91E /* AsyncHttpConnectionHandler.hpp */ = {isa = PBXFileReference; fileEncoding = 4; lastKnownFileType = sourcecode.cpp.h; path = AsyncHttpConnectionHandler.hpp; sourceTree = "<group>"; };
		B36222D020E2DA7800FAB91E /* HttpRouter.cpp */ = {isa = PBXFileReference; fileEncoding = 4; lastKnownFileType = sourcecode.cpp.cpp; path = HttpRouter.cpp; sourceTree = "<group>"; };
		B36222D120E2DA7800FAB91E /* HttpError.hpp */ = {isa = PBXFileReference; fileEncoding = 4; lastKnownFileType = sourcecode.cpp.h; path = HttpError.hpp; sourceTree = "<group>"; };
		B36222D520E2DA7800FAB91E /* ResponseFactory.hpp */ = {isa = PBXFileReference; fileEncoding = 4; lastKnownFileType = sourcecode.cpp.h; path = ResponseFactory.hpp; sourceTree = "<group>"; };
		B36222D620E2DA7800FAB91E /* ChunkedBufferBody.cpp */ = {isa = PBXFileReference; fileEncoding = 4; lastKnownFileType = sourcecode.cpp.cpp; path = ChunkedBufferBody.cpp; sourceTree = "<group>"; };
		B36222D720E2DA7800FAB91E /* Body.hpp */ = {isa = PBXFileReference; fileEncoding = 4; lastKnownFileType = sourcecode.cpp.h; path = Body.hpp; sourceTree = "<group>"; };
		B36222D820E2DA7800FAB91E /* Request.cpp */ = {isa = PBXFileReference; fileEncoding = 4; lastKnownFileType = sourcecode.cpp.cpp; path = Request.cpp; sourceTree = "<group>"; };
		B36222D920E2DA7800FAB91E /* Response.hpp */ = {isa = PBXFileReference; fileEncoding = 4; lastKnownFileType = sourcecode.cpp.h; path = Response.hpp; sourceTree = "<group>"; };
		B36222DA20E2DA7800FAB91E /* DtoBody.cpp */ = {isa = PBXFileReference; fileEncoding = 4; lastKnownFileType = sourcecode.cpp.cpp; path = DtoBody.cpp; sourceTree = "<group>"; };
		B36222DB20E2DA7800FAB91E /* BufferBody.hpp */ = {isa = PBXFileReference; fileEncoding = 4; lastKnownFileType = sourcecode.cpp.h; path = BufferBody.hpp; sourceTree = "<group>"; };
		B36222DC20E2DA7800FAB91E /* Body.cpp */ = {isa = PBXFileReference; fileEncoding = 4; lastKnownFileType = sourcecode.cpp.cpp; path = Body.cpp; sourceTree = "<group>"; };
		B36222DD20E2DA7800FAB91E /* Request.hpp */ = {isa = PBXFileReference; fileEncoding = 4; lastKnownFileType = sourcecode.cpp.h; path = Request.hpp; sourceTree = "<group>"; };
		B36222DE20E2DA7800FAB91E /* DtoBody.hpp */ = {isa = PBXFileReference; fileEncoding = 4; lastKnownFileType = sourcecode.cpp.h; path = DtoBody.hpp; sourceTree = "<group>"; };
		B36222DF20E2DA7800FAB91E /* Response.cpp */ = {isa = PBXFileReference; fileEncoding = 4; lastKnownFileType = sourcecode.cpp.cpp; path = Response.cpp; sourceTree = "<group>"; };
		B36222E020E2DA7800FAB91E /* BufferBody.cpp */ = {isa = PBXFileReference; fileEncoding = 4; lastKnownFileType = sourcecode.cpp.cpp; path = BufferBody.cpp; sourceTree = "<group>"; };
		B36222E120E2DA7800FAB91E /* ResponseFactory.cpp */ = {isa = PBXFileReference; fileEncoding = 4; lastKnownFileType = sourcecode.cpp.cpp; path = ResponseFactory.cpp; sourceTree = "<group>"; };
		B36222E220E2DA7800FAB91E /* ChunkedBufferBody.hpp */ = {isa = PBXFileReference; fileEncoding = 4; lastKnownFileType = sourcecode.cpp.h; path = ChunkedBufferBody.hpp; sourceTree = "<group>"; };
		B36222E320E2DA7800FAB91E /* Http.hpp */ = {isa = PBXFileReference; fileEncoding = 4; lastKnownFileType = sourcecode.cpp.h; path = Http.hpp; sourceTree = "<group>"; };
		B36222E420E2DA7800FAB91E /* Http.cpp */ = {isa = PBXFileReference; fileEncoding = 4; lastKnownFileType = sourcecode.cpp.cpp; path = Http.cpp; sourceTree = "<group>"; };
		B36222E620E2DA7800FAB91E /* Request.cpp */ = {isa = PBXFileReference; fileEncoding = 4; lastKnownFileType = sourcecode.cpp.cpp; path = Request.cpp; sourceTree = "<group>"; };
		B36222E720E2DA7800FAB91E /* Response.hpp */ = {isa = PBXFileReference; fileEncoding = 4; lastKnownFileType = sourcecode.cpp.h; path = Response.hpp; sourceTree = "<group>"; };
		B36222E820E2DA7800FAB91E /* BodyDecoder.cpp */ = {isa = PBXFileReference; fileEncoding = 4; lastKnownFileType = sourcecode.cpp.cpp; path = BodyDecoder.cpp; sourceTree = "<group>"; };
		B36222E920E2DA7800FAB91E /* Request.hpp */ = {isa = PBXFileReference; fileEncoding = 4; lastKnownFileType = sourcecode.cpp.h; path = Request.hpp; sourceTree = "<group>"; };
		B36222EA20E2DA7800FAB91E /* Response.cpp */ = {isa = PBXFileReference; fileEncoding = 4; lastKnownFileType = sourcecode.cpp.cpp; path = Response.cpp; sourceTree = "<group>"; };
		B36222EB20E2DA7800FAB91E /* BodyDecoder.hpp */ = {isa = PBXFileReference; fileEncoding = 4; lastKnownFileType = sourcecode.cpp.h; path = BodyDecoder.hpp; sourceTree = "<group>"; };
		B36222EE20E2DA7800FAB91E /* Router.cpp */ = {isa = PBXFileReference; fileEncoding = 4; lastKnownFileType = sourcecode.cpp.cpp; path = Router.cpp; sourceTree = "<group>"; };
		B36222EF20E2DA7800FAB91E /* Subscriber.cpp */ = {isa = PBXFileReference; fileEncoding = 4; lastKnownFileType = sourcecode.cpp.cpp; path = Subscriber.cpp; sourceTree = "<group>"; };
		B36222F020E2DA7800FAB91E /* Pattern.hpp */ = {isa = PBXFileReference; fileEncoding = 4; lastKnownFileType = sourcecode.cpp.h; path = Pattern.hpp; sourceTree = "<group>"; };
		B36222F120E2DA7800FAB91E /* Router.hpp */ = {isa = PBXFileReference; fileEncoding = 4; lastKnownFileType = sourcecode.cpp.h; path = Router.hpp; sourceTree = "<group>"; };
		B36222F220E2DA7800FAB91E /* Subscriber.hpp */ = {isa = PBXFileReference; fileEncoding = 4; lastKnownFileType = sourcecode.cpp.h; path = Subscriber.hpp; sourceTree = "<group>"; };
		B36222F320E2DA7800FAB91E /* Pattern.cpp */ = {isa = PBXFileReference; fileEncoding = 4; lastKnownFileType = sourcecode.cpp.cpp; path = Pattern.cpp; sourceTree = "<group>"; };
		B36222F420E2DA7800FAB91E /* Parser.hpp */ = {isa = PBXFileReference; fileEncoding = 4; lastKnownFileType = sourcecode.cpp.h; path = Parser.hpp; sourceTree = "<group>"; };
		B36222F520E2DA7800FAB91E /* Parser.cpp */ = {isa = PBXFileReference; fileEncoding = 4; lastKnownFileType = sourcecode.cpp.cpp; path = Parser.cpp; sourceTree = "<group>"; };
		B36222F720E2DA7800FAB91E /* RequestExecutor.cpp */ = {isa = PBXFileReference; fileEncoding = 4; lastKnownFileType = sourcecode.cpp.cpp; path = RequestExecutor.cpp; sourceTree = "<group>"; };
		B36222F820E2DA7800FAB91E /* HttpRequestExecutor.hpp */ = {isa = PBXFileReference; fileEncoding = 4; lastKnownFileType = sourcecode.cpp.h; path = HttpRequestExecutor.hpp; sourceTree = "<group>"; };
		B36222F920E2DA7800FAB91E /* ApiClient.cpp */ = {isa = PBXFileReference; fileEncoding = 4; lastKnownFileType = sourcecode.cpp.cpp; path = ApiClient.cpp; sourceTree = "<group>"; };
		B36222FB20E2DA7800FAB91E /* zzz_macro_define_ApiClient_.hpp */ = {isa = PBXFileReference; fileEncoding = 4; lastKnownFileType = sourcecode.cpp.h; path = zzz_macro_define_ApiClient_.hpp; sourceTree = "<group>"; };
		B36222FC20E2DA7800FAB91E /* zzz_macro_undef_ApiClient_.hpp */ = {isa = PBXFileReference; fileEncoding = 4; lastKnownFileType = sourcecode.cpp.h; path = zzz_macro_undef_ApiClient_.hpp; sourceTree = "<group>"; };
		B36222FD20E2DA7800FAB91E /* ApiClient.hpp */ = {isa = PBXFileReference; fileEncoding = 4; lastKnownFileType = sourcecode.cpp.h; path = ApiClient.hpp; sourceTree = "<group>"; };
		B36222FE20E2DA7800FAB91E /* RequestExecutor.hpp */ = {isa = PBXFileReference; fileEncoding = 4; lastKnownFileType = sourcecode.cpp.h; path = RequestExecutor.hpp; sourceTree = "<group>"; };
		B36222FF20E2DA7800FAB91E /* HttpRequestExecutor.cpp */ = {isa = PBXFileReference; fileEncoding = 4; lastKnownFileType = sourcecode.cpp.cpp; path = HttpRequestExecutor.cpp; sourceTree = "<group>"; };
		B362230120E2DA7800FAB91E /* Connection.hpp */ = {isa = PBXFileReference; fileEncoding = 4; lastKnownFileType = sourcecode.cpp.h; path = Connection.hpp; sourceTree = "<group>"; };
		B362230320E2DA7800FAB91E /* Pipe.cpp */ = {isa = PBXFileReference; fileEncoding = 4; lastKnownFileType = sourcecode.cpp.cpp; path = Pipe.cpp; sourceTree = "<group>"; };
		B362230420E2DA7800FAB91E /* Socket.cpp */ = {isa = PBXFileReference; fileEncoding = 4; lastKnownFileType = sourcecode.cpp.cpp; path = Socket.cpp; sourceTree = "<group>"; };
		B362230520E2DA7800FAB91E /* Socket.hpp */ = {isa = PBXFileReference; fileEncoding = 4; lastKnownFileType = sourcecode.cpp.h; path = Socket.hpp; sourceTree = "<group>"; };
		B362230620E2DA7800FAB91E /* Pipe.hpp */ = {isa = PBXFileReference; fileEncoding = 4; lastKnownFileType = sourcecode.cpp.h; path = Pipe.hpp; sourceTree = "<group>"; };
		B362230820E2DA7800FAB91E /* Server.hpp */ = {isa = PBXFileReference; fileEncoding = 4; lastKnownFileType = sourcecode.cpp.h; path = Server.hpp; sourceTree = "<group>"; };
		B362230920E2DA7800FAB91E /* SimpleTCPConnectionProvider.hpp */ = {isa = PBXFileReference; fileEncoding = 4; lastKnownFileType = sourcecode.cpp.h; path = SimpleTCPConnectionProvider.hpp; sourceTree = "<group>"; };
		B362230A20E2DA7800FAB91E /* ConnectionHandler.hpp */ = {isa = PBXFileReference; fileEncoding = 4; lastKnownFileType = sourcecode.cpp.h; path = ConnectionHandler.hpp; sourceTree = "<group>"; };
		B362230B20E2DA7800FAB91E /* SimpleTCPConnectionProvider.cpp */ = {isa = PBXFileReference; fileEncoding = 4; lastKnownFileType = sourcecode.cpp.cpp; path = SimpleTCPConnectionProvider.cpp; sourceTree = "<group>"; };
		B362230C20E2DA7800FAB91E /* ConnectionHandler.cpp */ = {isa = PBXFileReference; fileEncoding = 4; lastKnownFileType = sourcecode.cpp.cpp; path = ConnectionHandler.cpp; sourceTree = "<group>"; };
		B362230D20E2DA7800FAB91E /* Server.cpp */ = {isa = PBXFileReference; fileEncoding = 4; lastKnownFileType = sourcecode.cpp.cpp; path = Server.cpp; sourceTree = "<group>"; };
		B362230E20E2DA7800FAB91E /* ConnectionProvider.hpp */ = {isa = PBXFileReference; fileEncoding = 4; lastKnownFileType = sourcecode.cpp.h; path = ConnectionProvider.hpp; sourceTree = "<group>"; };
		B362230F20E2DA7800FAB91E /* ConnectionProvider.cpp */ = {isa = PBXFileReference; fileEncoding = 4; lastKnownFileType = sourcecode.cpp.cpp; path = ConnectionProvider.cpp; sourceTree = "<group>"; };
		B362231020E2DA7800FAB91E /* Connection.cpp */ = {isa = PBXFileReference; fileEncoding = 4; lastKnownFileType = sourcecode.cpp.cpp; path = Connection.cpp; sourceTree = "<group>"; };
		B362231220E2DA7800FAB91E /* SimpleTCPConnectionProvider.hpp */ = {isa = PBXFileReference; fileEncoding = 4; lastKnownFileType = sourcecode.cpp.h; path = SimpleTCPConnectionProvider.hpp; sourceTree = "<group>"; };
		B362231320E2DA7800FAB91E /* SimpleTCPConnectionProvider.cpp */ = {isa = PBXFileReference; fileEncoding = 4; lastKnownFileType = sourcecode.cpp.cpp; path = SimpleTCPConnectionProvider.cpp; sourceTree = "<group>"; };
		B362231520E2DA7800FAB91E /* Unicode.hpp */ = {isa = PBXFileReference; fileEncoding = 4; lastKnownFileType = sourcecode.cpp.h; path = Unicode.hpp; sourceTree = "<group>"; };
		B362231620E2DA7800FAB91E /* Hex.hpp */ = {isa = PBXFileReference; fileEncoding = 4; lastKnownFileType = sourcecode.cpp.h; path = Hex.hpp; sourceTree = "<group>"; };
		B362231720E2DA7800FAB91E /* Hex.cpp */ = {isa = PBXFileReference; fileEncoding = 4; lastKnownFileType = sourcecode.cpp.cpp; path = Hex.cpp; sourceTree = "<group>"; };
		B362231820E2DA7800FAB91E /* Unicode.cpp */ = {isa = PBXFileReference; fileEncoding = 4; lastKnownFileType = sourcecode.cpp.cpp; path = Unicode.cpp; sourceTree = "<group>"; };
		B362231C20E2DA7800FAB91E /* Serializer.hpp */ = {isa = PBXFileReference; fileEncoding = 4; lastKnownFileType = sourcecode.cpp.h; path = Serializer.hpp; sourceTree = "<group>"; };
		B362231D20E2DA7800FAB91E /* Deserializer.hpp */ = {isa = PBXFileReference; fileEncoding = 4; lastKnownFileType = sourcecode.cpp.h; path = Deserializer.hpp; sourceTree = "<group>"; };
		B362231E20E2DA7800FAB91E /* ObjectMapper.hpp */ = {isa = PBXFileReference; fileEncoding = 4; lastKnownFileType = sourcecode.cpp.h; path = ObjectMapper.hpp; sourceTree = "<group>"; };
		B362231F20E2DA7800FAB91E /* Deserializer.cpp */ = {isa = PBXFileReference; fileEncoding = 4; lastKnownFileType = sourcecode.cpp.cpp; path = Deserializer.cpp; sourceTree = "<group>"; };
		B362232020E2DA7800FAB91E /* ObjectMapper.cpp */ = {isa = PBXFileReference; fileEncoding = 4; lastKnownFileType = sourcecode.cpp.cpp; path = ObjectMapper.cpp; sourceTree = "<group>"; };
		B362232120E2DA7800FAB91E /* Serializer.cpp */ = {isa = PBXFileReference; fileEncoding = 4; lastKnownFileType = sourcecode.cpp.cpp; path = Serializer.cpp; sourceTree = "<group>"; };
		B362232220E2DA7800FAB91E /* Utils.cpp */ = {isa = PBXFileReference; fileEncoding = 4; lastKnownFileType = sourcecode.cpp.cpp; path = Utils.cpp; sourceTree = "<group>"; };
		B362232320E2DA7800FAB91E /* Utils.hpp */ = {isa = PBXFileReference; fileEncoding = 4; lastKnownFileType = sourcecode.cpp.h; path = Utils.hpp; sourceTree = "<group>"; };
		B362232420E2DA7800FAB91E /* README.md */ = {isa = PBXFileReference; fileEncoding = 4; lastKnownFileType = net.daringfireball.markdown; path = README.md; sourceTree = "<group>"; };
		B362232520E2DA7800FAB91E /* .gitignore */ = {isa = PBXFileReference; fileEncoding = 4; lastKnownFileType = text; path = .gitignore; sourceTree = "<group>"; };
		B3F7A7722058233200DA8A39 /* crud */ = {isa = PBXFileReference; explicitFileType = "compiled.mach-o.executable"; includeInIndex = 0; path = crud; sourceTree = BUILT_PRODUCTS_DIR; };
		B3F7AAD82058293F00DA8A39 /* Logger.hpp */ = {isa = PBXFileReference; fileEncoding = 4; lastKnownFileType = sourcecode.cpp.h; path = Logger.hpp; sourceTree = "<group>"; };
		B3F7AADA2058293F00DA8A39 /* UserController.hpp */ = {isa = PBXFileReference; fileEncoding = 4; lastKnownFileType = sourcecode.cpp.h; path = UserController.hpp; sourceTree = "<group>"; };
		B3F7AADC2058293F00DA8A39 /* Database.hpp */ = {isa = PBXFileReference; fileEncoding = 4; lastKnownFileType = sourcecode.cpp.h; path = Database.hpp; sourceTree = "<group>"; };
		B3F7AADD2058293F00DA8A39 /* Database.cpp */ = {isa = PBXFileReference; fileEncoding = 4; lastKnownFileType = sourcecode.cpp.cpp; path = Database.cpp; sourceTree = "<group>"; };
		B3F7AADF2058293F00DA8A39 /* User.hpp */ = {isa = PBXFileReference; fileEncoding = 4; lastKnownFileType = sourcecode.cpp.h; path = User.hpp; sourceTree = "<group>"; };
		B3F7AAE02058293F00DA8A39 /* AppComponent.hpp */ = {isa = PBXFileReference; fileEncoding = 4; lastKnownFileType = sourcecode.cpp.h; path = AppComponent.hpp; sourceTree = "<group>"; };
		B3F7AAE12058293F00DA8A39 /* App.cpp */ = {isa = PBXFileReference; fileEncoding = 4; lastKnownFileType = sourcecode.cpp.cpp; path = App.cpp; sourceTree = "<group>"; };
		B3F7AAE520582A9400DA8A39 /* UserDto.hpp */ = {isa = PBXFileReference; lastKnownFileType = sourcecode.cpp.h; path = UserDto.hpp; sourceTree = "<group>"; };
		B3F7AAE82058633B00DA8A39 /* ControllerLevelTest.cpp */ = {isa = PBXFileReference; lastKnownFileType = sourcecode.cpp.cpp; path = ControllerLevelTest.cpp; sourceTree = "<group>"; };
		B3F7AAE92058633B00DA8A39 /* ControllerLevelTest.hpp */ = {isa = PBXFileReference; lastKnownFileType = sourcecode.cpp.h; path = ControllerLevelTest.hpp; sourceTree = "<group>"; };
		B3F7AAEB2058637100DA8A39 /* RouterLevelTest.cpp */ = {isa = PBXFileReference; lastKnownFileType = sourcecode.cpp.cpp; path = RouterLevelTest.cpp; sourceTree = "<group>"; };
		B3F7AAEC2058637100DA8A39 /* RouterLevelTest.hpp */ = {isa = PBXFileReference; lastKnownFileType = sourcecode.cpp.h; path = RouterLevelTest.hpp; sourceTree = "<group>"; };
		B3F7AAEE205863E400DA8A39 /* ConnectionHandlerLevelTest.cpp */ = {isa = PBXFileReference; lastKnownFileType = sourcecode.cpp.cpp; path = ConnectionHandlerLevelTest.cpp; sourceTree = "<group>"; };
		B3F7AAEF205863E400DA8A39 /* ConnectionHandlerLevelTest.hpp */ = {isa = PBXFileReference; lastKnownFileType = sourcecode.cpp.h; path = ConnectionHandlerLevelTest.hpp; sourceTree = "<group>"; };
/* End PBXFileReference section */

/* Begin PBXFrameworksBuildPhase section */
		B3F7A76F2058233200DA8A39 /* Frameworks */ = {
			isa = PBXFrameworksBuildPhase;
			buildActionMask = 2147483647;
			files = (
			);
			runOnlyForDeploymentPostprocessing = 0;
		};
/* End PBXFrameworksBuildPhase section */

/* Begin PBXGroup section */
		B362224820E2DA7800FAB91E /* oatpp */ = {
			isa = PBXGroup;
			children = (
				B362224920E2DA7800FAB91E /* core */,
				B362229920E2DA7800FAB91E /* LICENSE */,
				B362229A20E2DA7800FAB91E /* test */,
				B36222B920E2DA7800FAB91E /* web */,
				B362230020E2DA7800FAB91E /* network */,
				B362231420E2DA7800FAB91E /* encoding */,
				B362231920E2DA7800FAB91E /* parser */,
				B362232420E2DA7800FAB91E /* README.md */,
				B362232520E2DA7800FAB91E /* .gitignore */,
			);
			name = oatpp;
			path = ../lib/oatpp;
			sourceTree = "<group>";
		};
		B362224920E2DA7800FAB91E /* core */ = {
			isa = PBXGroup;
			children = (
				B362225220E2DA7800FAB91E /* async */,
				B362228B20E2DA7800FAB91E /* base */,
				B362224B20E2DA7800FAB91E /* collection */,
				B362225D20E2DA7800FAB91E /* concurrency */,
				B362226D20E2DA7800FAB91E /* data */,
				B362226420E2DA7800FAB91E /* macro */,
				B362226820E2DA7800FAB91E /* os */,
				B362225A20E2DA7800FAB91E /* parser */,
				B362224A20E2DA7800FAB91E /* Types.cpp */,
				B362226C20E2DA7800FAB91E /* Types.hpp */,
				B362225720E2DA7800FAB91E /* utils */,
			);
			path = core;
			sourceTree = "<group>";
		};
		B362224B20E2DA7800FAB91E /* collection */ = {
			isa = PBXGroup;
			children = (
				B362224C20E2DA7800FAB91E /* LinkedList.cpp */,
				B362224D20E2DA7800FAB91E /* FastQueue.cpp */,
				B362224E20E2DA7800FAB91E /* ListMap.cpp */,
				B362224F20E2DA7800FAB91E /* FastQueue.hpp */,
				B362225020E2DA7800FAB91E /* ListMap.hpp */,
				B362225120E2DA7800FAB91E /* LinkedList.hpp */,
			);
			path = collection;
			sourceTree = "<group>";
		};
		B362225220E2DA7800FAB91E /* async */ = {
			isa = PBXGroup;
			children = (
				B362225320E2DA7800FAB91E /* Processor.cpp */,
				B362225420E2DA7800FAB91E /* Coroutine.cpp */,
				B362225520E2DA7800FAB91E /* Processor.hpp */,
				B362225620E2DA7800FAB91E /* Coroutine.hpp */,
			);
			path = async;
			sourceTree = "<group>";
		};
		B362225720E2DA7800FAB91E /* utils */ = {
			isa = PBXGroup;
			children = (
				B362225820E2DA7800FAB91E /* ConversionUtils.hpp */,
				B362225920E2DA7800FAB91E /* ConversionUtils.cpp */,
			);
			path = utils;
			sourceTree = "<group>";
		};
		B362225A20E2DA7800FAB91E /* parser */ = {
			isa = PBXGroup;
			children = (
				B362225B20E2DA7800FAB91E /* ParsingCaret.cpp */,
				B362225C20E2DA7800FAB91E /* ParsingCaret.hpp */,
			);
			path = parser;
			sourceTree = "<group>";
		};
		B362225D20E2DA7800FAB91E /* concurrency */ = {
			isa = PBXGroup;
			children = (
				B362225E20E2DA7800FAB91E /* Runnable.cpp */,
				B362225F20E2DA7800FAB91E /* SpinLock.cpp */,
				B362226020E2DA7800FAB91E /* Thread.cpp */,
				B362226120E2DA7800FAB91E /* Runnable.hpp */,
				B362226220E2DA7800FAB91E /* SpinLock.hpp */,
				B362226320E2DA7800FAB91E /* Thread.hpp */,
			);
			path = concurrency;
			sourceTree = "<group>";
		};
		B362226420E2DA7800FAB91E /* macro */ = {
			isa = PBXGroup;
			children = (
				B362226520E2DA7800FAB91E /* codegen.hpp */,
				B362226620E2DA7800FAB91E /* component.hpp */,
				B362226720E2DA7800FAB91E /* basic.hpp */,
			);
			path = macro;
			sourceTree = "<group>";
		};
		B362226820E2DA7800FAB91E /* os */ = {
			isa = PBXGroup;
			children = (
				B362226920E2DA7800FAB91E /* io */,
			);
			path = os;
			sourceTree = "<group>";
		};
		B362226920E2DA7800FAB91E /* io */ = {
			isa = PBXGroup;
			children = (
				B362226A20E2DA7800FAB91E /* Library.hpp */,
				B362226B20E2DA7800FAB91E /* Library.cpp */,
			);
			path = io;
			sourceTree = "<group>";
		};
		B362226D20E2DA7800FAB91E /* data */ = {
			isa = PBXGroup;
			children = (
				B362226E20E2DA7800FAB91E /* mapping */,
				B362227D20E2DA7800FAB91E /* stream */,
				B362228620E2DA7800FAB91E /* buffer */,
			);
			path = data;
			sourceTree = "<group>";
		};
		B362226E20E2DA7800FAB91E /* mapping */ = {
			isa = PBXGroup;
			children = (
				B362227C20E2DA7800FAB91E /* ObjectMapper.cpp */,
				B362226F20E2DA7800FAB91E /* ObjectMapper.hpp */,
				B362227020E2DA7800FAB91E /* type */,
			);
			path = mapping;
			sourceTree = "<group>";
		};
		B362227020E2DA7800FAB91E /* type */ = {
			isa = PBXGroup;
			children = (
				B362227920E2DA7800FAB91E /* List.cpp */,
				B362227420E2DA7800FAB91E /* List.hpp */,
				B362227620E2DA7800FAB91E /* macro */,
				B362227320E2DA7800FAB91E /* Object.cpp */,
				B362227520E2DA7800FAB91E /* Object.hpp */,
				B362227A20E2DA7800FAB91E /* Primitive.cpp */,
				B362227120E2DA7800FAB91E /* Primitive.hpp */,
				B362227B20E2DA7800FAB91E /* Type.cpp */,
				B362227220E2DA7800FAB91E /* Type.hpp */,
			);
			path = type;
			sourceTree = "<group>";
		};
		B362227620E2DA7800FAB91E /* macro */ = {
			isa = PBXGroup;
			children = (
				B362227720E2DA7800FAB91E /* zzz_macro_define_DTO_.hpp */,
				B362227820E2DA7800FAB91E /* zzz_macro_undef_DTO_.hpp */,
			);
			path = macro;
			sourceTree = "<group>";
		};
		B362227D20E2DA7800FAB91E /* stream */ = {
			isa = PBXGroup;
			children = (
				B362227E20E2DA7800FAB91E /* ChunkedBuffer.hpp */,
				B362227F20E2DA7800FAB91E /* Delegate.cpp */,
				B362228020E2DA7800FAB91E /* StreamBufferedProxy.hpp */,
				B362228120E2DA7800FAB91E /* Stream.hpp */,
				B362228220E2DA7800FAB91E /* Stream.cpp */,
				B362228320E2DA7800FAB91E /* ChunkedBuffer.cpp */,
				B362228420E2DA7800FAB91E /* Delegate.hpp */,
				B362228520E2DA7800FAB91E /* StreamBufferedProxy.cpp */,
			);
			path = stream;
			sourceTree = "<group>";
		};
		B362228620E2DA7800FAB91E /* buffer */ = {
			isa = PBXGroup;
			children = (
				B362228720E2DA7800FAB91E /* IOBuffer.cpp */,
				B362228820E2DA7800FAB91E /* FIFOBuffer.cpp */,
				B362228920E2DA7800FAB91E /* FIFOBuffer.hpp */,
				B362228A20E2DA7800FAB91E /* IOBuffer.hpp */,
			);
			path = buffer;
			sourceTree = "<group>";
		};
		B362228B20E2DA7800FAB91E /* base */ = {
			isa = PBXGroup;
			children = (
				B362228C20E2DA7800FAB91E /* Controllable.cpp */,
				B362228D20E2DA7800FAB91E /* StrBuffer.hpp */,
				B362228E20E2DA7800FAB91E /* Environment.cpp */,
				B362228F20E2DA7800FAB91E /* memory */,
				B362229620E2DA7800FAB91E /* Controllable.hpp */,
				B362229720E2DA7800FAB91E /* StrBuffer.cpp */,
				B362229820E2DA7800FAB91E /* Environment.hpp */,
			);
			path = base;
			sourceTree = "<group>";
		};
		B362228F20E2DA7800FAB91E /* memory */ = {
			isa = PBXGroup;
			children = (
				B362229020E2DA7800FAB91E /* MemoryPool.hpp */,
				B362229120E2DA7800FAB91E /* ObjectPool.hpp */,
				B362229220E2DA7800FAB91E /* Allocator.hpp */,
				B362229320E2DA7800FAB91E /* Allocator.cpp */,
				B362229420E2DA7800FAB91E /* MemoryPool.cpp */,
				B362229520E2DA7800FAB91E /* ObjectPool.cpp */,
			);
			path = memory;
			sourceTree = "<group>";
		};
		B362229A20E2DA7800FAB91E /* test */ = {
			isa = PBXGroup;
			children = (
				B362229B20E2DA7800FAB91E /* core */,
				B36222A720E2DA7800FAB91E /* UnitTest.hpp */,
				B36222A820E2DA7800FAB91E /* web */,
				B36222A920E2DA7800FAB91E /* network */,
				B36222AA20E2DA7800FAB91E /* encoding */,
				B36222AD20E2DA7800FAB91E /* parser */,
				B36222B620E2DA7800FAB91E /* Checker.hpp */,
				B36222B720E2DA7800FAB91E /* Checker.cpp */,
				B36222B820E2DA7800FAB91E /* UnitTest.cpp */,
			);
			path = test;
			sourceTree = "<group>";
		};
		B362229B20E2DA7800FAB91E /* core */ = {
			isa = PBXGroup;
			children = (
				B362229C20E2DA7800FAB91E /* base */,
			);
			path = core;
			sourceTree = "<group>";
		};
		B362229C20E2DA7800FAB91E /* base */ = {
			isa = PBXGroup;
			children = (
				B362229D20E2DA7800FAB91E /* RegRuleTest.hpp */,
				B362229E20E2DA7800FAB91E /* collection */,
				B36222A120E2DA7800FAB91E /* memory */,
				B36222A620E2DA7800FAB91E /* RegRuleTest.cpp */,
			);
			path = base;
			sourceTree = "<group>";
		};
		B362229E20E2DA7800FAB91E /* collection */ = {
			isa = PBXGroup;
			children = (
				B362229F20E2DA7800FAB91E /* LinkedListTest.cpp */,
				B36222A020E2DA7800FAB91E /* LinkedListTest.hpp */,
			);
			path = collection;
			sourceTree = "<group>";
		};
		B36222A120E2DA7800FAB91E /* memory */ = {
			isa = PBXGroup;
			children = (
				B36222A220E2DA7800FAB91E /* MemoryPoolTest.hpp */,
				B36222A320E2DA7800FAB91E /* PerfTest.hpp */,
				B36222A420E2DA7800FAB91E /* PerfTest.cpp */,
				B36222A520E2DA7800FAB91E /* MemoryPoolTest.cpp */,
			);
			path = memory;
			sourceTree = "<group>";
		};
		B36222A820E2DA7800FAB91E /* web */ = {
			isa = PBXGroup;
			children = (
			);
			path = web;
			sourceTree = "<group>";
		};
		B36222A920E2DA7800FAB91E /* network */ = {
			isa = PBXGroup;
			children = (
			);
			path = network;
			sourceTree = "<group>";
		};
		B36222AA20E2DA7800FAB91E /* encoding */ = {
			isa = PBXGroup;
			children = (
				B36222AB20E2DA7800FAB91E /* UnicodeTest.cpp */,
				B36222AC20E2DA7800FAB91E /* UnicodeTest.hpp */,
			);
			path = encoding;
			sourceTree = "<group>";
		};
		B36222AD20E2DA7800FAB91E /* parser */ = {
			isa = PBXGroup;
			children = (
				B36222AE20E2DA7800FAB91E /* json */,
			);
			path = parser;
			sourceTree = "<group>";
		};
		B36222AE20E2DA7800FAB91E /* json */ = {
			isa = PBXGroup;
			children = (
				B36222AF20E2DA7800FAB91E /* mapping */,
			);
			path = json;
			sourceTree = "<group>";
		};
		B36222AF20E2DA7800FAB91E /* mapping */ = {
			isa = PBXGroup;
			children = (
				B36222B020E2DA7800FAB91E /* DTOMapperPerfTest.cpp */,
				B36222B120E2DA7800FAB91E /* DeserializerTest.cpp */,
				B36222B220E2DA7800FAB91E /* DTOMapperTest.hpp */,
				B36222B320E2DA7800FAB91E /* DTOMapperTest.cpp */,
				B36222B420E2DA7800FAB91E /* DTOMapperPerfTest.hpp */,
				B36222B520E2DA7800FAB91E /* DeserializerTest.hpp */,
			);
			path = mapping;
			sourceTree = "<group>";
		};
		B36222B920E2DA7800FAB91E /* web */ = {
			isa = PBXGroup;
			children = (
				B36222BA20E2DA7800FAB91E /* server */,
				B36222D220E2DA7800FAB91E /* protocol */,
				B36222EC20E2DA7800FAB91E /* url */,
				B36222F620E2DA7800FAB91E /* client */,
			);
			path = web;
			sourceTree = "<group>";
		};
		B36222BA20E2DA7800FAB91E /* server */ = {
			isa = PBXGroup;
			children = (
				B36222C720E2DA7800FAB91E /* api */,
				B36222C020E2DA7800FAB91E /* AsyncHttpConnectionHandler.cpp */,
				B36222CF20E2DA7800FAB91E /* AsyncHttpConnectionHandler.hpp */,
				B36222BB20E2DA7800FAB91E /* handler */,
				B36222C620E2DA7800FAB91E /* HttpConnectionHandler.cpp */,
				B36222C420E2DA7800FAB91E /* HttpConnectionHandler.hpp */,
				B36222C220E2DA7800FAB91E /* HttpError.cpp */,
				B36222D120E2DA7800FAB91E /* HttpError.hpp */,
				B36222C520E2DA7800FAB91E /* HttpProcessor.cpp */,
				B36222C320E2DA7800FAB91E /* HttpProcessor.hpp */,
				B36222D020E2DA7800FAB91E /* HttpRouter.cpp */,
				B36222C120E2DA7800FAB91E /* HttpRouter.hpp */,
			);
			path = server;
			sourceTree = "<group>";
		};
		B36222BB20E2DA7800FAB91E /* handler */ = {
			isa = PBXGroup;
			children = (
				B36222BC20E2DA7800FAB91E /* Interceptor.hpp */,
				B36222BD20E2DA7800FAB91E /* ErrorHandler.cpp */,
				B36222BE20E2DA7800FAB91E /* Interceptor.cpp */,
				B36222BF20E2DA7800FAB91E /* ErrorHandler.hpp */,
			);
			path = handler;
			sourceTree = "<group>";
		};
		B36222C720E2DA7800FAB91E /* api */ = {
			isa = PBXGroup;
			children = (
				B36222C820E2DA7800FAB91E /* ApiController.hpp */,
				B36222C920E2DA7800FAB91E /* Endpoint.cpp */,
				B36222CA20E2DA7800FAB91E /* macro */,
				B36222CD20E2DA7800FAB91E /* Endpoint.hpp */,
				B36222CE20E2DA7800FAB91E /* ApiController.cpp */,
			);
			path = api;
			sourceTree = "<group>";
		};
		B36222CA20E2DA7800FAB91E /* macro */ = {
			isa = PBXGroup;
			children = (
				B36222CB20E2DA7800FAB91E /* zzz_macro_define_ApiController_.hpp */,
				B36222CC20E2DA7800FAB91E /* zzz_macro_undef_ApiController_.hpp */,
			);
			path = macro;
			sourceTree = "<group>";
		};
		B36222D220E2DA7800FAB91E /* protocol */ = {
			isa = PBXGroup;
			children = (
				B36222D320E2DA7800FAB91E /* http */,
			);
			path = protocol;
			sourceTree = "<group>";
		};
		B36222D320E2DA7800FAB91E /* http */ = {
			isa = PBXGroup;
			children = (
				B36222E420E2DA7800FAB91E /* Http.cpp */,
				B36222E320E2DA7800FAB91E /* Http.hpp */,
				B36222E520E2DA7800FAB91E /* incoming */,
				B36222D420E2DA7800FAB91E /* outgoing */,
			);
			path = http;
			sourceTree = "<group>";
		};
		B36222D420E2DA7800FAB91E /* outgoing */ = {
			isa = PBXGroup;
			children = (
				B36222D520E2DA7800FAB91E /* ResponseFactory.hpp */,
				B36222D620E2DA7800FAB91E /* ChunkedBufferBody.cpp */,
				B36222D720E2DA7800FAB91E /* Body.hpp */,
				B36222D820E2DA7800FAB91E /* Request.cpp */,
				B36222D920E2DA7800FAB91E /* Response.hpp */,
				B36222DA20E2DA7800FAB91E /* DtoBody.cpp */,
				B36222DB20E2DA7800FAB91E /* BufferBody.hpp */,
				B36222DC20E2DA7800FAB91E /* Body.cpp */,
				B36222DD20E2DA7800FAB91E /* Request.hpp */,
				B36222DE20E2DA7800FAB91E /* DtoBody.hpp */,
				B36222DF20E2DA7800FAB91E /* Response.cpp */,
				B36222E020E2DA7800FAB91E /* BufferBody.cpp */,
				B36222E120E2DA7800FAB91E /* ResponseFactory.cpp */,
				B36222E220E2DA7800FAB91E /* ChunkedBufferBody.hpp */,
			);
			path = outgoing;
			sourceTree = "<group>";
		};
		B36222E520E2DA7800FAB91E /* incoming */ = {
			isa = PBXGroup;
			children = (
				B36222E820E2DA7800FAB91E /* BodyDecoder.cpp */,
				B36222EB20E2DA7800FAB91E /* BodyDecoder.hpp */,
				B36222E620E2DA7800FAB91E /* Request.cpp */,
				B36222E920E2DA7800FAB91E /* Request.hpp */,
				B36222EA20E2DA7800FAB91E /* Response.cpp */,
				B36222E720E2DA7800FAB91E /* Response.hpp */,
			);
			path = incoming;
			sourceTree = "<group>";
		};
		B36222EC20E2DA7800FAB91E /* url */ = {
			isa = PBXGroup;
			children = (
				B36222ED20E2DA7800FAB91E /* mapping */,
				B36222F420E2DA7800FAB91E /* Parser.hpp */,
				B36222F520E2DA7800FAB91E /* Parser.cpp */,
			);
			path = url;
			sourceTree = "<group>";
		};
		B36222ED20E2DA7800FAB91E /* mapping */ = {
			isa = PBXGroup;
			children = (
				B36222F320E2DA7800FAB91E /* Pattern.cpp */,
				B36222F020E2DA7800FAB91E /* Pattern.hpp */,
				B36222EE20E2DA7800FAB91E /* Router.cpp */,
				B36222F120E2DA7800FAB91E /* Router.hpp */,
				B36222EF20E2DA7800FAB91E /* Subscriber.cpp */,
				B36222F220E2DA7800FAB91E /* Subscriber.hpp */,
			);
			path = mapping;
			sourceTree = "<group>";
		};
		B36222F620E2DA7800FAB91E /* client */ = {
			isa = PBXGroup;
			children = (
				B36222F720E2DA7800FAB91E /* RequestExecutor.cpp */,
				B36222F820E2DA7800FAB91E /* HttpRequestExecutor.hpp */,
				B36222F920E2DA7800FAB91E /* ApiClient.cpp */,
				B36222FA20E2DA7800FAB91E /* macro */,
				B36222FD20E2DA7800FAB91E /* ApiClient.hpp */,
				B36222FE20E2DA7800FAB91E /* RequestExecutor.hpp */,
				B36222FF20E2DA7800FAB91E /* HttpRequestExecutor.cpp */,
			);
			path = client;
			sourceTree = "<group>";
		};
		B36222FA20E2DA7800FAB91E /* macro */ = {
			isa = PBXGroup;
			children = (
				B36222FB20E2DA7800FAB91E /* zzz_macro_define_ApiClient_.hpp */,
				B36222FC20E2DA7800FAB91E /* zzz_macro_undef_ApiClient_.hpp */,
			);
			path = macro;
			sourceTree = "<group>";
		};
		B362230020E2DA7800FAB91E /* network */ = {
			isa = PBXGroup;
			children = (
				B362230120E2DA7800FAB91E /* Connection.hpp */,
				B362230220E2DA7800FAB91E /* virtual_ */,
				B362230720E2DA7800FAB91E /* server */,
				B362230E20E2DA7800FAB91E /* ConnectionProvider.hpp */,
				B362230F20E2DA7800FAB91E /* ConnectionProvider.cpp */,
				B362231020E2DA7800FAB91E /* Connection.cpp */,
				B362231120E2DA7800FAB91E /* client */,
			);
			path = network;
			sourceTree = "<group>";
		};
		B362230220E2DA7800FAB91E /* virtual_ */ = {
			isa = PBXGroup;
			children = (
				B362230320E2DA7800FAB91E /* Pipe.cpp */,
				B362230420E2DA7800FAB91E /* Socket.cpp */,
				B362230520E2DA7800FAB91E /* Socket.hpp */,
				B362230620E2DA7800FAB91E /* Pipe.hpp */,
			);
			path = virtual_;
			sourceTree = "<group>";
		};
		B362230720E2DA7800FAB91E /* server */ = {
			isa = PBXGroup;
			children = (
				B362230820E2DA7800FAB91E /* Server.hpp */,
				B362230920E2DA7800FAB91E /* SimpleTCPConnectionProvider.hpp */,
				B362230A20E2DA7800FAB91E /* ConnectionHandler.hpp */,
				B362230B20E2DA7800FAB91E /* SimpleTCPConnectionProvider.cpp */,
				B362230C20E2DA7800FAB91E /* ConnectionHandler.cpp */,
				B362230D20E2DA7800FAB91E /* Server.cpp */,
			);
			path = server;
			sourceTree = "<group>";
		};
		B362231120E2DA7800FAB91E /* client */ = {
			isa = PBXGroup;
			children = (
				B362231220E2DA7800FAB91E /* SimpleTCPConnectionProvider.hpp */,
				B362231320E2DA7800FAB91E /* SimpleTCPConnectionProvider.cpp */,
			);
			path = client;
			sourceTree = "<group>";
		};
		B362231420E2DA7800FAB91E /* encoding */ = {
			isa = PBXGroup;
			children = (
				B362231520E2DA7800FAB91E /* Unicode.hpp */,
				B362231620E2DA7800FAB91E /* Hex.hpp */,
				B362231720E2DA7800FAB91E /* Hex.cpp */,
				B362231820E2DA7800FAB91E /* Unicode.cpp */,
			);
			path = encoding;
			sourceTree = "<group>";
		};
		B362231920E2DA7800FAB91E /* parser */ = {
			isa = PBXGroup;
			children = (
				B362231A20E2DA7800FAB91E /* json */,
			);
			path = parser;
			sourceTree = "<group>";
		};
		B362231A20E2DA7800FAB91E /* json */ = {
			isa = PBXGroup;
			children = (
				B362231B20E2DA7800FAB91E /* mapping */,
				B362232220E2DA7800FAB91E /* Utils.cpp */,
				B362232320E2DA7800FAB91E /* Utils.hpp */,
			);
			path = json;
			sourceTree = "<group>";
		};
		B362231B20E2DA7800FAB91E /* mapping */ = {
			isa = PBXGroup;
			children = (
				B362231C20E2DA7800FAB91E /* Serializer.hpp */,
				B362231D20E2DA7800FAB91E /* Deserializer.hpp */,
				B362231E20E2DA7800FAB91E /* ObjectMapper.hpp */,
				B362231F20E2DA7800FAB91E /* Deserializer.cpp */,
				B362232020E2DA7800FAB91E /* ObjectMapper.cpp */,
				B362232120E2DA7800FAB91E /* Serializer.cpp */,
			);
			path = mapping;
			sourceTree = "<group>";
		};
		B3F7A7692058233200DA8A39 = {
			isa = PBXGroup;
			children = (
				B362224820E2DA7800FAB91E /* oatpp */,
				B3F7AAD52058293F00DA8A39 /* src */,
				B3F7AAE72058630600DA8A39 /* test */,
				B3F7A7732058233200DA8A39 /* Products */,
			);
			indentWidth = 2;
			sourceTree = "<group>";
			tabWidth = 2;
			wrapsLines = 0;
		};
		B3F7A7732058233200DA8A39 /* Products */ = {
			isa = PBXGroup;
			children = (
				B3F7A7722058233200DA8A39 /* crud */,
			);
			name = Products;
			sourceTree = "<group>";
		};
		B3F7AAD52058293F00DA8A39 /* src */ = {
			isa = PBXGroup;
			children = (
				B3F7AAD92058293F00DA8A39 /* controller */,
				B3F7AADB2058293F00DA8A39 /* db */,
				B3F7AAD62058293F00DA8A39 /* dto */,
				B3F7AAD82058293F00DA8A39 /* Logger.hpp */,
				B3F7AAE02058293F00DA8A39 /* AppComponent.hpp */,
				B3F7AAE12058293F00DA8A39 /* App.cpp */,
			);
			path = src;
			sourceTree = "<group>";
		};
		B3F7AAD62058293F00DA8A39 /* dto */ = {
			isa = PBXGroup;
			children = (
				B3F7AAE520582A9400DA8A39 /* UserDto.hpp */,
			);
			path = dto;
			sourceTree = "<group>";
		};
		B3F7AAD92058293F00DA8A39 /* controller */ = {
			isa = PBXGroup;
			children = (
				B3F7AADA2058293F00DA8A39 /* UserController.hpp */,
			);
			path = controller;
			sourceTree = "<group>";
		};
		B3F7AADB2058293F00DA8A39 /* db */ = {
			isa = PBXGroup;
			children = (
				B3F7AADD2058293F00DA8A39 /* Database.cpp */,
				B3F7AADC2058293F00DA8A39 /* Database.hpp */,
				B3F7AADE2058293F00DA8A39 /* model */,
			);
			path = db;
			sourceTree = "<group>";
		};
		B3F7AADE2058293F00DA8A39 /* model */ = {
			isa = PBXGroup;
			children = (
				B3F7AADF2058293F00DA8A39 /* User.hpp */,
			);
			path = model;
			sourceTree = "<group>";
		};
		B3F7AAE72058630600DA8A39 /* test */ = {
			isa = PBXGroup;
			children = (
				B3F7AAEE205863E400DA8A39 /* ConnectionHandlerLevelTest.cpp */,
				B3F7AAEF205863E400DA8A39 /* ConnectionHandlerLevelTest.hpp */,
				B3F7AAE82058633B00DA8A39 /* ControllerLevelTest.cpp */,
				B3F7AAE92058633B00DA8A39 /* ControllerLevelTest.hpp */,
				B3F7AAEB2058637100DA8A39 /* RouterLevelTest.cpp */,
				B3F7AAEC2058637100DA8A39 /* RouterLevelTest.hpp */,
			);
			path = test;
			sourceTree = "<group>";
		};
/* End PBXGroup section */

/* Begin PBXNativeTarget section */
		B3F7A7712058233200DA8A39 /* crud */ = {
			isa = PBXNativeTarget;
			buildConfigurationList = B3F7A7792058233300DA8A39 /* Build configuration list for PBXNativeTarget "crud" */;
			buildPhases = (
				B3F7A76E2058233200DA8A39 /* Sources */,
				B3F7A76F2058233200DA8A39 /* Frameworks */,
				B3F7A7702058233200DA8A39 /* CopyFiles */,
			);
			buildRules = (
			);
			dependencies = (
			);
			name = crud;
			productName = crud;
			productReference = B3F7A7722058233200DA8A39 /* crud */;
			productType = "com.apple.product-type.tool";
		};
/* End PBXNativeTarget section */

/* Begin PBXProject section */
		B3F7A76A2058233200DA8A39 /* Project object */ = {
			isa = PBXProject;
			attributes = {
				LastUpgradeCheck = 0930;
				ORGANIZATIONNAME = oatpp;
				TargetAttributes = {
					B3F7A7712058233200DA8A39 = {
						CreatedOnToolsVersion = 9.2;
						ProvisioningStyle = Automatic;
					};
				};
			};
			buildConfigurationList = B3F7A76D2058233200DA8A39 /* Build configuration list for PBXProject "crud" */;
			compatibilityVersion = "Xcode 8.0";
			developmentRegion = en;
			hasScannedForEncodings = 0;
			knownRegions = (
				en,
			);
			mainGroup = B3F7A7692058233200DA8A39;
			productRefGroup = B3F7A7732058233200DA8A39 /* Products */;
			projectDirPath = "";
			projectRoot = "";
			targets = (
				B3F7A7712058233200DA8A39 /* crud */,
			);
		};
/* End PBXProject section */

/* Begin PBXSourcesBuildPhase section */
		B3F7A76E2058233200DA8A39 /* Sources */ = {
			isa = PBXSourcesBuildPhase;
			buildActionMask = 2147483647;
			files = (
				B362234120E2DA7800FAB91E /* ObjectPool.cpp in Sources */,
				B3F7AAEA2058633B00DA8A39 /* ControllerLevelTest.cpp in Sources */,
				B362236B20E2DA7800FAB91E /* ConnectionHandler.cpp in Sources */,
				B362237520E2DA7800FAB91E /* Utils.cpp in Sources */,
				B362232820E2DA7800FAB91E /* FastQueue.cpp in Sources */,
				B362232F20E2DA7800FAB91E /* SpinLock.cpp in Sources */,
				B362233020E2DA7800FAB91E /* Thread.cpp in Sources */,
				B362236620E2DA7800FAB91E /* ApiClient.cpp in Sources */,
				B362233920E2DA7800FAB91E /* ChunkedBuffer.cpp in Sources */,
				B362232A20E2DA7800FAB91E /* Processor.cpp in Sources */,
				B362236220E2DA7800FAB91E /* Subscriber.cpp in Sources */,
				B362233620E2DA7800FAB91E /* ObjectMapper.cpp in Sources */,
				B362234B20E2DA7800FAB91E /* Checker.cpp in Sources */,
				B362234E20E2DA7800FAB91E /* Interceptor.cpp in Sources */,
				B362237420E2DA7800FAB91E /* Serializer.cpp in Sources */,
				B362232C20E2DA7800FAB91E /* ConversionUtils.cpp in Sources */,
				B362233520E2DA7800FAB91E /* Type.cpp in Sources */,
				B362236020E2DA7800FAB91E /* Response.cpp in Sources */,
				B362233A20E2DA7800FAB91E /* StreamBufferedProxy.cpp in Sources */,
				B362233120E2DA7800FAB91E /* Library.cpp in Sources */,
				B362235A20E2DA7800FAB91E /* Response.cpp in Sources */,
				B362235E20E2DA7800FAB91E /* Request.cpp in Sources */,
				B362236F20E2DA7800FAB91E /* SimpleTCPConnectionProvider.cpp in Sources */,
				B3F7AAED2058637100DA8A39 /* RouterLevelTest.cpp in Sources */,
				B362236D20E2DA7800FAB91E /* ConnectionProvider.cpp in Sources */,
				B362235520E2DA7800FAB91E /* HttpRouter.cpp in Sources */,
				B362233220E2DA7800FAB91E /* Object.cpp in Sources */,
				B362235120E2DA7800FAB91E /* HttpProcessor.cpp in Sources */,
				B362233720E2DA7800FAB91E /* Delegate.cpp in Sources */,
				B362234820E2DA7800FAB91E /* DTOMapperPerfTest.cpp in Sources */,
				B362237220E2DA7800FAB91E /* Deserializer.cpp in Sources */,
				B362236120E2DA7800FAB91E /* Router.cpp in Sources */,
				B3F7AAE22058293F00DA8A39 /* Database.cpp in Sources */,
				B362232620E2DA7800FAB91E /* Types.cpp in Sources */,
				B362235C20E2DA7800FAB91E /* ResponseFactory.cpp in Sources */,
				B362233D20E2DA7800FAB91E /* Controllable.cpp in Sources */,
				B362235F20E2DA7800FAB91E /* BodyDecoder.cpp in Sources */,
				B362235D20E2DA7800FAB91E /* Http.cpp in Sources */,
				B362234520E2DA7800FAB91E /* MemoryPoolTest.cpp in Sources */,
				B362234D20E2DA7800FAB91E /* ErrorHandler.cpp in Sources */,
				B362233F20E2DA7800FAB91E /* Allocator.cpp in Sources */,
				B362235620E2DA7800FAB91E /* ChunkedBufferBody.cpp in Sources */,
				B362235B20E2DA7800FAB91E /* BufferBody.cpp in Sources */,
				B362236720E2DA7800FAB91E /* HttpRequestExecutor.cpp in Sources */,
				B362235020E2DA7800FAB91E /* HttpError.cpp in Sources */,
				B362234020E2DA7800FAB91E /* MemoryPool.cpp in Sources */,
				B362233320E2DA7800FAB91E /* List.cpp in Sources */,
				B362235920E2DA7800FAB91E /* Body.cpp in Sources */,
				B362237020E2DA7800FAB91E /* Hex.cpp in Sources */,
				B362236920E2DA7800FAB91E /* Socket.cpp in Sources */,
				B362236420E2DA7800FAB91E /* Parser.cpp in Sources */,
				B362234220E2DA7800FAB91E /* StrBuffer.cpp in Sources */,
				B362236320E2DA7800FAB91E /* Pattern.cpp in Sources */,
				B362233820E2DA7800FAB91E /* Stream.cpp in Sources */,
				B3F7AAE32058293F00DA8A39 /* App.cpp in Sources */,
				B362234A20E2DA7800FAB91E /* DTOMapperTest.cpp in Sources */,
				B362232920E2DA7800FAB91E /* ListMap.cpp in Sources */,
				B362234920E2DA7800FAB91E /* DeserializerTest.cpp in Sources */,
				B362235720E2DA7800FAB91E /* Request.cpp in Sources */,
				B362234620E2DA7800FAB91E /* RegRuleTest.cpp in Sources */,
				B362236C20E2DA7800FAB91E /* Server.cpp in Sources */,
				B362232B20E2DA7800FAB91E /* Coroutine.cpp in Sources */,
				B362236E20E2DA7800FAB91E /* Connection.cpp in Sources */,
				B362237320E2DA7800FAB91E /* ObjectMapper.cpp in Sources */,
				B362233C20E2DA7800FAB91E /* FIFOBuffer.cpp in Sources */,
				B362236520E2DA7800FAB91E /* RequestExecutor.cpp in Sources */,
				B362232E20E2DA7800FAB91E /* Runnable.cpp in Sources */,
				B362235820E2DA7800FAB91E /* DtoBody.cpp in Sources */,
				B362232D20E2DA7800FAB91E /* ParsingCaret.cpp in Sources */,
				B3F7AAF0205863E400DA8A39 /* ConnectionHandlerLevelTest.cpp in Sources */,
				B362234420E2DA7800FAB91E /* PerfTest.cpp in Sources */,
				B362234F20E2DA7800FAB91E /* AsyncHttpConnectionHandler.cpp in Sources */,
				B362236A20E2DA7800FAB91E /* SimpleTCPConnectionProvider.cpp in Sources */,
				B362235220E2DA7800FAB91E /* HttpConnectionHandler.cpp in Sources */,
				B362234720E2DA7800FAB91E /* UnicodeTest.cpp in Sources */,
				B362236820E2DA7800FAB91E /* Pipe.cpp in Sources */,
				B362235420E2DA7800FAB91E /* ApiController.cpp in Sources */,
				B362232720E2DA7800FAB91E /* LinkedList.cpp in Sources */,
				B362233E20E2DA7800FAB91E /* Environment.cpp in Sources */,
				B362234320E2DA7800FAB91E /* LinkedListTest.cpp in Sources */,
				B362234C20E2DA7800FAB91E /* UnitTest.cpp in Sources */,
				B362233420E2DA7800FAB91E /* Primitive.cpp in Sources */,
				B362237120E2DA7800FAB91E /* Unicode.cpp in Sources */,
				B362235320E2DA7800FAB91E /* Endpoint.cpp in Sources */,
				B362233B20E2DA7800FAB91E /* IOBuffer.cpp in Sources */,
			);
			runOnlyForDeploymentPostprocessing = 0;
		};
/* End PBXSourcesBuildPhase section */

/* Begin XCBuildConfiguration section */
		B3F7A7772058233300DA8A39 /* Debug */ = {
			isa = XCBuildConfiguration;
			buildSettings = {
				ALWAYS_SEARCH_USER_PATHS = NO;
				CLANG_ANALYZER_NONNULL = YES;
				CLANG_ANALYZER_NUMBER_OBJECT_CONVERSION = YES_AGGRESSIVE;
				CLANG_CXX_LANGUAGE_STANDARD = "gnu++14";
				CLANG_CXX_LIBRARY = "libc++";
				CLANG_ENABLE_MODULES = YES;
				CLANG_ENABLE_OBJC_ARC = YES;
				CLANG_WARN_BLOCK_CAPTURE_AUTORELEASING = YES;
				CLANG_WARN_BOOL_CONVERSION = YES;
				CLANG_WARN_COMMA = YES;
				CLANG_WARN_CONSTANT_CONVERSION = YES;
				CLANG_WARN_DEPRECATED_OBJC_IMPLEMENTATIONS = YES;
				CLANG_WARN_DIRECT_OBJC_ISA_USAGE = YES_ERROR;
				CLANG_WARN_DOCUMENTATION_COMMENTS = YES;
				CLANG_WARN_EMPTY_BODY = YES;
				CLANG_WARN_ENUM_CONVERSION = YES;
				CLANG_WARN_INFINITE_RECURSION = YES;
				CLANG_WARN_INT_CONVERSION = YES;
				CLANG_WARN_NON_LITERAL_NULL_CONVERSION = YES;
				CLANG_WARN_OBJC_IMPLICIT_RETAIN_SELF = YES;
				CLANG_WARN_OBJC_LITERAL_CONVERSION = YES;
				CLANG_WARN_OBJC_ROOT_CLASS = YES_ERROR;
				CLANG_WARN_RANGE_LOOP_ANALYSIS = YES;
				CLANG_WARN_STRICT_PROTOTYPES = YES;
				CLANG_WARN_SUSPICIOUS_MOVE = YES;
				CLANG_WARN_UNGUARDED_AVAILABILITY = YES_AGGRESSIVE;
				CLANG_WARN_UNREACHABLE_CODE = YES;
				CLANG_WARN__DUPLICATE_METHOD_MATCH = YES;
				CODE_SIGN_IDENTITY = "-";
				COPY_PHASE_STRIP = NO;
				DEBUG_INFORMATION_FORMAT = dwarf;
				ENABLE_STRICT_OBJC_MSGSEND = YES;
				ENABLE_TESTABILITY = YES;
				GCC_C_LANGUAGE_STANDARD = gnu11;
				GCC_DYNAMIC_NO_PIC = NO;
				GCC_NO_COMMON_BLOCKS = YES;
				GCC_OPTIMIZATION_LEVEL = 0;
				GCC_PREPROCESSOR_DEFINITIONS = (
					"DEBUG=1",
					"$(inherited)",
				);
				GCC_WARN_64_TO_32_BIT_CONVERSION = YES;
				GCC_WARN_ABOUT_RETURN_TYPE = YES_ERROR;
				GCC_WARN_UNDECLARED_SELECTOR = YES;
				GCC_WARN_UNINITIALIZED_AUTOS = YES_AGGRESSIVE;
				GCC_WARN_UNUSED_FUNCTION = YES;
				GCC_WARN_UNUSED_VARIABLE = YES;
				MACOSX_DEPLOYMENT_TARGET = 10.13;
				MTL_ENABLE_DEBUG_INFO = YES;
				ONLY_ACTIVE_ARCH = YES;
				SDKROOT = macosx;
			};
			name = Debug;
		};
		B3F7A7782058233300DA8A39 /* Release */ = {
			isa = XCBuildConfiguration;
			buildSettings = {
				ALWAYS_SEARCH_USER_PATHS = NO;
				CLANG_ANALYZER_NONNULL = YES;
				CLANG_ANALYZER_NUMBER_OBJECT_CONVERSION = YES_AGGRESSIVE;
				CLANG_CXX_LANGUAGE_STANDARD = "gnu++14";
				CLANG_CXX_LIBRARY = "libc++";
				CLANG_ENABLE_MODULES = YES;
				CLANG_ENABLE_OBJC_ARC = YES;
				CLANG_WARN_BLOCK_CAPTURE_AUTORELEASING = YES;
				CLANG_WARN_BOOL_CONVERSION = YES;
				CLANG_WARN_COMMA = YES;
				CLANG_WARN_CONSTANT_CONVERSION = YES;
				CLANG_WARN_DEPRECATED_OBJC_IMPLEMENTATIONS = YES;
				CLANG_WARN_DIRECT_OBJC_ISA_USAGE = YES_ERROR;
				CLANG_WARN_DOCUMENTATION_COMMENTS = YES;
				CLANG_WARN_EMPTY_BODY = YES;
				CLANG_WARN_ENUM_CONVERSION = YES;
				CLANG_WARN_INFINITE_RECURSION = YES;
				CLANG_WARN_INT_CONVERSION = YES;
				CLANG_WARN_NON_LITERAL_NULL_CONVERSION = YES;
				CLANG_WARN_OBJC_IMPLICIT_RETAIN_SELF = YES;
				CLANG_WARN_OBJC_LITERAL_CONVERSION = YES;
				CLANG_WARN_OBJC_ROOT_CLASS = YES_ERROR;
				CLANG_WARN_RANGE_LOOP_ANALYSIS = YES;
				CLANG_WARN_STRICT_PROTOTYPES = YES;
				CLANG_WARN_SUSPICIOUS_MOVE = YES;
				CLANG_WARN_UNGUARDED_AVAILABILITY = YES_AGGRESSIVE;
				CLANG_WARN_UNREACHABLE_CODE = YES;
				CLANG_WARN__DUPLICATE_METHOD_MATCH = YES;
				CODE_SIGN_IDENTITY = "-";
				COPY_PHASE_STRIP = NO;
				DEBUG_INFORMATION_FORMAT = "dwarf-with-dsym";
				ENABLE_NS_ASSERTIONS = NO;
				ENABLE_STRICT_OBJC_MSGSEND = YES;
				GCC_C_LANGUAGE_STANDARD = gnu11;
				GCC_NO_COMMON_BLOCKS = YES;
				GCC_WARN_64_TO_32_BIT_CONVERSION = YES;
				GCC_WARN_ABOUT_RETURN_TYPE = YES_ERROR;
				GCC_WARN_UNDECLARED_SELECTOR = YES;
				GCC_WARN_UNINITIALIZED_AUTOS = YES_AGGRESSIVE;
				GCC_WARN_UNUSED_FUNCTION = YES;
				GCC_WARN_UNUSED_VARIABLE = YES;
				MACOSX_DEPLOYMENT_TARGET = 10.13;
				MTL_ENABLE_DEBUG_INFO = NO;
				SDKROOT = macosx;
			};
			name = Release;
		};
		B3F7A77A2058233300DA8A39 /* Debug */ = {
			isa = XCBuildConfiguration;
			buildSettings = {
				CODE_SIGN_STYLE = Automatic;
				PRODUCT_NAME = "$(TARGET_NAME)";
				USER_HEADER_SEARCH_PATHS = ../lib/;
			};
			name = Debug;
		};
		B3F7A77B2058233300DA8A39 /* Release */ = {
			isa = XCBuildConfiguration;
			buildSettings = {
				CODE_SIGN_STYLE = Automatic;
				PRODUCT_NAME = "$(TARGET_NAME)";
				USER_HEADER_SEARCH_PATHS = ../lib/;
			};
			name = Release;
		};
/* End XCBuildConfiguration section */

/* Begin XCConfigurationList section */
		B3F7A76D2058233200DA8A39 /* Build configuration list for PBXProject "crud" */ = {
			isa = XCConfigurationList;
			buildConfigurations = (
				B3F7A7772058233300DA8A39 /* Debug */,
				B3F7A7782058233300DA8A39 /* Release */,
			);
			defaultConfigurationIsVisible = 0;
			defaultConfigurationName = Release;
		};
		B3F7A7792058233300DA8A39 /* Build configuration list for PBXNativeTarget "crud" */ = {
			isa = XCConfigurationList;
			buildConfigurations = (
				B3F7A77A2058233300DA8A39 /* Debug */,
				B3F7A77B2058233300DA8A39 /* Release */,
			);
			defaultConfigurationIsVisible = 0;
			defaultConfigurationName = Release;
		};
/* End XCConfigurationList section */
	};
	rootObject = B3F7A76A2058233200DA8A39 /* Project object */;
}
