// !$*UTF8*$!
{
	archiveVersion = 1;
	classes = {
	};
	objectVersion = 48;
	objects = {

/* Begin PBXBuildFile section */
		B32F51B121772FFE00BA0FA8 /* Types.cpp in Sources */ = {isa = PBXBuildFile; fileRef = B32F51B021772FFE00BA0FA8 /* Types.cpp */; };
		B3917470216102A800E6E60F /* Generator.cpp in Sources */ = {isa = PBXBuildFile; fileRef = B3917412216102A800E6E60F /* Generator.cpp */; };
		B3917471216102A800E6E60F /* Resources.cpp in Sources */ = {isa = PBXBuildFile; fileRef = B3917415216102A800E6E60F /* Resources.cpp */; };
		B3BC5DCD2195F56F001C05DF /* Types.cpp in Sources */ = {isa = PBXBuildFile; fileRef = B3BC5CDB2195F56E001C05DF /* Types.cpp */; };
		B3BC5DCE2195F56F001C05DF /* LinkedList.cpp in Sources */ = {isa = PBXBuildFile; fileRef = B3BC5CDD2195F56E001C05DF /* LinkedList.cpp */; };
		B3BC5DCF2195F56F001C05DF /* FastQueue.cpp in Sources */ = {isa = PBXBuildFile; fileRef = B3BC5CDE2195F56E001C05DF /* FastQueue.cpp */; };
		B3BC5DD02195F56F001C05DF /* ListMap.cpp in Sources */ = {isa = PBXBuildFile; fileRef = B3BC5CDF2195F56E001C05DF /* ListMap.cpp */; };
		B3BC5DD12195F56F001C05DF /* Processor.cpp in Sources */ = {isa = PBXBuildFile; fileRef = B3BC5CE42195F56E001C05DF /* Processor.cpp */; };
		B3BC5DD22195F56F001C05DF /* Coroutine.cpp in Sources */ = {isa = PBXBuildFile; fileRef = B3BC5CE52195F56E001C05DF /* Coroutine.cpp */; };
		B3BC5DD32195F56F001C05DF /* ConversionUtils.cpp in Sources */ = {isa = PBXBuildFile; fileRef = B3BC5CEA2195F56E001C05DF /* ConversionUtils.cpp */; };
		B3BC5DD42195F56F001C05DF /* ParsingCaret.cpp in Sources */ = {isa = PBXBuildFile; fileRef = B3BC5CEC2195F56E001C05DF /* ParsingCaret.cpp */; };
		B3BC5DD52195F56F001C05DF /* Runnable.cpp in Sources */ = {isa = PBXBuildFile; fileRef = B3BC5CEF2195F56E001C05DF /* Runnable.cpp */; };
		B3BC5DD62195F56F001C05DF /* SpinLock.cpp in Sources */ = {isa = PBXBuildFile; fileRef = B3BC5CF02195F56E001C05DF /* SpinLock.cpp */; };
		B3BC5DD72195F56F001C05DF /* Thread.cpp in Sources */ = {isa = PBXBuildFile; fileRef = B3BC5CF12195F56E001C05DF /* Thread.cpp */; };
		B3BC5DD82195F56F001C05DF /* Library.cpp in Sources */ = {isa = PBXBuildFile; fileRef = B3BC5CFC2195F56E001C05DF /* Library.cpp */; };
		B3BC5DD92195F56F001C05DF /* Object.cpp in Sources */ = {isa = PBXBuildFile; fileRef = B3BC5D042195F56E001C05DF /* Object.cpp */; };
		B3BC5DDA2195F56F001C05DF /* ListMap.cpp in Sources */ = {isa = PBXBuildFile; fileRef = B3BC5D062195F56E001C05DF /* ListMap.cpp */; };
		B3BC5DDB2195F56F001C05DF /* List.cpp in Sources */ = {isa = PBXBuildFile; fileRef = B3BC5D082195F56E001C05DF /* List.cpp */; };
		B3BC5DDC2195F56F001C05DF /* Primitive.cpp in Sources */ = {isa = PBXBuildFile; fileRef = B3BC5D0A2195F56E001C05DF /* Primitive.cpp */; };
		B3BC5DDD2195F56F001C05DF /* Type.cpp in Sources */ = {isa = PBXBuildFile; fileRef = B3BC5D0B2195F56E001C05DF /* Type.cpp */; };
		B3BC5DDE2195F56F001C05DF /* ObjectMapper.cpp in Sources */ = {isa = PBXBuildFile; fileRef = B3BC5D0C2195F56E001C05DF /* ObjectMapper.cpp */; };
		B3BC5DDF2195F56F001C05DF /* Delegate.cpp in Sources */ = {isa = PBXBuildFile; fileRef = B3BC5D0F2195F56E001C05DF /* Delegate.cpp */; };
		B3BC5DE02195F56F001C05DF /* Stream.cpp in Sources */ = {isa = PBXBuildFile; fileRef = B3BC5D122195F56E001C05DF /* Stream.cpp */; };
		B3BC5DE12195F56F001C05DF /* ChunkedBuffer.cpp in Sources */ = {isa = PBXBuildFile; fileRef = B3BC5D132195F56E001C05DF /* ChunkedBuffer.cpp */; };
		B3BC5DE22195F56F001C05DF /* StreamBufferedProxy.cpp in Sources */ = {isa = PBXBuildFile; fileRef = B3BC5D152195F56E001C05DF /* StreamBufferedProxy.cpp */; };
		B3BC5DE32195F56F001C05DF /* IOBuffer.cpp in Sources */ = {isa = PBXBuildFile; fileRef = B3BC5D172195F56E001C05DF /* IOBuffer.cpp */; };
		B3BC5DE42195F56F001C05DF /* FIFOBuffer.cpp in Sources */ = {isa = PBXBuildFile; fileRef = B3BC5D182195F56E001C05DF /* FIFOBuffer.cpp */; };
		B3BC5DE52195F56F001C05DF /* Controllable.cpp in Sources */ = {isa = PBXBuildFile; fileRef = B3BC5D1C2195F56E001C05DF /* Controllable.cpp */; };
		B3BC5DE62195F56F001C05DF /* Environment.cpp in Sources */ = {isa = PBXBuildFile; fileRef = B3BC5D1F2195F56E001C05DF /* Environment.cpp */; };
		B3BC5DE72195F56F001C05DF /* Allocator.cpp in Sources */ = {isa = PBXBuildFile; fileRef = B3BC5D242195F56E001C05DF /* Allocator.cpp */; };
		B3BC5DE82195F56F001C05DF /* MemoryPool.cpp in Sources */ = {isa = PBXBuildFile; fileRef = B3BC5D252195F56E001C05DF /* MemoryPool.cpp */; };
		B3BC5DE92195F56F001C05DF /* ObjectPool.cpp in Sources */ = {isa = PBXBuildFile; fileRef = B3BC5D262195F56E001C05DF /* ObjectPool.cpp */; };
		B3BC5DEA2195F56F001C05DF /* CommandLineArguments.cpp in Sources */ = {isa = PBXBuildFile; fileRef = B3BC5D292195F56E001C05DF /* CommandLineArguments.cpp */; };
		B3BC5DEB2195F56F001C05DF /* StrBuffer.cpp in Sources */ = {isa = PBXBuildFile; fileRef = B3BC5D2A2195F56E001C05DF /* StrBuffer.cpp */; };
		B3BC5DEC2195F56F001C05DF /* TypeTest.cpp in Sources */ = {isa = PBXBuildFile; fileRef = B3BC5D322195F56E001C05DF /* TypeTest.cpp */; };
		B3BC5DED2195F56F001C05DF /* LinkedListTest.cpp in Sources */ = {isa = PBXBuildFile; fileRef = B3BC5D372195F56E001C05DF /* LinkedListTest.cpp */; };
		B3BC5DEE2195F56F001C05DF /* PerfTest.cpp in Sources */ = {isa = PBXBuildFile; fileRef = B3BC5D3C2195F56E001C05DF /* PerfTest.cpp */; };
		B3BC5DEF2195F56F001C05DF /* MemoryPoolTest.cpp in Sources */ = {isa = PBXBuildFile; fileRef = B3BC5D3D2195F56E001C05DF /* MemoryPoolTest.cpp */; };
		B3BC5DF02195F56F001C05DF /* CommandLineArgumentsTest.cpp in Sources */ = {isa = PBXBuildFile; fileRef = B3BC5D3E2195F56E001C05DF /* CommandLineArgumentsTest.cpp */; };
		B3BC5DF12195F56F001C05DF /* RegRuleTest.cpp in Sources */ = {isa = PBXBuildFile; fileRef = B3BC5D402195F56E001C05DF /* RegRuleTest.cpp */; };
		B3BC5DF22195F56F001C05DF /* UnicodeTest.cpp in Sources */ = {isa = PBXBuildFile; fileRef = B3BC5D432195F56E001C05DF /* UnicodeTest.cpp */; };
		B3BC5DF32195F56F001C05DF /* Base64Test.cpp in Sources */ = {isa = PBXBuildFile; fileRef = B3BC5D452195F56E001C05DF /* Base64Test.cpp */; };
		B3BC5DF42195F56F001C05DF /* DTOMapperPerfTest.cpp in Sources */ = {isa = PBXBuildFile; fileRef = B3BC5D4A2195F56E001C05DF /* DTOMapperPerfTest.cpp */; };
		B3BC5DF52195F56F001C05DF /* DeserializerTest.cpp in Sources */ = {isa = PBXBuildFile; fileRef = B3BC5D4B2195F56E001C05DF /* DeserializerTest.cpp */; };
		B3BC5DF62195F56F001C05DF /* DTOMapperTest.cpp in Sources */ = {isa = PBXBuildFile; fileRef = B3BC5D4D2195F56E001C05DF /* DTOMapperTest.cpp */; };
		B3BC5DF72195F56F001C05DF /* AllTestsMain.cpp in Sources */ = {isa = PBXBuildFile; fileRef = B3BC5D512195F56E001C05DF /* AllTestsMain.cpp */; };
		B3BC5DF82195F56F001C05DF /* Checker.cpp in Sources */ = {isa = PBXBuildFile; fileRef = B3BC5D522195F56E001C05DF /* Checker.cpp */; };
		B3BC5DF92195F56F001C05DF /* UnitTest.cpp in Sources */ = {isa = PBXBuildFile; fileRef = B3BC5D532195F56E001C05DF /* UnitTest.cpp */; };
		B3BC5DFA2195F56F001C05DF /* ErrorHandler.cpp in Sources */ = {isa = PBXBuildFile; fileRef = B3BC5D582195F56E001C05DF /* ErrorHandler.cpp */; };
		B3BC5DFB2195F56F001C05DF /* Interceptor.cpp in Sources */ = {isa = PBXBuildFile; fileRef = B3BC5D592195F56E001C05DF /* Interceptor.cpp */; };
		B3BC5DFC2195F56F001C05DF /* AsyncHttpConnectionHandler.cpp in Sources */ = {isa = PBXBuildFile; fileRef = B3BC5D5B2195F56E001C05DF /* AsyncHttpConnectionHandler.cpp */; };
		B3BC5DFD2195F56F001C05DF /* HttpError.cpp in Sources */ = {isa = PBXBuildFile; fileRef = B3BC5D5D2195F56E001C05DF /* HttpError.cpp */; };
		B3BC5DFE2195F56F001C05DF /* HttpProcessor.cpp in Sources */ = {isa = PBXBuildFile; fileRef = B3BC5D602195F56E001C05DF /* HttpProcessor.cpp */; };
		B3BC5DFF2195F56F001C05DF /* HttpConnectionHandler.cpp in Sources */ = {isa = PBXBuildFile; fileRef = B3BC5D612195F56E001C05DF /* HttpConnectionHandler.cpp */; };
		B3BC5E002195F56F001C05DF /* Endpoint.cpp in Sources */ = {isa = PBXBuildFile; fileRef = B3BC5D642195F56E001C05DF /* Endpoint.cpp */; };
		B3BC5E012195F56F001C05DF /* ApiController.cpp in Sources */ = {isa = PBXBuildFile; fileRef = B3BC5D662195F56E001C05DF /* ApiController.cpp */; };
		B3BC5E022195F56F001C05DF /* HttpRouter.cpp in Sources */ = {isa = PBXBuildFile; fileRef = B3BC5D682195F56E001C05DF /* HttpRouter.cpp */; };
		B3BC5E032195F56F001C05DF /* CommunicationUtils.cpp in Sources */ = {isa = PBXBuildFile; fileRef = B3BC5D6D2195F56E001C05DF /* CommunicationUtils.cpp */; };
		B3BC5E042195F56F001C05DF /* ChunkedBufferBody.cpp in Sources */ = {isa = PBXBuildFile; fileRef = B3BC5D6F2195F56E001C05DF /* ChunkedBufferBody.cpp */; };
		B3BC5E052195F56F001C05DF /* Request.cpp in Sources */ = {isa = PBXBuildFile; fileRef = B3BC5D712195F56E001C05DF /* Request.cpp */; };
		B3BC5E062195F56F001C05DF /* DtoBody.cpp in Sources */ = {isa = PBXBuildFile; fileRef = B3BC5D732195F56E001C05DF /* DtoBody.cpp */; };
		B3BC5E072195F56F001C05DF /* Body.cpp in Sources */ = {isa = PBXBuildFile; fileRef = B3BC5D752195F56E001C05DF /* Body.cpp */; };
		B3BC5E082195F56F001C05DF /* Response.cpp in Sources */ = {isa = PBXBuildFile; fileRef = B3BC5D782195F56E001C05DF /* Response.cpp */; };
		B3BC5E092195F56F001C05DF /* BufferBody.cpp in Sources */ = {isa = PBXBuildFile; fileRef = B3BC5D792195F56E001C05DF /* BufferBody.cpp */; };
		B3BC5E0A2195F56F001C05DF /* ResponseFactory.cpp in Sources */ = {isa = PBXBuildFile; fileRef = B3BC5D7B2195F56E001C05DF /* ResponseFactory.cpp */; };
		B3BC5E0B2195F56F001C05DF /* Http.cpp in Sources */ = {isa = PBXBuildFile; fileRef = B3BC5D7E2195F56E001C05DF /* Http.cpp */; };
		B3BC5E0C2195F56F001C05DF /* Request.cpp in Sources */ = {isa = PBXBuildFile; fileRef = B3BC5D802195F56E001C05DF /* Request.cpp */; };
		B3BC5E0D2195F56F001C05DF /* BodyDecoder.cpp in Sources */ = {isa = PBXBuildFile; fileRef = B3BC5D832195F56E001C05DF /* BodyDecoder.cpp */; };
		B3BC5E0E2195F56F001C05DF /* Response.cpp in Sources */ = {isa = PBXBuildFile; fileRef = B3BC5D852195F56E001C05DF /* Response.cpp */; };
		B3BC5E0F2195F56F001C05DF /* SimpleBodyDecoder.cpp in Sources */ = {isa = PBXBuildFile; fileRef = B3BC5D862195F56E001C05DF /* SimpleBodyDecoder.cpp */; };
		B3BC5E102195F56F001C05DF /* Router.cpp in Sources */ = {isa = PBXBuildFile; fileRef = B3BC5D8A2195F56E001C05DF /* Router.cpp */; };
		B3BC5E112195F56F001C05DF /* Subscriber.cpp in Sources */ = {isa = PBXBuildFile; fileRef = B3BC5D8B2195F56E001C05DF /* Subscriber.cpp */; };
		B3BC5E122195F56F001C05DF /* Pattern.cpp in Sources */ = {isa = PBXBuildFile; fileRef = B3BC5D8F2195F56E001C05DF /* Pattern.cpp */; };
		B3BC5E132195F56F001C05DF /* RequestExecutor.cpp in Sources */ = {isa = PBXBuildFile; fileRef = B3BC5D912195F56E001C05DF /* RequestExecutor.cpp */; };
		B3BC5E142195F56F001C05DF /* ApiClient.cpp in Sources */ = {isa = PBXBuildFile; fileRef = B3BC5D932195F56E001C05DF /* ApiClient.cpp */; };
		B3BC5E152195F56F001C05DF /* HttpRequestExecutor.cpp in Sources */ = {isa = PBXBuildFile; fileRef = B3BC5D962195F56E001C05DF /* HttpRequestExecutor.cpp */; };
		B3BC5E162195F56F001C05DF /* Url.cpp in Sources */ = {isa = PBXBuildFile; fileRef = B3BC5D992195F56E001C05DF /* Url.cpp */; };
		B3BC5E172195F56F001C05DF /* Pipe.cpp in Sources */ = {isa = PBXBuildFile; fileRef = B3BC5D9B2195F56E001C05DF /* Pipe.cpp */; };
		B3BC5E182195F56F001C05DF /* Socket.cpp in Sources */ = {isa = PBXBuildFile; fileRef = B3BC5D9C2195F56E001C05DF /* Socket.cpp */; };
		B3BC5E192195F56F001C05DF /* SimpleTCPConnectionProvider.cpp in Sources */ = {isa = PBXBuildFile; fileRef = B3BC5DA32195F56E001C05DF /* SimpleTCPConnectionProvider.cpp */; };
		B3BC5E1A2195F56F001C05DF /* ConnectionHandler.cpp in Sources */ = {isa = PBXBuildFile; fileRef = B3BC5DA42195F56E001C05DF /* ConnectionHandler.cpp */; };
		B3BC5E1B2195F56F001C05DF /* Server.cpp in Sources */ = {isa = PBXBuildFile; fileRef = B3BC5DA52195F56E001C05DF /* Server.cpp */; };
		B3BC5E1C2195F56F001C05DF /* ConnectionProvider.cpp in Sources */ = {isa = PBXBuildFile; fileRef = B3BC5DA82195F56E001C05DF /* ConnectionProvider.cpp */; };
		B3BC5E1D2195F56F001C05DF /* Connection.cpp in Sources */ = {isa = PBXBuildFile; fileRef = B3BC5DA92195F56E001C05DF /* Connection.cpp */; };
		B3BC5E1E2195F56F001C05DF /* SimpleTCPConnectionProvider.cpp in Sources */ = {isa = PBXBuildFile; fileRef = B3BC5DAC2195F56F001C05DF /* SimpleTCPConnectionProvider.cpp */; };
		B3BC5E1F2195F56F001C05DF /* Base64.cpp in Sources */ = {isa = PBXBuildFile; fileRef = B3BC5DAF2195F56F001C05DF /* Base64.cpp */; };
		B3BC5E202195F56F001C05DF /* Hex.cpp in Sources */ = {isa = PBXBuildFile; fileRef = B3BC5DB12195F56F001C05DF /* Hex.cpp */; };
		B3BC5E212195F56F001C05DF /* Unicode.cpp in Sources */ = {isa = PBXBuildFile; fileRef = B3BC5DB22195F56F001C05DF /* Unicode.cpp */; };
		B3BC5E222195F56F001C05DF /* CRC.cpp in Sources */ = {isa = PBXBuildFile; fileRef = B3BC5DB52195F56F001C05DF /* CRC.cpp */; };
		B3BC5E232195F56F001C05DF /* Deserializer.cpp in Sources */ = {isa = PBXBuildFile; fileRef = B3BC5DBD2195F56F001C05DF /* Deserializer.cpp */; };
		B3BC5E242195F56F001C05DF /* ObjectMapper.cpp in Sources */ = {isa = PBXBuildFile; fileRef = B3BC5DBE2195F56F001C05DF /* ObjectMapper.cpp */; };
		B3BC5E252195F56F001C05DF /* Serializer.cpp in Sources */ = {isa = PBXBuildFile; fileRef = B3BC5DBF2195F56F001C05DF /* Serializer.cpp */; };
		B3BC5E262195F56F001C05DF /* Utils.cpp in Sources */ = {isa = PBXBuildFile; fileRef = B3BC5DC02195F56F001C05DF /* Utils.cpp */; };
		B3F7AAE22058293F00DA8A39 /* Database.cpp in Sources */ = {isa = PBXBuildFile; fileRef = B3F7AADD2058293F00DA8A39 /* Database.cpp */; };
		B3F7AAE32058293F00DA8A39 /* App.cpp in Sources */ = {isa = PBXBuildFile; fileRef = B3F7AAE12058293F00DA8A39 /* App.cpp */; };
		B3F7AAEA2058633B00DA8A39 /* ControllerLevelTest.cpp in Sources */ = {isa = PBXBuildFile; fileRef = B3F7AAE82058633B00DA8A39 /* ControllerLevelTest.cpp */; };
		B3F7AAED2058637100DA8A39 /* RouterLevelTest.cpp in Sources */ = {isa = PBXBuildFile; fileRef = B3F7AAEB2058637100DA8A39 /* RouterLevelTest.cpp */; };
		B3F7AAF0205863E400DA8A39 /* ConnectionHandlerLevelTest.cpp in Sources */ = {isa = PBXBuildFile; fileRef = B3F7AAEE205863E400DA8A39 /* ConnectionHandlerLevelTest.cpp */; };
/* End PBXBuildFile section */

/* Begin PBXCopyFilesBuildPhase section */
		B3F7A7702058233200DA8A39 /* CopyFiles */ = {
			isa = PBXCopyFilesBuildPhase;
			buildActionMask = 2147483647;
			dstPath = /usr/share/man/man1/;
			dstSubfolderSpec = 0;
			files = (
			);
			runOnlyForDeploymentPostprocessing = 1;
		};
/* End PBXCopyFilesBuildPhase section */

/* Begin PBXFileReference section */
		B32F51B021772FFE00BA0FA8 /* Types.cpp */ = {isa = PBXFileReference; lastKnownFileType = sourcecode.cpp.cpp; path = Types.cpp; sourceTree = "<group>"; };
		B3756CF62110FA2C00F49E60 /* SwaggerComponent.hpp */ = {isa = PBXFileReference; lastKnownFileType = sourcecode.cpp.h; path = SwaggerComponent.hpp; sourceTree = "<group>"; };
		B3917402216102A800E6E60F /* Controller.hpp */ = {isa = PBXFileReference; fileEncoding = 4; lastKnownFileType = sourcecode.cpp.h; path = Controller.hpp; sourceTree = "<group>"; };
		B3917404216102A800E6E60F /* favicon-16x16.png */ = {isa = PBXFileReference; lastKnownFileType = image.png; path = "favicon-16x16.png"; sourceTree = "<group>"; };
		B3917405216102A800E6E60F /* index.html */ = {isa = PBXFileReference; fileEncoding = 4; lastKnownFileType = text.html; path = index.html; sourceTree = "<group>"; };
		B3917406216102A800E6E60F /* swagger-ui.js */ = {isa = PBXFileReference; fileEncoding = 4; lastKnownFileType = sourcecode.javascript; path = "swagger-ui.js"; sourceTree = "<group>"; };
		B3917407216102A800E6E60F /* swagger-ui-standalone-preset.js.map */ = {isa = PBXFileReference; fileEncoding = 4; lastKnownFileType = "sourcecode.module-map"; path = "swagger-ui-standalone-preset.js.map"; sourceTree = "<group>"; };
		B3917408216102A800E6E60F /* swagger-ui.css */ = {isa = PBXFileReference; fileEncoding = 4; lastKnownFileType = text.css; path = "swagger-ui.css"; sourceTree = "<group>"; };
		B3917409216102A800E6E60F /* swagger-ui.js.map */ = {isa = PBXFileReference; fileEncoding = 4; lastKnownFileType = "sourcecode.module-map"; path = "swagger-ui.js.map"; sourceTree = "<group>"; };
		B391740A216102A800E6E60F /* swagger-ui-bundle.js */ = {isa = PBXFileReference; fileEncoding = 4; lastKnownFileType = sourcecode.javascript; path = "swagger-ui-bundle.js"; sourceTree = "<group>"; };
		B391740B216102A800E6E60F /* swagger-ui.css.map */ = {isa = PBXFileReference; fileEncoding = 4; lastKnownFileType = "sourcecode.module-map"; path = "swagger-ui.css.map"; sourceTree = "<group>"; };
		B391740C216102A800E6E60F /* swagger-ui-standalone-preset.js */ = {isa = PBXFileReference; fileEncoding = 4; lastKnownFileType = sourcecode.javascript; path = "swagger-ui-standalone-preset.js"; sourceTree = "<group>"; };
		B391740D216102A800E6E60F /* swagger-ui-bundle.js.map */ = {isa = PBXFileReference; fileEncoding = 4; lastKnownFileType = "sourcecode.module-map"; path = "swagger-ui-bundle.js.map"; sourceTree = "<group>"; };
		B391740E216102A800E6E60F /* oauth2-redirect.html */ = {isa = PBXFileReference; fileEncoding = 4; lastKnownFileType = text.html; path = "oauth2-redirect.html"; sourceTree = "<group>"; };
		B391740F216102A800E6E60F /* favicon-32x32.png */ = {isa = PBXFileReference; lastKnownFileType = image.png; path = "favicon-32x32.png"; sourceTree = "<group>"; };
		B3917410216102A800E6E60F /* LICENSE */ = {isa = PBXFileReference; fileEncoding = 4; lastKnownFileType = text; path = LICENSE; sourceTree = "<group>"; };
		B3917412216102A800E6E60F /* Generator.cpp */ = {isa = PBXFileReference; fileEncoding = 4; lastKnownFileType = sourcecode.cpp.cpp; path = Generator.cpp; sourceTree = "<group>"; };
		B3917413216102A800E6E60F /* Model.hpp */ = {isa = PBXFileReference; fileEncoding = 4; lastKnownFileType = sourcecode.cpp.h; path = Model.hpp; sourceTree = "<group>"; };
		B3917414216102A800E6E60F /* Generator.hpp */ = {isa = PBXFileReference; fileEncoding = 4; lastKnownFileType = sourcecode.cpp.h; path = Generator.hpp; sourceTree = "<group>"; };
		B3917415216102A800E6E60F /* Resources.cpp */ = {isa = PBXFileReference; fileEncoding = 4; lastKnownFileType = sourcecode.cpp.cpp; path = Resources.cpp; sourceTree = "<group>"; };
		B3917416216102A800E6E60F /* Model.hpp */ = {isa = PBXFileReference; fileEncoding = 4; lastKnownFileType = sourcecode.cpp.h; path = Model.hpp; sourceTree = "<group>"; };
		B3917417216102A800E6E60F /* README.md */ = {isa = PBXFileReference; fileEncoding = 4; lastKnownFileType = net.daringfireball.markdown; path = README.md; sourceTree = "<group>"; };
		B3917418216102A800E6E60F /* .gitignore */ = {isa = PBXFileReference; fileEncoding = 4; lastKnownFileType = text; path = .gitignore; sourceTree = "<group>"; };
		B3917419216102A800E6E60F /* Resources.hpp */ = {isa = PBXFileReference; fileEncoding = 4; lastKnownFileType = sourcecode.cpp.h; path = Resources.hpp; sourceTree = "<group>"; };
		B391741A216102A800E6E60F /* Types.hpp */ = {isa = PBXFileReference; fileEncoding = 4; lastKnownFileType = sourcecode.cpp.h; path = Types.hpp; sourceTree = "<group>"; };
		B391741B216102A800E6E60F /* AsyncController.hpp */ = {isa = PBXFileReference; fileEncoding = 4; lastKnownFileType = sourcecode.cpp.h; path = AsyncController.hpp; sourceTree = "<group>"; };
		B3BC5CD92195F56E001C05DF /* CMakeLists.txt */ = {isa = PBXFileReference; fileEncoding = 4; lastKnownFileType = text; path = CMakeLists.txt; sourceTree = "<group>"; };
		B3BC5CDB2195F56E001C05DF /* Types.cpp */ = {isa = PBXFileReference; fileEncoding = 4; lastKnownFileType = sourcecode.cpp.cpp; path = Types.cpp; sourceTree = "<group>"; };
		B3BC5CDD2195F56E001C05DF /* LinkedList.cpp */ = {isa = PBXFileReference; fileEncoding = 4; lastKnownFileType = sourcecode.cpp.cpp; path = LinkedList.cpp; sourceTree = "<group>"; };
		B3BC5CDE2195F56E001C05DF /* FastQueue.cpp */ = {isa = PBXFileReference; fileEncoding = 4; lastKnownFileType = sourcecode.cpp.cpp; path = FastQueue.cpp; sourceTree = "<group>"; };
		B3BC5CDF2195F56E001C05DF /* ListMap.cpp */ = {isa = PBXFileReference; fileEncoding = 4; lastKnownFileType = sourcecode.cpp.cpp; path = ListMap.cpp; sourceTree = "<group>"; };
		B3BC5CE02195F56E001C05DF /* FastQueue.hpp */ = {isa = PBXFileReference; fileEncoding = 4; lastKnownFileType = sourcecode.cpp.h; path = FastQueue.hpp; sourceTree = "<group>"; };
		B3BC5CE12195F56E001C05DF /* ListMap.hpp */ = {isa = PBXFileReference; fileEncoding = 4; lastKnownFileType = sourcecode.cpp.h; path = ListMap.hpp; sourceTree = "<group>"; };
		B3BC5CE22195F56E001C05DF /* LinkedList.hpp */ = {isa = PBXFileReference; fileEncoding = 4; lastKnownFileType = sourcecode.cpp.h; path = LinkedList.hpp; sourceTree = "<group>"; };
		B3BC5CE42195F56E001C05DF /* Processor.cpp */ = {isa = PBXFileReference; fileEncoding = 4; lastKnownFileType = sourcecode.cpp.cpp; path = Processor.cpp; sourceTree = "<group>"; };
		B3BC5CE52195F56E001C05DF /* Coroutine.cpp */ = {isa = PBXFileReference; fileEncoding = 4; lastKnownFileType = sourcecode.cpp.cpp; path = Coroutine.cpp; sourceTree = "<group>"; };
		B3BC5CE62195F56E001C05DF /* Processor.hpp */ = {isa = PBXFileReference; fileEncoding = 4; lastKnownFileType = sourcecode.cpp.h; path = Processor.hpp; sourceTree = "<group>"; };
		B3BC5CE72195F56E001C05DF /* Coroutine.hpp */ = {isa = PBXFileReference; fileEncoding = 4; lastKnownFileType = sourcecode.cpp.h; path = Coroutine.hpp; sourceTree = "<group>"; };
		B3BC5CE92195F56E001C05DF /* ConversionUtils.hpp */ = {isa = PBXFileReference; fileEncoding = 4; lastKnownFileType = sourcecode.cpp.h; path = ConversionUtils.hpp; sourceTree = "<group>"; };
		B3BC5CEA2195F56E001C05DF /* ConversionUtils.cpp */ = {isa = PBXFileReference; fileEncoding = 4; lastKnownFileType = sourcecode.cpp.cpp; path = ConversionUtils.cpp; sourceTree = "<group>"; };
		B3BC5CEC2195F56E001C05DF /* ParsingCaret.cpp */ = {isa = PBXFileReference; fileEncoding = 4; lastKnownFileType = sourcecode.cpp.cpp; path = ParsingCaret.cpp; sourceTree = "<group>"; };
		B3BC5CED2195F56E001C05DF /* ParsingCaret.hpp */ = {isa = PBXFileReference; fileEncoding = 4; lastKnownFileType = sourcecode.cpp.h; path = ParsingCaret.hpp; sourceTree = "<group>"; };
		B3BC5CEF2195F56E001C05DF /* Runnable.cpp */ = {isa = PBXFileReference; fileEncoding = 4; lastKnownFileType = sourcecode.cpp.cpp; path = Runnable.cpp; sourceTree = "<group>"; };
		B3BC5CF02195F56E001C05DF /* SpinLock.cpp */ = {isa = PBXFileReference; fileEncoding = 4; lastKnownFileType = sourcecode.cpp.cpp; path = SpinLock.cpp; sourceTree = "<group>"; };
		B3BC5CF12195F56E001C05DF /* Thread.cpp */ = {isa = PBXFileReference; fileEncoding = 4; lastKnownFileType = sourcecode.cpp.cpp; path = Thread.cpp; sourceTree = "<group>"; };
		B3BC5CF22195F56E001C05DF /* Runnable.hpp */ = {isa = PBXFileReference; fileEncoding = 4; lastKnownFileType = sourcecode.cpp.h; path = Runnable.hpp; sourceTree = "<group>"; };
		B3BC5CF32195F56E001C05DF /* SpinLock.hpp */ = {isa = PBXFileReference; fileEncoding = 4; lastKnownFileType = sourcecode.cpp.h; path = SpinLock.hpp; sourceTree = "<group>"; };
		B3BC5CF42195F56E001C05DF /* Thread.hpp */ = {isa = PBXFileReference; fileEncoding = 4; lastKnownFileType = sourcecode.cpp.h; path = Thread.hpp; sourceTree = "<group>"; };
		B3BC5CF62195F56E001C05DF /* codegen.hpp */ = {isa = PBXFileReference; fileEncoding = 4; lastKnownFileType = sourcecode.cpp.h; path = codegen.hpp; sourceTree = "<group>"; };
		B3BC5CF72195F56E001C05DF /* component.hpp */ = {isa = PBXFileReference; fileEncoding = 4; lastKnownFileType = sourcecode.cpp.h; path = component.hpp; sourceTree = "<group>"; };
		B3BC5CF82195F56E001C05DF /* basic.hpp */ = {isa = PBXFileReference; fileEncoding = 4; lastKnownFileType = sourcecode.cpp.h; path = basic.hpp; sourceTree = "<group>"; };
		B3BC5CFB2195F56E001C05DF /* Library.hpp */ = {isa = PBXFileReference; fileEncoding = 4; lastKnownFileType = sourcecode.cpp.h; path = Library.hpp; sourceTree = "<group>"; };
		B3BC5CFC2195F56E001C05DF /* Library.cpp */ = {isa = PBXFileReference; fileEncoding = 4; lastKnownFileType = sourcecode.cpp.cpp; path = Library.cpp; sourceTree = "<group>"; };
		B3BC5CFD2195F56E001C05DF /* Types.hpp */ = {isa = PBXFileReference; fileEncoding = 4; lastKnownFileType = sourcecode.cpp.h; path = Types.hpp; sourceTree = "<group>"; };
		B3BC5D002195F56E001C05DF /* ObjectMapper.hpp */ = {isa = PBXFileReference; fileEncoding = 4; lastKnownFileType = sourcecode.cpp.h; path = ObjectMapper.hpp; sourceTree = "<group>"; };
		B3BC5D022195F56E001C05DF /* Primitive.hpp */ = {isa = PBXFileReference; fileEncoding = 4; lastKnownFileType = sourcecode.cpp.h; path = Primitive.hpp; sourceTree = "<group>"; };
		B3BC5D032195F56E001C05DF /* Type.hpp */ = {isa = PBXFileReference; fileEncoding = 4; lastKnownFileType = sourcecode.cpp.h; path = Type.hpp; sourceTree = "<group>"; };
		B3BC5D042195F56E001C05DF /* Object.cpp */ = {isa = PBXFileReference; fileEncoding = 4; lastKnownFileType = sourcecode.cpp.cpp; path = Object.cpp; sourceTree = "<group>"; };
		B3BC5D052195F56E001C05DF /* List.hpp */ = {isa = PBXFileReference; fileEncoding = 4; lastKnownFileType = sourcecode.cpp.h; path = List.hpp; sourceTree = "<group>"; };
		B3BC5D062195F56E001C05DF /* ListMap.cpp */ = {isa = PBXFileReference; fileEncoding = 4; lastKnownFileType = sourcecode.cpp.cpp; path = ListMap.cpp; sourceTree = "<group>"; };
		B3BC5D072195F56E001C05DF /* Object.hpp */ = {isa = PBXFileReference; fileEncoding = 4; lastKnownFileType = sourcecode.cpp.h; path = Object.hpp; sourceTree = "<group>"; };
		B3BC5D082195F56E001C05DF /* List.cpp */ = {isa = PBXFileReference; fileEncoding = 4; lastKnownFileType = sourcecode.cpp.cpp; path = List.cpp; sourceTree = "<group>"; };
		B3BC5D092195F56E001C05DF /* ListMap.hpp */ = {isa = PBXFileReference; fileEncoding = 4; lastKnownFileType = sourcecode.cpp.h; path = ListMap.hpp; sourceTree = "<group>"; };
		B3BC5D0A2195F56E001C05DF /* Primitive.cpp */ = {isa = PBXFileReference; fileEncoding = 4; lastKnownFileType = sourcecode.cpp.cpp; path = Primitive.cpp; sourceTree = "<group>"; };
		B3BC5D0B2195F56E001C05DF /* Type.cpp */ = {isa = PBXFileReference; fileEncoding = 4; lastKnownFileType = sourcecode.cpp.cpp; path = Type.cpp; sourceTree = "<group>"; };
		B3BC5D0C2195F56E001C05DF /* ObjectMapper.cpp */ = {isa = PBXFileReference; fileEncoding = 4; lastKnownFileType = sourcecode.cpp.cpp; path = ObjectMapper.cpp; sourceTree = "<group>"; };
		B3BC5D0E2195F56E001C05DF /* ChunkedBuffer.hpp */ = {isa = PBXFileReference; fileEncoding = 4; lastKnownFileType = sourcecode.cpp.h; path = ChunkedBuffer.hpp; sourceTree = "<group>"; };
		B3BC5D0F2195F56E001C05DF /* Delegate.cpp */ = {isa = PBXFileReference; fileEncoding = 4; lastKnownFileType = sourcecode.cpp.cpp; path = Delegate.cpp; sourceTree = "<group>"; };
		B3BC5D102195F56E001C05DF /* StreamBufferedProxy.hpp */ = {isa = PBXFileReference; fileEncoding = 4; lastKnownFileType = sourcecode.cpp.h; path = StreamBufferedProxy.hpp; sourceTree = "<group>"; };
		B3BC5D112195F56E001C05DF /* Stream.hpp */ = {isa = PBXFileReference; fileEncoding = 4; lastKnownFileType = sourcecode.cpp.h; path = Stream.hpp; sourceTree = "<group>"; };
		B3BC5D122195F56E001C05DF /* Stream.cpp */ = {isa = PBXFileReference; fileEncoding = 4; lastKnownFileType = sourcecode.cpp.cpp; path = Stream.cpp; sourceTree = "<group>"; };
		B3BC5D132195F56E001C05DF /* ChunkedBuffer.cpp */ = {isa = PBXFileReference; fileEncoding = 4; lastKnownFileType = sourcecode.cpp.cpp; path = ChunkedBuffer.cpp; sourceTree = "<group>"; };
		B3BC5D142195F56E001C05DF /* Delegate.hpp */ = {isa = PBXFileReference; fileEncoding = 4; lastKnownFileType = sourcecode.cpp.h; path = Delegate.hpp; sourceTree = "<group>"; };
		B3BC5D152195F56E001C05DF /* StreamBufferedProxy.cpp */ = {isa = PBXFileReference; fileEncoding = 4; lastKnownFileType = sourcecode.cpp.cpp; path = StreamBufferedProxy.cpp; sourceTree = "<group>"; };
		B3BC5D172195F56E001C05DF /* IOBuffer.cpp */ = {isa = PBXFileReference; fileEncoding = 4; lastKnownFileType = sourcecode.cpp.cpp; path = IOBuffer.cpp; sourceTree = "<group>"; };
		B3BC5D182195F56E001C05DF /* FIFOBuffer.cpp */ = {isa = PBXFileReference; fileEncoding = 4; lastKnownFileType = sourcecode.cpp.cpp; path = FIFOBuffer.cpp; sourceTree = "<group>"; };
		B3BC5D192195F56E001C05DF /* FIFOBuffer.hpp */ = {isa = PBXFileReference; fileEncoding = 4; lastKnownFileType = sourcecode.cpp.h; path = FIFOBuffer.hpp; sourceTree = "<group>"; };
		B3BC5D1A2195F56E001C05DF /* IOBuffer.hpp */ = {isa = PBXFileReference; fileEncoding = 4; lastKnownFileType = sourcecode.cpp.h; path = IOBuffer.hpp; sourceTree = "<group>"; };
		B3BC5D1C2195F56E001C05DF /* Controllable.cpp */ = {isa = PBXFileReference; fileEncoding = 4; lastKnownFileType = sourcecode.cpp.cpp; path = Controllable.cpp; sourceTree = "<group>"; };
		B3BC5D1D2195F56E001C05DF /* CommandLineArguments.hpp */ = {isa = PBXFileReference; fileEncoding = 4; lastKnownFileType = sourcecode.cpp.h; path = CommandLineArguments.hpp; sourceTree = "<group>"; };
		B3BC5D1E2195F56E001C05DF /* StrBuffer.hpp */ = {isa = PBXFileReference; fileEncoding = 4; lastKnownFileType = sourcecode.cpp.h; path = StrBuffer.hpp; sourceTree = "<group>"; };
		B3BC5D1F2195F56E001C05DF /* Environment.cpp */ = {isa = PBXFileReference; fileEncoding = 4; lastKnownFileType = sourcecode.cpp.cpp; path = Environment.cpp; sourceTree = "<group>"; };
		B3BC5D212195F56E001C05DF /* MemoryPool.hpp */ = {isa = PBXFileReference; fileEncoding = 4; lastKnownFileType = sourcecode.cpp.h; path = MemoryPool.hpp; sourceTree = "<group>"; };
		B3BC5D222195F56E001C05DF /* ObjectPool.hpp */ = {isa = PBXFileReference; fileEncoding = 4; lastKnownFileType = sourcecode.cpp.h; path = ObjectPool.hpp; sourceTree = "<group>"; };
		B3BC5D232195F56E001C05DF /* Allocator.hpp */ = {isa = PBXFileReference; fileEncoding = 4; lastKnownFileType = sourcecode.cpp.h; path = Allocator.hpp; sourceTree = "<group>"; };
		B3BC5D242195F56E001C05DF /* Allocator.cpp */ = {isa = PBXFileReference; fileEncoding = 4; lastKnownFileType = sourcecode.cpp.cpp; path = Allocator.cpp; sourceTree = "<group>"; };
		B3BC5D252195F56E001C05DF /* MemoryPool.cpp */ = {isa = PBXFileReference; fileEncoding = 4; lastKnownFileType = sourcecode.cpp.cpp; path = MemoryPool.cpp; sourceTree = "<group>"; };
		B3BC5D262195F56E001C05DF /* ObjectPool.cpp */ = {isa = PBXFileReference; fileEncoding = 4; lastKnownFileType = sourcecode.cpp.cpp; path = ObjectPool.cpp; sourceTree = "<group>"; };
		B3BC5D272195F56E001C05DF /* Config.hpp */ = {isa = PBXFileReference; fileEncoding = 4; lastKnownFileType = sourcecode.cpp.h; path = Config.hpp; sourceTree = "<group>"; };
		B3BC5D282195F56E001C05DF /* Controllable.hpp */ = {isa = PBXFileReference; fileEncoding = 4; lastKnownFileType = sourcecode.cpp.h; path = Controllable.hpp; sourceTree = "<group>"; };
		B3BC5D292195F56E001C05DF /* CommandLineArguments.cpp */ = {isa = PBXFileReference; fileEncoding = 4; lastKnownFileType = sourcecode.cpp.cpp; path = CommandLineArguments.cpp; sourceTree = "<group>"; };
		B3BC5D2A2195F56E001C05DF /* StrBuffer.cpp */ = {isa = PBXFileReference; fileEncoding = 4; lastKnownFileType = sourcecode.cpp.cpp; path = StrBuffer.cpp; sourceTree = "<group>"; };
		B3BC5D2B2195F56E001C05DF /* Environment.hpp */ = {isa = PBXFileReference; fileEncoding = 4; lastKnownFileType = sourcecode.cpp.h; path = Environment.hpp; sourceTree = "<group>"; };
		B3BC5D2C2195F56E001C05DF /* LICENSE */ = {isa = PBXFileReference; fileEncoding = 4; lastKnownFileType = text; path = LICENSE; sourceTree = "<group>"; };
		B3BC5D322195F56E001C05DF /* TypeTest.cpp */ = {isa = PBXFileReference; fileEncoding = 4; lastKnownFileType = sourcecode.cpp.cpp; path = TypeTest.cpp; sourceTree = "<group>"; };
		B3BC5D332195F56E001C05DF /* TypeTest.hpp */ = {isa = PBXFileReference; fileEncoding = 4; lastKnownFileType = sourcecode.cpp.h; path = TypeTest.hpp; sourceTree = "<group>"; };
		B3BC5D352195F56E001C05DF /* RegRuleTest.hpp */ = {isa = PBXFileReference; fileEncoding = 4; lastKnownFileType = sourcecode.cpp.h; path = RegRuleTest.hpp; sourceTree = "<group>"; };
		B3BC5D372195F56E001C05DF /* LinkedListTest.cpp */ = {isa = PBXFileReference; fileEncoding = 4; lastKnownFileType = sourcecode.cpp.cpp; path = LinkedListTest.cpp; sourceTree = "<group>"; };
		B3BC5D382195F56E001C05DF /* LinkedListTest.hpp */ = {isa = PBXFileReference; fileEncoding = 4; lastKnownFileType = sourcecode.cpp.h; path = LinkedListTest.hpp; sourceTree = "<group>"; };
		B3BC5D3A2195F56E001C05DF /* MemoryPoolTest.hpp */ = {isa = PBXFileReference; fileEncoding = 4; lastKnownFileType = sourcecode.cpp.h; path = MemoryPoolTest.hpp; sourceTree = "<group>"; };
		B3BC5D3B2195F56E001C05DF /* PerfTest.hpp */ = {isa = PBXFileReference; fileEncoding = 4; lastKnownFileType = sourcecode.cpp.h; path = PerfTest.hpp; sourceTree = "<group>"; };
		B3BC5D3C2195F56E001C05DF /* PerfTest.cpp */ = {isa = PBXFileReference; fileEncoding = 4; lastKnownFileType = sourcecode.cpp.cpp; path = PerfTest.cpp; sourceTree = "<group>"; };
		B3BC5D3D2195F56E001C05DF /* MemoryPoolTest.cpp */ = {isa = PBXFileReference; fileEncoding = 4; lastKnownFileType = sourcecode.cpp.cpp; path = MemoryPoolTest.cpp; sourceTree = "<group>"; };
		B3BC5D3E2195F56E001C05DF /* CommandLineArgumentsTest.cpp */ = {isa = PBXFileReference; fileEncoding = 4; lastKnownFileType = sourcecode.cpp.cpp; path = CommandLineArgumentsTest.cpp; sourceTree = "<group>"; };
		B3BC5D3F2195F56E001C05DF /* CommandLineArgumentsTest.hpp */ = {isa = PBXFileReference; fileEncoding = 4; lastKnownFileType = sourcecode.cpp.h; path = CommandLineArgumentsTest.hpp; sourceTree = "<group>"; };
		B3BC5D402195F56E001C05DF /* RegRuleTest.cpp */ = {isa = PBXFileReference; fileEncoding = 4; lastKnownFileType = sourcecode.cpp.cpp; path = RegRuleTest.cpp; sourceTree = "<group>"; };
		B3BC5D412195F56E001C05DF /* UnitTest.hpp */ = {isa = PBXFileReference; fileEncoding = 4; lastKnownFileType = sourcecode.cpp.h; path = UnitTest.hpp; sourceTree = "<group>"; };
		B3BC5D432195F56E001C05DF /* UnicodeTest.cpp */ = {isa = PBXFileReference; fileEncoding = 4; lastKnownFileType = sourcecode.cpp.cpp; path = UnicodeTest.cpp; sourceTree = "<group>"; };
		B3BC5D442195F56E001C05DF /* Base64Test.hpp */ = {isa = PBXFileReference; fileEncoding = 4; lastKnownFileType = sourcecode.cpp.h; path = Base64Test.hpp; sourceTree = "<group>"; };
		B3BC5D452195F56E001C05DF /* Base64Test.cpp */ = {isa = PBXFileReference; fileEncoding = 4; lastKnownFileType = sourcecode.cpp.cpp; path = Base64Test.cpp; sourceTree = "<group>"; };
		B3BC5D462195F56E001C05DF /* UnicodeTest.hpp */ = {isa = PBXFileReference; fileEncoding = 4; lastKnownFileType = sourcecode.cpp.h; path = UnicodeTest.hpp; sourceTree = "<group>"; };
		B3BC5D4A2195F56E001C05DF /* DTOMapperPerfTest.cpp */ = {isa = PBXFileReference; fileEncoding = 4; lastKnownFileType = sourcecode.cpp.cpp; path = DTOMapperPerfTest.cpp; sourceTree = "<group>"; };
		B3BC5D4B2195F56E001C05DF /* DeserializerTest.cpp */ = {isa = PBXFileReference; fileEncoding = 4; lastKnownFileType = sourcecode.cpp.cpp; path = DeserializerTest.cpp; sourceTree = "<group>"; };
		B3BC5D4C2195F56E001C05DF /* DTOMapperTest.hpp */ = {isa = PBXFileReference; fileEncoding = 4; lastKnownFileType = sourcecode.cpp.h; path = DTOMapperTest.hpp; sourceTree = "<group>"; };
		B3BC5D4D2195F56E001C05DF /* DTOMapperTest.cpp */ = {isa = PBXFileReference; fileEncoding = 4; lastKnownFileType = sourcecode.cpp.cpp; path = DTOMapperTest.cpp; sourceTree = "<group>"; };
		B3BC5D4E2195F56E001C05DF /* DTOMapperPerfTest.hpp */ = {isa = PBXFileReference; fileEncoding = 4; lastKnownFileType = sourcecode.cpp.h; path = DTOMapperPerfTest.hpp; sourceTree = "<group>"; };
		B3BC5D4F2195F56E001C05DF /* DeserializerTest.hpp */ = {isa = PBXFileReference; fileEncoding = 4; lastKnownFileType = sourcecode.cpp.h; path = DeserializerTest.hpp; sourceTree = "<group>"; };
		B3BC5D502195F56E001C05DF /* Checker.hpp */ = {isa = PBXFileReference; fileEncoding = 4; lastKnownFileType = sourcecode.cpp.h; path = Checker.hpp; sourceTree = "<group>"; };
		B3BC5D512195F56E001C05DF /* AllTestsMain.cpp */ = {isa = PBXFileReference; fileEncoding = 4; lastKnownFileType = sourcecode.cpp.cpp; path = AllTestsMain.cpp; sourceTree = "<group>"; };
		B3BC5D522195F56E001C05DF /* Checker.cpp */ = {isa = PBXFileReference; fileEncoding = 4; lastKnownFileType = sourcecode.cpp.cpp; path = Checker.cpp; sourceTree = "<group>"; };
		B3BC5D532195F56E001C05DF /* UnitTest.cpp */ = {isa = PBXFileReference; fileEncoding = 4; lastKnownFileType = sourcecode.cpp.cpp; path = UnitTest.cpp; sourceTree = "<group>"; };
		B3BC5D572195F56E001C05DF /* Interceptor.hpp */ = {isa = PBXFileReference; fileEncoding = 4; lastKnownFileType = sourcecode.cpp.h; path = Interceptor.hpp; sourceTree = "<group>"; };
		B3BC5D582195F56E001C05DF /* ErrorHandler.cpp */ = {isa = PBXFileReference; fileEncoding = 4; lastKnownFileType = sourcecode.cpp.cpp; path = ErrorHandler.cpp; sourceTree = "<group>"; };
		B3BC5D592195F56E001C05DF /* Interceptor.cpp */ = {isa = PBXFileReference; fileEncoding = 4; lastKnownFileType = sourcecode.cpp.cpp; path = Interceptor.cpp; sourceTree = "<group>"; };
		B3BC5D5A2195F56E001C05DF /* ErrorHandler.hpp */ = {isa = PBXFileReference; fileEncoding = 4; lastKnownFileType = sourcecode.cpp.h; path = ErrorHandler.hpp; sourceTree = "<group>"; };
		B3BC5D5B2195F56E001C05DF /* AsyncHttpConnectionHandler.cpp */ = {isa = PBXFileReference; fileEncoding = 4; lastKnownFileType = sourcecode.cpp.cpp; path = AsyncHttpConnectionHandler.cpp; sourceTree = "<group>"; };
		B3BC5D5C2195F56E001C05DF /* HttpRouter.hpp */ = {isa = PBXFileReference; fileEncoding = 4; lastKnownFileType = sourcecode.cpp.h; path = HttpRouter.hpp; sourceTree = "<group>"; };
		B3BC5D5D2195F56E001C05DF /* HttpError.cpp */ = {isa = PBXFileReference; fileEncoding = 4; lastKnownFileType = sourcecode.cpp.cpp; path = HttpError.cpp; sourceTree = "<group>"; };
		B3BC5D5E2195F56E001C05DF /* HttpProcessor.hpp */ = {isa = PBXFileReference; fileEncoding = 4; lastKnownFileType = sourcecode.cpp.h; path = HttpProcessor.hpp; sourceTree = "<group>"; };
		B3BC5D5F2195F56E001C05DF /* HttpConnectionHandler.hpp */ = {isa = PBXFileReference; fileEncoding = 4; lastKnownFileType = sourcecode.cpp.h; path = HttpConnectionHandler.hpp; sourceTree = "<group>"; };
		B3BC5D602195F56E001C05DF /* HttpProcessor.cpp */ = {isa = PBXFileReference; fileEncoding = 4; lastKnownFileType = sourcecode.cpp.cpp; path = HttpProcessor.cpp; sourceTree = "<group>"; };
		B3BC5D612195F56E001C05DF /* HttpConnectionHandler.cpp */ = {isa = PBXFileReference; fileEncoding = 4; lastKnownFileType = sourcecode.cpp.cpp; path = HttpConnectionHandler.cpp; sourceTree = "<group>"; };
		B3BC5D632195F56E001C05DF /* ApiController.hpp */ = {isa = PBXFileReference; fileEncoding = 4; lastKnownFileType = sourcecode.cpp.h; path = ApiController.hpp; sourceTree = "<group>"; };
		B3BC5D642195F56E001C05DF /* Endpoint.cpp */ = {isa = PBXFileReference; fileEncoding = 4; lastKnownFileType = sourcecode.cpp.cpp; path = Endpoint.cpp; sourceTree = "<group>"; };
		B3BC5D652195F56E001C05DF /* Endpoint.hpp */ = {isa = PBXFileReference; fileEncoding = 4; lastKnownFileType = sourcecode.cpp.h; path = Endpoint.hpp; sourceTree = "<group>"; };
		B3BC5D662195F56E001C05DF /* ApiController.cpp */ = {isa = PBXFileReference; fileEncoding = 4; lastKnownFileType = sourcecode.cpp.cpp; path = ApiController.cpp; sourceTree = "<group>"; };
		B3BC5D672195F56E001C05DF /* AsyncHttpConnectionHandler.hpp */ = {isa = PBXFileReference; fileEncoding = 4; lastKnownFileType = sourcecode.cpp.h; path = AsyncHttpConnectionHandler.hpp; sourceTree = "<group>"; };
		B3BC5D682195F56E001C05DF /* HttpRouter.cpp */ = {isa = PBXFileReference; fileEncoding = 4; lastKnownFileType = sourcecode.cpp.cpp; path = HttpRouter.cpp; sourceTree = "<group>"; };
		B3BC5D692195F56E001C05DF /* HttpError.hpp */ = {isa = PBXFileReference; fileEncoding = 4; lastKnownFileType = sourcecode.cpp.h; path = HttpError.hpp; sourceTree = "<group>"; };
		B3BC5D6D2195F56E001C05DF /* CommunicationUtils.cpp */ = {isa = PBXFileReference; fileEncoding = 4; lastKnownFileType = sourcecode.cpp.cpp; path = CommunicationUtils.cpp; sourceTree = "<group>"; };
		B3BC5D6E2195F56E001C05DF /* ResponseFactory.hpp */ = {isa = PBXFileReference; fileEncoding = 4; lastKnownFileType = sourcecode.cpp.h; path = ResponseFactory.hpp; sourceTree = "<group>"; };
		B3BC5D6F2195F56E001C05DF /* ChunkedBufferBody.cpp */ = {isa = PBXFileReference; fileEncoding = 4; lastKnownFileType = sourcecode.cpp.cpp; path = ChunkedBufferBody.cpp; sourceTree = "<group>"; };
		B3BC5D702195F56E001C05DF /* Body.hpp */ = {isa = PBXFileReference; fileEncoding = 4; lastKnownFileType = sourcecode.cpp.h; path = Body.hpp; sourceTree = "<group>"; };
		B3BC5D712195F56E001C05DF /* Request.cpp */ = {isa = PBXFileReference; fileEncoding = 4; lastKnownFileType = sourcecode.cpp.cpp; path = Request.cpp; sourceTree = "<group>"; };
		B3BC5D722195F56E001C05DF /* Response.hpp */ = {isa = PBXFileReference; fileEncoding = 4; lastKnownFileType = sourcecode.cpp.h; path = Response.hpp; sourceTree = "<group>"; };
		B3BC5D732195F56E001C05DF /* DtoBody.cpp */ = {isa = PBXFileReference; fileEncoding = 4; lastKnownFileType = sourcecode.cpp.cpp; path = DtoBody.cpp; sourceTree = "<group>"; };
		B3BC5D742195F56E001C05DF /* BufferBody.hpp */ = {isa = PBXFileReference; fileEncoding = 4; lastKnownFileType = sourcecode.cpp.h; path = BufferBody.hpp; sourceTree = "<group>"; };
		B3BC5D752195F56E001C05DF /* Body.cpp */ = {isa = PBXFileReference; fileEncoding = 4; lastKnownFileType = sourcecode.cpp.cpp; path = Body.cpp; sourceTree = "<group>"; };
		B3BC5D762195F56E001C05DF /* Request.hpp */ = {isa = PBXFileReference; fileEncoding = 4; lastKnownFileType = sourcecode.cpp.h; path = Request.hpp; sourceTree = "<group>"; };
		B3BC5D772195F56E001C05DF /* DtoBody.hpp */ = {isa = PBXFileReference; fileEncoding = 4; lastKnownFileType = sourcecode.cpp.h; path = DtoBody.hpp; sourceTree = "<group>"; };
		B3BC5D782195F56E001C05DF /* Response.cpp */ = {isa = PBXFileReference; fileEncoding = 4; lastKnownFileType = sourcecode.cpp.cpp; path = Response.cpp; sourceTree = "<group>"; };
		B3BC5D792195F56E001C05DF /* BufferBody.cpp */ = {isa = PBXFileReference; fileEncoding = 4; lastKnownFileType = sourcecode.cpp.cpp; path = BufferBody.cpp; sourceTree = "<group>"; };
		B3BC5D7A2195F56E001C05DF /* CommunicationUtils.hpp */ = {isa = PBXFileReference; fileEncoding = 4; lastKnownFileType = sourcecode.cpp.h; path = CommunicationUtils.hpp; sourceTree = "<group>"; };
		B3BC5D7B2195F56E001C05DF /* ResponseFactory.cpp */ = {isa = PBXFileReference; fileEncoding = 4; lastKnownFileType = sourcecode.cpp.cpp; path = ResponseFactory.cpp; sourceTree = "<group>"; };
		B3BC5D7C2195F56E001C05DF /* ChunkedBufferBody.hpp */ = {isa = PBXFileReference; fileEncoding = 4; lastKnownFileType = sourcecode.cpp.h; path = ChunkedBufferBody.hpp; sourceTree = "<group>"; };
		B3BC5D7D2195F56E001C05DF /* Http.hpp */ = {isa = PBXFileReference; fileEncoding = 4; lastKnownFileType = sourcecode.cpp.h; path = Http.hpp; sourceTree = "<group>"; };
		B3BC5D7E2195F56E001C05DF /* Http.cpp */ = {isa = PBXFileReference; fileEncoding = 4; lastKnownFileType = sourcecode.cpp.cpp; path = Http.cpp; sourceTree = "<group>"; };
		B3BC5D802195F56E001C05DF /* Request.cpp */ = {isa = PBXFileReference; fileEncoding = 4; lastKnownFileType = sourcecode.cpp.cpp; path = Request.cpp; sourceTree = "<group>"; };
		B3BC5D812195F56E001C05DF /* Response.hpp */ = {isa = PBXFileReference; fileEncoding = 4; lastKnownFileType = sourcecode.cpp.h; path = Response.hpp; sourceTree = "<group>"; };
		B3BC5D822195F56E001C05DF /* SimpleBodyDecoder.hpp */ = {isa = PBXFileReference; fileEncoding = 4; lastKnownFileType = sourcecode.cpp.h; path = SimpleBodyDecoder.hpp; sourceTree = "<group>"; };
		B3BC5D832195F56E001C05DF /* BodyDecoder.cpp */ = {isa = PBXFileReference; fileEncoding = 4; lastKnownFileType = sourcecode.cpp.cpp; path = BodyDecoder.cpp; sourceTree = "<group>"; };
		B3BC5D842195F56E001C05DF /* Request.hpp */ = {isa = PBXFileReference; fileEncoding = 4; lastKnownFileType = sourcecode.cpp.h; path = Request.hpp; sourceTree = "<group>"; };
		B3BC5D852195F56E001C05DF /* Response.cpp */ = {isa = PBXFileReference; fileEncoding = 4; lastKnownFileType = sourcecode.cpp.cpp; path = Response.cpp; sourceTree = "<group>"; };
		B3BC5D862195F56E001C05DF /* SimpleBodyDecoder.cpp */ = {isa = PBXFileReference; fileEncoding = 4; lastKnownFileType = sourcecode.cpp.cpp; path = SimpleBodyDecoder.cpp; sourceTree = "<group>"; };
		B3BC5D872195F56E001C05DF /* BodyDecoder.hpp */ = {isa = PBXFileReference; fileEncoding = 4; lastKnownFileType = sourcecode.cpp.h; path = BodyDecoder.hpp; sourceTree = "<group>"; };
		B3BC5D8A2195F56E001C05DF /* Router.cpp */ = {isa = PBXFileReference; fileEncoding = 4; lastKnownFileType = sourcecode.cpp.cpp; path = Router.cpp; sourceTree = "<group>"; };
		B3BC5D8B2195F56E001C05DF /* Subscriber.cpp */ = {isa = PBXFileReference; fileEncoding = 4; lastKnownFileType = sourcecode.cpp.cpp; path = Subscriber.cpp; sourceTree = "<group>"; };
		B3BC5D8C2195F56E001C05DF /* Pattern.hpp */ = {isa = PBXFileReference; fileEncoding = 4; lastKnownFileType = sourcecode.cpp.h; path = Pattern.hpp; sourceTree = "<group>"; };
		B3BC5D8D2195F56E001C05DF /* Router.hpp */ = {isa = PBXFileReference; fileEncoding = 4; lastKnownFileType = sourcecode.cpp.h; path = Router.hpp; sourceTree = "<group>"; };
		B3BC5D8E2195F56E001C05DF /* Subscriber.hpp */ = {isa = PBXFileReference; fileEncoding = 4; lastKnownFileType = sourcecode.cpp.h; path = Subscriber.hpp; sourceTree = "<group>"; };
		B3BC5D8F2195F56E001C05DF /* Pattern.cpp */ = {isa = PBXFileReference; fileEncoding = 4; lastKnownFileType = sourcecode.cpp.cpp; path = Pattern.cpp; sourceTree = "<group>"; };
		B3BC5D912195F56E001C05DF /* RequestExecutor.cpp */ = {isa = PBXFileReference; fileEncoding = 4; lastKnownFileType = sourcecode.cpp.cpp; path = RequestExecutor.cpp; sourceTree = "<group>"; };
		B3BC5D922195F56E001C05DF /* HttpRequestExecutor.hpp */ = {isa = PBXFileReference; fileEncoding = 4; lastKnownFileType = sourcecode.cpp.h; path = HttpRequestExecutor.hpp; sourceTree = "<group>"; };
		B3BC5D932195F56E001C05DF /* ApiClient.cpp */ = {isa = PBXFileReference; fileEncoding = 4; lastKnownFileType = sourcecode.cpp.cpp; path = ApiClient.cpp; sourceTree = "<group>"; };
		B3BC5D942195F56E001C05DF /* ApiClient.hpp */ = {isa = PBXFileReference; fileEncoding = 4; lastKnownFileType = sourcecode.cpp.h; path = ApiClient.hpp; sourceTree = "<group>"; };
		B3BC5D952195F56E001C05DF /* RequestExecutor.hpp */ = {isa = PBXFileReference; fileEncoding = 4; lastKnownFileType = sourcecode.cpp.h; path = RequestExecutor.hpp; sourceTree = "<group>"; };
		B3BC5D962195F56E001C05DF /* HttpRequestExecutor.cpp */ = {isa = PBXFileReference; fileEncoding = 4; lastKnownFileType = sourcecode.cpp.cpp; path = HttpRequestExecutor.cpp; sourceTree = "<group>"; };
		B3BC5D982195F56E001C05DF /* Connection.hpp */ = {isa = PBXFileReference; fileEncoding = 4; lastKnownFileType = sourcecode.cpp.h; path = Connection.hpp; sourceTree = "<group>"; };
		B3BC5D992195F56E001C05DF /* Url.cpp */ = {isa = PBXFileReference; fileEncoding = 4; lastKnownFileType = sourcecode.cpp.cpp; path = Url.cpp; sourceTree = "<group>"; };
		B3BC5D9B2195F56E001C05DF /* Pipe.cpp */ = {isa = PBXFileReference; fileEncoding = 4; lastKnownFileType = sourcecode.cpp.cpp; path = Pipe.cpp; sourceTree = "<group>"; };
		B3BC5D9C2195F56E001C05DF /* Socket.cpp */ = {isa = PBXFileReference; fileEncoding = 4; lastKnownFileType = sourcecode.cpp.cpp; path = Socket.cpp; sourceTree = "<group>"; };
		B3BC5D9D2195F56E001C05DF /* Socket.hpp */ = {isa = PBXFileReference; fileEncoding = 4; lastKnownFileType = sourcecode.cpp.h; path = Socket.hpp; sourceTree = "<group>"; };
		B3BC5D9E2195F56E001C05DF /* Pipe.hpp */ = {isa = PBXFileReference; fileEncoding = 4; lastKnownFileType = sourcecode.cpp.h; path = Pipe.hpp; sourceTree = "<group>"; };
		B3BC5DA02195F56E001C05DF /* Server.hpp */ = {isa = PBXFileReference; fileEncoding = 4; lastKnownFileType = sourcecode.cpp.h; path = Server.hpp; sourceTree = "<group>"; };
		B3BC5DA12195F56E001C05DF /* SimpleTCPConnectionProvider.hpp */ = {isa = PBXFileReference; fileEncoding = 4; lastKnownFileType = sourcecode.cpp.h; path = SimpleTCPConnectionProvider.hpp; sourceTree = "<group>"; };
		B3BC5DA22195F56E001C05DF /* ConnectionHandler.hpp */ = {isa = PBXFileReference; fileEncoding = 4; lastKnownFileType = sourcecode.cpp.h; path = ConnectionHandler.hpp; sourceTree = "<group>"; };
		B3BC5DA32195F56E001C05DF /* SimpleTCPConnectionProvider.cpp */ = {isa = PBXFileReference; fileEncoding = 4; lastKnownFileType = sourcecode.cpp.cpp; path = SimpleTCPConnectionProvider.cpp; sourceTree = "<group>"; };
		B3BC5DA42195F56E001C05DF /* ConnectionHandler.cpp */ = {isa = PBXFileReference; fileEncoding = 4; lastKnownFileType = sourcecode.cpp.cpp; path = ConnectionHandler.cpp; sourceTree = "<group>"; };
		B3BC5DA52195F56E001C05DF /* Server.cpp */ = {isa = PBXFileReference; fileEncoding = 4; lastKnownFileType = sourcecode.cpp.cpp; path = Server.cpp; sourceTree = "<group>"; };
		B3BC5DA62195F56E001C05DF /* ConnectionProvider.hpp */ = {isa = PBXFileReference; fileEncoding = 4; lastKnownFileType = sourcecode.cpp.h; path = ConnectionProvider.hpp; sourceTree = "<group>"; };
		B3BC5DA72195F56E001C05DF /* Url.hpp */ = {isa = PBXFileReference; fileEncoding = 4; lastKnownFileType = sourcecode.cpp.h; path = Url.hpp; sourceTree = "<group>"; };
		B3BC5DA82195F56E001C05DF /* ConnectionProvider.cpp */ = {isa = PBXFileReference; fileEncoding = 4; lastKnownFileType = sourcecode.cpp.cpp; path = ConnectionProvider.cpp; sourceTree = "<group>"; };
		B3BC5DA92195F56E001C05DF /* Connection.cpp */ = {isa = PBXFileReference; fileEncoding = 4; lastKnownFileType = sourcecode.cpp.cpp; path = Connection.cpp; sourceTree = "<group>"; };
		B3BC5DAB2195F56F001C05DF /* SimpleTCPConnectionProvider.hpp */ = {isa = PBXFileReference; fileEncoding = 4; lastKnownFileType = sourcecode.cpp.h; path = SimpleTCPConnectionProvider.hpp; sourceTree = "<group>"; };
		B3BC5DAC2195F56F001C05DF /* SimpleTCPConnectionProvider.cpp */ = {isa = PBXFileReference; fileEncoding = 4; lastKnownFileType = sourcecode.cpp.cpp; path = SimpleTCPConnectionProvider.cpp; sourceTree = "<group>"; };
		B3BC5DAE2195F56F001C05DF /* Unicode.hpp */ = {isa = PBXFileReference; fileEncoding = 4; lastKnownFileType = sourcecode.cpp.h; path = Unicode.hpp; sourceTree = "<group>"; };
		B3BC5DAF2195F56F001C05DF /* Base64.cpp */ = {isa = PBXFileReference; fileEncoding = 4; lastKnownFileType = sourcecode.cpp.cpp; path = Base64.cpp; sourceTree = "<group>"; };
		B3BC5DB02195F56F001C05DF /* Hex.hpp */ = {isa = PBXFileReference; fileEncoding = 4; lastKnownFileType = sourcecode.cpp.h; path = Hex.hpp; sourceTree = "<group>"; };
		B3BC5DB12195F56F001C05DF /* Hex.cpp */ = {isa = PBXFileReference; fileEncoding = 4; lastKnownFileType = sourcecode.cpp.cpp; path = Hex.cpp; sourceTree = "<group>"; };
		B3BC5DB22195F56F001C05DF /* Unicode.cpp */ = {isa = PBXFileReference; fileEncoding = 4; lastKnownFileType = sourcecode.cpp.cpp; path = Unicode.cpp; sourceTree = "<group>"; };
		B3BC5DB32195F56F001C05DF /* Base64.hpp */ = {isa = PBXFileReference; fileEncoding = 4; lastKnownFileType = sourcecode.cpp.h; path = Base64.hpp; sourceTree = "<group>"; };
		B3BC5DB52195F56F001C05DF /* CRC.cpp */ = {isa = PBXFileReference; fileEncoding = 4; lastKnownFileType = sourcecode.cpp.cpp; path = CRC.cpp; sourceTree = "<group>"; };
		B3BC5DB62195F56F001C05DF /* CRC.hpp */ = {isa = PBXFileReference; fileEncoding = 4; lastKnownFileType = sourcecode.cpp.h; path = CRC.hpp; sourceTree = "<group>"; };
		B3BC5DBA2195F56F001C05DF /* Serializer.hpp */ = {isa = PBXFileReference; fileEncoding = 4; lastKnownFileType = sourcecode.cpp.h; path = Serializer.hpp; sourceTree = "<group>"; };
		B3BC5DBB2195F56F001C05DF /* Deserializer.hpp */ = {isa = PBXFileReference; fileEncoding = 4; lastKnownFileType = sourcecode.cpp.h; path = Deserializer.hpp; sourceTree = "<group>"; };
		B3BC5DBC2195F56F001C05DF /* ObjectMapper.hpp */ = {isa = PBXFileReference; fileEncoding = 4; lastKnownFileType = sourcecode.cpp.h; path = ObjectMapper.hpp; sourceTree = "<group>"; };
		B3BC5DBD2195F56F001C05DF /* Deserializer.cpp */ = {isa = PBXFileReference; fileEncoding = 4; lastKnownFileType = sourcecode.cpp.cpp; path = Deserializer.cpp; sourceTree = "<group>"; };
		B3BC5DBE2195F56F001C05DF /* ObjectMapper.cpp */ = {isa = PBXFileReference; fileEncoding = 4; lastKnownFileType = sourcecode.cpp.cpp; path = ObjectMapper.cpp; sourceTree = "<group>"; };
		B3BC5DBF2195F56F001C05DF /* Serializer.cpp */ = {isa = PBXFileReference; fileEncoding = 4; lastKnownFileType = sourcecode.cpp.cpp; path = Serializer.cpp; sourceTree = "<group>"; };
		B3BC5DC02195F56F001C05DF /* Utils.cpp */ = {isa = PBXFileReference; fileEncoding = 4; lastKnownFileType = sourcecode.cpp.cpp; path = Utils.cpp; sourceTree = "<group>"; };
		B3BC5DC12195F56F001C05DF /* Utils.hpp */ = {isa = PBXFileReference; fileEncoding = 4; lastKnownFileType = sourcecode.cpp.h; path = Utils.hpp; sourceTree = "<group>"; };
		B3BC5DC32195F56F001C05DF /* codegen_define_DTO_.hpp */ = {isa = PBXFileReference; fileEncoding = 4; lastKnownFileType = sourcecode.cpp.h; path = codegen_define_DTO_.hpp; sourceTree = "<group>"; };
		B3BC5DC42195F56F001C05DF /* codegen_undef_ApiController_.hpp */ = {isa = PBXFileReference; fileEncoding = 4; lastKnownFileType = sourcecode.cpp.h; path = codegen_undef_ApiController_.hpp; sourceTree = "<group>"; };
		B3BC5DC52195F56F001C05DF /* codegen_undef_DTO_.hpp */ = {isa = PBXFileReference; fileEncoding = 4; lastKnownFileType = sourcecode.cpp.h; path = codegen_undef_DTO_.hpp; sourceTree = "<group>"; };
		B3BC5DC62195F56F001C05DF /* codegen_undef_ApiClient_.hpp */ = {isa = PBXFileReference; fileEncoding = 4; lastKnownFileType = sourcecode.cpp.h; path = codegen_undef_ApiClient_.hpp; sourceTree = "<group>"; };
		B3BC5DC72195F56F001C05DF /* codegen_define_ApiController_.hpp */ = {isa = PBXFileReference; fileEncoding = 4; lastKnownFileType = sourcecode.cpp.h; path = codegen_define_ApiController_.hpp; sourceTree = "<group>"; };
		B3BC5DC82195F56F001C05DF /* codegen_define_ApiClient_.hpp */ = {isa = PBXFileReference; fileEncoding = 4; lastKnownFileType = sourcecode.cpp.h; path = codegen_define_ApiClient_.hpp; sourceTree = "<group>"; };
		B3BC5DC92195F56F001C05DF /* azure-pipelines.yml */ = {isa = PBXFileReference; fileEncoding = 4; lastKnownFileType = text; path = "azure-pipelines.yml"; sourceTree = "<group>"; };
		B3BC5DCA2195F56F001C05DF /* README.md */ = {isa = PBXFileReference; fileEncoding = 4; lastKnownFileType = net.daringfireball.markdown; path = README.md; sourceTree = "<group>"; };
		B3BC5DCB2195F56F001C05DF /* .gitignore */ = {isa = PBXFileReference; fileEncoding = 4; lastKnownFileType = text; path = .gitignore; sourceTree = "<group>"; };
		B3BC5DCC2195F56F001C05DF /* lgtm.yml */ = {isa = PBXFileReference; fileEncoding = 4; lastKnownFileType = text; path = lgtm.yml; sourceTree = "<group>"; };
		B3F7A7722058233200DA8A39 /* crud */ = {isa = PBXFileReference; explicitFileType = "compiled.mach-o.executable"; includeInIndex = 0; path = crud; sourceTree = BUILT_PRODUCTS_DIR; };
		B3F7AAD82058293F00DA8A39 /* Logger.hpp */ = {isa = PBXFileReference; fileEncoding = 4; lastKnownFileType = sourcecode.cpp.h; path = Logger.hpp; sourceTree = "<group>"; };
		B3F7AADA2058293F00DA8A39 /* UserController.hpp */ = {isa = PBXFileReference; fileEncoding = 4; lastKnownFileType = sourcecode.cpp.h; path = UserController.hpp; sourceTree = "<group>"; };
		B3F7AADC2058293F00DA8A39 /* Database.hpp */ = {isa = PBXFileReference; fileEncoding = 4; lastKnownFileType = sourcecode.cpp.h; path = Database.hpp; sourceTree = "<group>"; };
		B3F7AADD2058293F00DA8A39 /* Database.cpp */ = {isa = PBXFileReference; fileEncoding = 4; lastKnownFileType = sourcecode.cpp.cpp; path = Database.cpp; sourceTree = "<group>"; };
		B3F7AADF2058293F00DA8A39 /* User.hpp */ = {isa = PBXFileReference; fileEncoding = 4; lastKnownFileType = sourcecode.cpp.h; path = User.hpp; sourceTree = "<group>"; };
		B3F7AAE02058293F00DA8A39 /* AppComponent.hpp */ = {isa = PBXFileReference; fileEncoding = 4; lastKnownFileType = sourcecode.cpp.h; path = AppComponent.hpp; sourceTree = "<group>"; };
		B3F7AAE12058293F00DA8A39 /* App.cpp */ = {isa = PBXFileReference; fileEncoding = 4; lastKnownFileType = sourcecode.cpp.cpp; path = App.cpp; sourceTree = "<group>"; };
		B3F7AAE520582A9400DA8A39 /* UserDto.hpp */ = {isa = PBXFileReference; lastKnownFileType = sourcecode.cpp.h; path = UserDto.hpp; sourceTree = "<group>"; };
		B3F7AAE82058633B00DA8A39 /* ControllerLevelTest.cpp */ = {isa = PBXFileReference; lastKnownFileType = sourcecode.cpp.cpp; path = ControllerLevelTest.cpp; sourceTree = "<group>"; };
		B3F7AAE92058633B00DA8A39 /* ControllerLevelTest.hpp */ = {isa = PBXFileReference; lastKnownFileType = sourcecode.cpp.h; path = ControllerLevelTest.hpp; sourceTree = "<group>"; };
		B3F7AAEB2058637100DA8A39 /* RouterLevelTest.cpp */ = {isa = PBXFileReference; lastKnownFileType = sourcecode.cpp.cpp; path = RouterLevelTest.cpp; sourceTree = "<group>"; };
		B3F7AAEC2058637100DA8A39 /* RouterLevelTest.hpp */ = {isa = PBXFileReference; lastKnownFileType = sourcecode.cpp.h; path = RouterLevelTest.hpp; sourceTree = "<group>"; };
		B3F7AAEE205863E400DA8A39 /* ConnectionHandlerLevelTest.cpp */ = {isa = PBXFileReference; lastKnownFileType = sourcecode.cpp.cpp; path = ConnectionHandlerLevelTest.cpp; sourceTree = "<group>"; };
		B3F7AAEF205863E400DA8A39 /* ConnectionHandlerLevelTest.hpp */ = {isa = PBXFileReference; lastKnownFileType = sourcecode.cpp.h; path = ConnectionHandlerLevelTest.hpp; sourceTree = "<group>"; };
/* End PBXFileReference section */

/* Begin PBXFrameworksBuildPhase section */
		B3F7A76F2058233200DA8A39 /* Frameworks */ = {
			isa = PBXFrameworksBuildPhase;
			buildActionMask = 2147483647;
			files = (
			);
			runOnlyForDeploymentPostprocessing = 0;
		};
/* End PBXFrameworksBuildPhase section */

/* Begin PBXGroup section */
		B3917401216102A800E6E60F /* oatpp-swagger */ = {
			isa = PBXGroup;
			children = (
				B3917418216102A800E6E60F /* .gitignore */,
				B391741B216102A800E6E60F /* AsyncController.hpp */,
				B3917402216102A800E6E60F /* Controller.hpp */,
				B3917410216102A800E6E60F /* LICENSE */,
				B3917416216102A800E6E60F /* Model.hpp */,
				B3917411216102A800E6E60F /* oas3 */,
				B3917417216102A800E6E60F /* README.md */,
				B3917403216102A800E6E60F /* res */,
				B3917415216102A800E6E60F /* Resources.cpp */,
				B3917419216102A800E6E60F /* Resources.hpp */,
				B391741A216102A800E6E60F /* Types.hpp */,
				B32F51B021772FFE00BA0FA8 /* Types.cpp */,
			);
			name = "oatpp-swagger";
			path = "../lib/oatpp-swagger";
			sourceTree = "<group>";
		};
		B3917403216102A800E6E60F /* res */ = {
			isa = PBXGroup;
			children = (
				B3917404216102A800E6E60F /* favicon-16x16.png */,
				B3917405216102A800E6E60F /* index.html */,
				B3917406216102A800E6E60F /* swagger-ui.js */,
				B3917407216102A800E6E60F /* swagger-ui-standalone-preset.js.map */,
				B3917408216102A800E6E60F /* swagger-ui.css */,
				B3917409216102A800E6E60F /* swagger-ui.js.map */,
				B391740A216102A800E6E60F /* swagger-ui-bundle.js */,
				B391740B216102A800E6E60F /* swagger-ui.css.map */,
				B391740C216102A800E6E60F /* swagger-ui-standalone-preset.js */,
				B391740D216102A800E6E60F /* swagger-ui-bundle.js.map */,
				B391740E216102A800E6E60F /* oauth2-redirect.html */,
				B391740F216102A800E6E60F /* favicon-32x32.png */,
			);
			path = res;
			sourceTree = "<group>";
		};
		B3917411216102A800E6E60F /* oas3 */ = {
			isa = PBXGroup;
			children = (
				B3917412216102A800E6E60F /* Generator.cpp */,
				B3917413216102A800E6E60F /* Model.hpp */,
				B3917414216102A800E6E60F /* Generator.hpp */,
			);
			path = oas3;
			sourceTree = "<group>";
		};
		B3BC5CD82195F56E001C05DF /* oatpp */ = {
			isa = PBXGroup;
			children = (
				B3BC5CD92195F56E001C05DF /* CMakeLists.txt */,
				B3BC5CDA2195F56E001C05DF /* core */,
				B3BC5D2C2195F56E001C05DF /* LICENSE */,
				B3BC5D2D2195F56E001C05DF /* test */,
				B3BC5D542195F56E001C05DF /* web */,
				B3BC5D972195F56E001C05DF /* network */,
				B3BC5DAD2195F56F001C05DF /* encoding */,
				B3BC5DB42195F56F001C05DF /* algorithm */,
				B3BC5DB72195F56F001C05DF /* parser */,
				B3BC5DC22195F56F001C05DF /* codegen */,
				B3BC5DC92195F56F001C05DF /* azure-pipelines.yml */,
				B3BC5DCA2195F56F001C05DF /* README.md */,
				B3BC5DCB2195F56F001C05DF /* .gitignore */,
				B3BC5DCC2195F56F001C05DF /* lgtm.yml */,
			);
			name = oatpp;
			path = ../lib/oatpp;
			sourceTree = "<group>";
		};
		B3BC5CDA2195F56E001C05DF /* core */ = {
			isa = PBXGroup;
			children = (
				B3BC5CDB2195F56E001C05DF /* Types.cpp */,
				B3BC5CDC2195F56E001C05DF /* collection */,
				B3BC5CE32195F56E001C05DF /* async */,
				B3BC5CE82195F56E001C05DF /* utils */,
				B3BC5CEB2195F56E001C05DF /* parser */,
				B3BC5CEE2195F56E001C05DF /* concurrency */,
				B3BC5CF52195F56E001C05DF /* macro */,
				B3BC5CF92195F56E001C05DF /* os */,
				B3BC5CFD2195F56E001C05DF /* Types.hpp */,
				B3BC5CFE2195F56E001C05DF /* data */,
				B3BC5D1B2195F56E001C05DF /* base */,
			);
			path = core;
			sourceTree = "<group>";
		};
		B3BC5CDC2195F56E001C05DF /* collection */ = {
			isa = PBXGroup;
			children = (
				B3BC5CDD2195F56E001C05DF /* LinkedList.cpp */,
				B3BC5CDE2195F56E001C05DF /* FastQueue.cpp */,
				B3BC5CDF2195F56E001C05DF /* ListMap.cpp */,
				B3BC5CE02195F56E001C05DF /* FastQueue.hpp */,
				B3BC5CE12195F56E001C05DF /* ListMap.hpp */,
				B3BC5CE22195F56E001C05DF /* LinkedList.hpp */,
			);
			path = collection;
			sourceTree = "<group>";
		};
		B3BC5CE32195F56E001C05DF /* async */ = {
			isa = PBXGroup;
			children = (
				B3BC5CE42195F56E001C05DF /* Processor.cpp */,
				B3BC5CE52195F56E001C05DF /* Coroutine.cpp */,
				B3BC5CE62195F56E001C05DF /* Processor.hpp */,
				B3BC5CE72195F56E001C05DF /* Coroutine.hpp */,
			);
			path = async;
			sourceTree = "<group>";
		};
		B3BC5CE82195F56E001C05DF /* utils */ = {
			isa = PBXGroup;
			children = (
				B3BC5CE92195F56E001C05DF /* ConversionUtils.hpp */,
				B3BC5CEA2195F56E001C05DF /* ConversionUtils.cpp */,
			);
			path = utils;
			sourceTree = "<group>";
		};
		B3BC5CEB2195F56E001C05DF /* parser */ = {
			isa = PBXGroup;
			children = (
				B3BC5CEC2195F56E001C05DF /* ParsingCaret.cpp */,
				B3BC5CED2195F56E001C05DF /* ParsingCaret.hpp */,
			);
			path = parser;
			sourceTree = "<group>";
		};
		B3BC5CEE2195F56E001C05DF /* concurrency */ = {
			isa = PBXGroup;
			children = (
				B3BC5CEF2195F56E001C05DF /* Runnable.cpp */,
				B3BC5CF02195F56E001C05DF /* SpinLock.cpp */,
				B3BC5CF12195F56E001C05DF /* Thread.cpp */,
				B3BC5CF22195F56E001C05DF /* Runnable.hpp */,
				B3BC5CF32195F56E001C05DF /* SpinLock.hpp */,
				B3BC5CF42195F56E001C05DF /* Thread.hpp */,
			);
			path = concurrency;
			sourceTree = "<group>";
		};
		B3BC5CF52195F56E001C05DF /* macro */ = {
			isa = PBXGroup;
			children = (
				B3BC5CF62195F56E001C05DF /* codegen.hpp */,
				B3BC5CF72195F56E001C05DF /* component.hpp */,
				B3BC5CF82195F56E001C05DF /* basic.hpp */,
			);
			path = macro;
			sourceTree = "<group>";
		};
		B3BC5CF92195F56E001C05DF /* os */ = {
			isa = PBXGroup;
			children = (
				B3BC5CFA2195F56E001C05DF /* io */,
			);
			path = os;
			sourceTree = "<group>";
		};
		B3BC5CFA2195F56E001C05DF /* io */ = {
			isa = PBXGroup;
			children = (
				B3BC5CFB2195F56E001C05DF /* Library.hpp */,
				B3BC5CFC2195F56E001C05DF /* Library.cpp */,
			);
			path = io;
			sourceTree = "<group>";
		};
		B3BC5CFE2195F56E001C05DF /* data */ = {
			isa = PBXGroup;
			children = (
				B3BC5CFF2195F56E001C05DF /* mapping */,
				B3BC5D0D2195F56E001C05DF /* stream */,
				B3BC5D162195F56E001C05DF /* buffer */,
			);
			path = data;
			sourceTree = "<group>";
		};
		B3BC5CFF2195F56E001C05DF /* mapping */ = {
			isa = PBXGroup;
			children = (
				B3BC5D002195F56E001C05DF /* ObjectMapper.hpp */,
				B3BC5D012195F56E001C05DF /* type */,
				B3BC5D0C2195F56E001C05DF /* ObjectMapper.cpp */,
			);
			path = mapping;
			sourceTree = "<group>";
		};
		B3BC5D012195F56E001C05DF /* type */ = {
			isa = PBXGroup;
			children = (
				B3BC5D022195F56E001C05DF /* Primitive.hpp */,
				B3BC5D032195F56E001C05DF /* Type.hpp */,
				B3BC5D042195F56E001C05DF /* Object.cpp */,
				B3BC5D052195F56E001C05DF /* List.hpp */,
				B3BC5D062195F56E001C05DF /* ListMap.cpp */,
				B3BC5D072195F56E001C05DF /* Object.hpp */,
				B3BC5D082195F56E001C05DF /* List.cpp */,
				B3BC5D092195F56E001C05DF /* ListMap.hpp */,
				B3BC5D0A2195F56E001C05DF /* Primitive.cpp */,
				B3BC5D0B2195F56E001C05DF /* Type.cpp */,
			);
			path = type;
			sourceTree = "<group>";
		};
		B3BC5D0D2195F56E001C05DF /* stream */ = {
			isa = PBXGroup;
			children = (
				B3BC5D0E2195F56E001C05DF /* ChunkedBuffer.hpp */,
				B3BC5D0F2195F56E001C05DF /* Delegate.cpp */,
				B3BC5D102195F56E001C05DF /* StreamBufferedProxy.hpp */,
				B3BC5D112195F56E001C05DF /* Stream.hpp */,
				B3BC5D122195F56E001C05DF /* Stream.cpp */,
				B3BC5D132195F56E001C05DF /* ChunkedBuffer.cpp */,
				B3BC5D142195F56E001C05DF /* Delegate.hpp */,
				B3BC5D152195F56E001C05DF /* StreamBufferedProxy.cpp */,
			);
			path = stream;
			sourceTree = "<group>";
		};
		B3BC5D162195F56E001C05DF /* buffer */ = {
			isa = PBXGroup;
			children = (
				B3BC5D172195F56E001C05DF /* IOBuffer.cpp */,
				B3BC5D182195F56E001C05DF /* FIFOBuffer.cpp */,
				B3BC5D192195F56E001C05DF /* FIFOBuffer.hpp */,
				B3BC5D1A2195F56E001C05DF /* IOBuffer.hpp */,
			);
			path = buffer;
			sourceTree = "<group>";
		};
		B3BC5D1B2195F56E001C05DF /* base */ = {
			isa = PBXGroup;
			children = (
				B3BC5D1C2195F56E001C05DF /* Controllable.cpp */,
				B3BC5D1D2195F56E001C05DF /* CommandLineArguments.hpp */,
				B3BC5D1E2195F56E001C05DF /* StrBuffer.hpp */,
				B3BC5D1F2195F56E001C05DF /* Environment.cpp */,
				B3BC5D202195F56E001C05DF /* memory */,
				B3BC5D272195F56E001C05DF /* Config.hpp */,
				B3BC5D282195F56E001C05DF /* Controllable.hpp */,
				B3BC5D292195F56E001C05DF /* CommandLineArguments.cpp */,
				B3BC5D2A2195F56E001C05DF /* StrBuffer.cpp */,
				B3BC5D2B2195F56E001C05DF /* Environment.hpp */,
			);
			path = base;
			sourceTree = "<group>";
		};
		B3BC5D202195F56E001C05DF /* memory */ = {
			isa = PBXGroup;
			children = (
				B3BC5D212195F56E001C05DF /* MemoryPool.hpp */,
				B3BC5D222195F56E001C05DF /* ObjectPool.hpp */,
				B3BC5D232195F56E001C05DF /* Allocator.hpp */,
				B3BC5D242195F56E001C05DF /* Allocator.cpp */,
				B3BC5D252195F56E001C05DF /* MemoryPool.cpp */,
				B3BC5D262195F56E001C05DF /* ObjectPool.cpp */,
			);
			path = memory;
			sourceTree = "<group>";
		};
		B3BC5D2D2195F56E001C05DF /* test */ = {
			isa = PBXGroup;
			children = (
				B3BC5D2E2195F56E001C05DF /* core */,
				B3BC5D412195F56E001C05DF /* UnitTest.hpp */,
				B3BC5D422195F56E001C05DF /* encoding */,
				B3BC5D472195F56E001C05DF /* parser */,
				B3BC5D502195F56E001C05DF /* Checker.hpp */,
				B3BC5D512195F56E001C05DF /* AllTestsMain.cpp */,
				B3BC5D522195F56E001C05DF /* Checker.cpp */,
				B3BC5D532195F56E001C05DF /* UnitTest.cpp */,
			);
			path = test;
			sourceTree = "<group>";
		};
		B3BC5D2E2195F56E001C05DF /* core */ = {
			isa = PBXGroup;
			children = (
				B3BC5D2F2195F56E001C05DF /* data */,
				B3BC5D342195F56E001C05DF /* base */,
			);
			path = core;
			sourceTree = "<group>";
		};
		B3BC5D2F2195F56E001C05DF /* data */ = {
			isa = PBXGroup;
			children = (
				B3BC5D302195F56E001C05DF /* mapping */,
			);
			path = data;
			sourceTree = "<group>";
		};
		B3BC5D302195F56E001C05DF /* mapping */ = {
			isa = PBXGroup;
			children = (
				B3BC5D312195F56E001C05DF /* type */,
			);
			path = mapping;
			sourceTree = "<group>";
		};
		B3BC5D312195F56E001C05DF /* type */ = {
			isa = PBXGroup;
			children = (
				B3BC5D322195F56E001C05DF /* TypeTest.cpp */,
				B3BC5D332195F56E001C05DF /* TypeTest.hpp */,
			);
			path = type;
			sourceTree = "<group>";
		};
		B3BC5D342195F56E001C05DF /* base */ = {
			isa = PBXGroup;
			children = (
				B3BC5D352195F56E001C05DF /* RegRuleTest.hpp */,
				B3BC5D362195F56E001C05DF /* collection */,
				B3BC5D392195F56E001C05DF /* memory */,
				B3BC5D3E2195F56E001C05DF /* CommandLineArgumentsTest.cpp */,
				B3BC5D3F2195F56E001C05DF /* CommandLineArgumentsTest.hpp */,
				B3BC5D402195F56E001C05DF /* RegRuleTest.cpp */,
			);
			path = base;
			sourceTree = "<group>";
		};
		B3BC5D362195F56E001C05DF /* collection */ = {
			isa = PBXGroup;
			children = (
				B3BC5D372195F56E001C05DF /* LinkedListTest.cpp */,
				B3BC5D382195F56E001C05DF /* LinkedListTest.hpp */,
			);
			path = collection;
			sourceTree = "<group>";
		};
		B3BC5D392195F56E001C05DF /* memory */ = {
			isa = PBXGroup;
			children = (
				B3BC5D3A2195F56E001C05DF /* MemoryPoolTest.hpp */,
				B3BC5D3B2195F56E001C05DF /* PerfTest.hpp */,
				B3BC5D3C2195F56E001C05DF /* PerfTest.cpp */,
				B3BC5D3D2195F56E001C05DF /* MemoryPoolTest.cpp */,
			);
			path = memory;
			sourceTree = "<group>";
		};
		B3BC5D422195F56E001C05DF /* encoding */ = {
			isa = PBXGroup;
			children = (
				B3BC5D432195F56E001C05DF /* UnicodeTest.cpp */,
				B3BC5D442195F56E001C05DF /* Base64Test.hpp */,
				B3BC5D452195F56E001C05DF /* Base64Test.cpp */,
				B3BC5D462195F56E001C05DF /* UnicodeTest.hpp */,
			);
			path = encoding;
			sourceTree = "<group>";
		};
		B3BC5D472195F56E001C05DF /* parser */ = {
			isa = PBXGroup;
			children = (
				B3BC5D482195F56E001C05DF /* json */,
			);
			path = parser;
			sourceTree = "<group>";
		};
		B3BC5D482195F56E001C05DF /* json */ = {
			isa = PBXGroup;
			children = (
				B3BC5D492195F56E001C05DF /* mapping */,
			);
			path = json;
			sourceTree = "<group>";
		};
		B3BC5D492195F56E001C05DF /* mapping */ = {
			isa = PBXGroup;
			children = (
				B3BC5D4A2195F56E001C05DF /* DTOMapperPerfTest.cpp */,
				B3BC5D4B2195F56E001C05DF /* DeserializerTest.cpp */,
				B3BC5D4C2195F56E001C05DF /* DTOMapperTest.hpp */,
				B3BC5D4D2195F56E001C05DF /* DTOMapperTest.cpp */,
				B3BC5D4E2195F56E001C05DF /* DTOMapperPerfTest.hpp */,
				B3BC5D4F2195F56E001C05DF /* DeserializerTest.hpp */,
			);
			path = mapping;
			sourceTree = "<group>";
		};
		B3BC5D542195F56E001C05DF /* web */ = {
			isa = PBXGroup;
			children = (
				B3BC5D552195F56E001C05DF /* server */,
				B3BC5D6A2195F56E001C05DF /* protocol */,
				B3BC5D882195F56E001C05DF /* url */,
				B3BC5D902195F56E001C05DF /* client */,
			);
			path = web;
			sourceTree = "<group>";
		};
		B3BC5D552195F56E001C05DF /* server */ = {
			isa = PBXGroup;
			children = (
				B3BC5D562195F56E001C05DF /* handler */,
				B3BC5D5B2195F56E001C05DF /* AsyncHttpConnectionHandler.cpp */,
				B3BC5D5C2195F56E001C05DF /* HttpRouter.hpp */,
				B3BC5D5D2195F56E001C05DF /* HttpError.cpp */,
				B3BC5D5E2195F56E001C05DF /* HttpProcessor.hpp */,
				B3BC5D5F2195F56E001C05DF /* HttpConnectionHandler.hpp */,
				B3BC5D602195F56E001C05DF /* HttpProcessor.cpp */,
				B3BC5D612195F56E001C05DF /* HttpConnectionHandler.cpp */,
				B3BC5D622195F56E001C05DF /* api */,
				B3BC5D672195F56E001C05DF /* AsyncHttpConnectionHandler.hpp */,
				B3BC5D682195F56E001C05DF /* HttpRouter.cpp */,
				B3BC5D692195F56E001C05DF /* HttpError.hpp */,
			);
			path = server;
			sourceTree = "<group>";
		};
		B3BC5D562195F56E001C05DF /* handler */ = {
			isa = PBXGroup;
			children = (
				B3BC5D572195F56E001C05DF /* Interceptor.hpp */,
				B3BC5D582195F56E001C05DF /* ErrorHandler.cpp */,
				B3BC5D592195F56E001C05DF /* Interceptor.cpp */,
				B3BC5D5A2195F56E001C05DF /* ErrorHandler.hpp */,
			);
			path = handler;
			sourceTree = "<group>";
		};
		B3BC5D622195F56E001C05DF /* api */ = {
			isa = PBXGroup;
			children = (
				B3BC5D632195F56E001C05DF /* ApiController.hpp */,
				B3BC5D642195F56E001C05DF /* Endpoint.cpp */,
				B3BC5D652195F56E001C05DF /* Endpoint.hpp */,
				B3BC5D662195F56E001C05DF /* ApiController.cpp */,
			);
			path = api;
			sourceTree = "<group>";
		};
		B3BC5D6A2195F56E001C05DF /* protocol */ = {
			isa = PBXGroup;
			children = (
				B3BC5D6B2195F56E001C05DF /* http */,
			);
			path = protocol;
			sourceTree = "<group>";
		};
		B3BC5D6B2195F56E001C05DF /* http */ = {
			isa = PBXGroup;
			children = (
				B3BC5D6C2195F56E001C05DF /* outgoing */,
				B3BC5D7D2195F56E001C05DF /* Http.hpp */,
				B3BC5D7E2195F56E001C05DF /* Http.cpp */,
				B3BC5D7F2195F56E001C05DF /* incoming */,
			);
			path = http;
			sourceTree = "<group>";
		};
		B3BC5D6C2195F56E001C05DF /* outgoing */ = {
			isa = PBXGroup;
			children = (
				B3BC5D6D2195F56E001C05DF /* CommunicationUtils.cpp */,
				B3BC5D6E2195F56E001C05DF /* ResponseFactory.hpp */,
				B3BC5D6F2195F56E001C05DF /* ChunkedBufferBody.cpp */,
				B3BC5D702195F56E001C05DF /* Body.hpp */,
				B3BC5D712195F56E001C05DF /* Request.cpp */,
				B3BC5D722195F56E001C05DF /* Response.hpp */,
				B3BC5D732195F56E001C05DF /* DtoBody.cpp */,
				B3BC5D742195F56E001C05DF /* BufferBody.hpp */,
				B3BC5D752195F56E001C05DF /* Body.cpp */,
				B3BC5D762195F56E001C05DF /* Request.hpp */,
				B3BC5D772195F56E001C05DF /* DtoBody.hpp */,
				B3BC5D782195F56E001C05DF /* Response.cpp */,
				B3BC5D792195F56E001C05DF /* BufferBody.cpp */,
				B3BC5D7A2195F56E001C05DF /* CommunicationUtils.hpp */,
				B3BC5D7B2195F56E001C05DF /* ResponseFactory.cpp */,
				B3BC5D7C2195F56E001C05DF /* ChunkedBufferBody.hpp */,
			);
			path = outgoing;
			sourceTree = "<group>";
		};
		B3BC5D7F2195F56E001C05DF /* incoming */ = {
			isa = PBXGroup;
			children = (
				B3BC5D802195F56E001C05DF /* Request.cpp */,
				B3BC5D812195F56E001C05DF /* Response.hpp */,
				B3BC5D822195F56E001C05DF /* SimpleBodyDecoder.hpp */,
				B3BC5D832195F56E001C05DF /* BodyDecoder.cpp */,
				B3BC5D842195F56E001C05DF /* Request.hpp */,
				B3BC5D852195F56E001C05DF /* Response.cpp */,
				B3BC5D862195F56E001C05DF /* SimpleBodyDecoder.cpp */,
				B3BC5D872195F56E001C05DF /* BodyDecoder.hpp */,
			);
			path = incoming;
			sourceTree = "<group>";
		};
		B3BC5D882195F56E001C05DF /* url */ = {
			isa = PBXGroup;
			children = (
				B3BC5D892195F56E001C05DF /* mapping */,
			);
			path = url;
			sourceTree = "<group>";
		};
		B3BC5D892195F56E001C05DF /* mapping */ = {
			isa = PBXGroup;
			children = (
				B3BC5D8A2195F56E001C05DF /* Router.cpp */,
				B3BC5D8B2195F56E001C05DF /* Subscriber.cpp */,
				B3BC5D8C2195F56E001C05DF /* Pattern.hpp */,
				B3BC5D8D2195F56E001C05DF /* Router.hpp */,
				B3BC5D8E2195F56E001C05DF /* Subscriber.hpp */,
				B3BC5D8F2195F56E001C05DF /* Pattern.cpp */,
			);
			path = mapping;
			sourceTree = "<group>";
		};
		B3BC5D902195F56E001C05DF /* client */ = {
			isa = PBXGroup;
			children = (
				B3BC5D912195F56E001C05DF /* RequestExecutor.cpp */,
				B3BC5D922195F56E001C05DF /* HttpRequestExecutor.hpp */,
				B3BC5D932195F56E001C05DF /* ApiClient.cpp */,
				B3BC5D942195F56E001C05DF /* ApiClient.hpp */,
				B3BC5D952195F56E001C05DF /* RequestExecutor.hpp */,
				B3BC5D962195F56E001C05DF /* HttpRequestExecutor.cpp */,
			);
			path = client;
			sourceTree = "<group>";
		};
		B3BC5D972195F56E001C05DF /* network */ = {
			isa = PBXGroup;
			children = (
				B3BC5D982195F56E001C05DF /* Connection.hpp */,
				B3BC5D992195F56E001C05DF /* Url.cpp */,
				B3BC5D9A2195F56E001C05DF /* virtual_ */,
				B3BC5D9F2195F56E001C05DF /* server */,
				B3BC5DA62195F56E001C05DF /* ConnectionProvider.hpp */,
				B3BC5DA72195F56E001C05DF /* Url.hpp */,
				B3BC5DA82195F56E001C05DF /* ConnectionProvider.cpp */,
				B3BC5DA92195F56E001C05DF /* Connection.cpp */,
				B3BC5DAA2195F56E001C05DF /* client */,
			);
			path = network;
			sourceTree = "<group>";
		};
		B3BC5D9A2195F56E001C05DF /* virtual_ */ = {
			isa = PBXGroup;
			children = (
				B3BC5D9B2195F56E001C05DF /* Pipe.cpp */,
				B3BC5D9C2195F56E001C05DF /* Socket.cpp */,
				B3BC5D9D2195F56E001C05DF /* Socket.hpp */,
				B3BC5D9E2195F56E001C05DF /* Pipe.hpp */,
			);
			path = virtual_;
			sourceTree = "<group>";
		};
		B3BC5D9F2195F56E001C05DF /* server */ = {
			isa = PBXGroup;
			children = (
				B3BC5DA02195F56E001C05DF /* Server.hpp */,
				B3BC5DA12195F56E001C05DF /* SimpleTCPConnectionProvider.hpp */,
				B3BC5DA22195F56E001C05DF /* ConnectionHandler.hpp */,
				B3BC5DA32195F56E001C05DF /* SimpleTCPConnectionProvider.cpp */,
				B3BC5DA42195F56E001C05DF /* ConnectionHandler.cpp */,
				B3BC5DA52195F56E001C05DF /* Server.cpp */,
			);
			path = server;
			sourceTree = "<group>";
		};
		B3BC5DAA2195F56E001C05DF /* client */ = {
			isa = PBXGroup;
			children = (
				B3BC5DAB2195F56F001C05DF /* SimpleTCPConnectionProvider.hpp */,
				B3BC5DAC2195F56F001C05DF /* SimpleTCPConnectionProvider.cpp */,
			);
			path = client;
			sourceTree = "<group>";
		};
		B3BC5DAD2195F56F001C05DF /* encoding */ = {
			isa = PBXGroup;
			children = (
				B3BC5DAE2195F56F001C05DF /* Unicode.hpp */,
				B3BC5DAF2195F56F001C05DF /* Base64.cpp */,
				B3BC5DB02195F56F001C05DF /* Hex.hpp */,
				B3BC5DB12195F56F001C05DF /* Hex.cpp */,
				B3BC5DB22195F56F001C05DF /* Unicode.cpp */,
				B3BC5DB32195F56F001C05DF /* Base64.hpp */,
			);
			path = encoding;
			sourceTree = "<group>";
		};
		B3BC5DB42195F56F001C05DF /* algorithm */ = {
			isa = PBXGroup;
			children = (
				B3BC5DB52195F56F001C05DF /* CRC.cpp */,
				B3BC5DB62195F56F001C05DF /* CRC.hpp */,
			);
			path = algorithm;
			sourceTree = "<group>";
		};
		B3BC5DB72195F56F001C05DF /* parser */ = {
			isa = PBXGroup;
			children = (
				B3BC5DB82195F56F001C05DF /* json */,
			);
			path = parser;
			sourceTree = "<group>";
		};
		B3BC5DB82195F56F001C05DF /* json */ = {
			isa = PBXGroup;
			children = (
				B3BC5DB92195F56F001C05DF /* mapping */,
				B3BC5DC02195F56F001C05DF /* Utils.cpp */,
				B3BC5DC12195F56F001C05DF /* Utils.hpp */,
			);
			path = json;
			sourceTree = "<group>";
		};
		B3BC5DB92195F56F001C05DF /* mapping */ = {
			isa = PBXGroup;
			children = (
				B3BC5DBA2195F56F001C05DF /* Serializer.hpp */,
				B3BC5DBB2195F56F001C05DF /* Deserializer.hpp */,
				B3BC5DBC2195F56F001C05DF /* ObjectMapper.hpp */,
				B3BC5DBD2195F56F001C05DF /* Deserializer.cpp */,
				B3BC5DBE2195F56F001C05DF /* ObjectMapper.cpp */,
				B3BC5DBF2195F56F001C05DF /* Serializer.cpp */,
			);
			path = mapping;
			sourceTree = "<group>";
		};
		B3BC5DC22195F56F001C05DF /* codegen */ = {
			isa = PBXGroup;
			children = (
				B3BC5DC32195F56F001C05DF /* codegen_define_DTO_.hpp */,
				B3BC5DC42195F56F001C05DF /* codegen_undef_ApiController_.hpp */,
				B3BC5DC52195F56F001C05DF /* codegen_undef_DTO_.hpp */,
				B3BC5DC62195F56F001C05DF /* codegen_undef_ApiClient_.hpp */,
				B3BC5DC72195F56F001C05DF /* codegen_define_ApiController_.hpp */,
				B3BC5DC82195F56F001C05DF /* codegen_define_ApiClient_.hpp */,
			);
			path = codegen;
			sourceTree = "<group>";
		};
		B3F7A7692058233200DA8A39 = {
			isa = PBXGroup;
			children = (
				B3BC5CD82195F56E001C05DF /* oatpp */,
				B3917401216102A800E6E60F /* oatpp-swagger */,
				B3F7AAD52058293F00DA8A39 /* src */,
				B3F7AAE72058630600DA8A39 /* test */,
				B3F7A7732058233200DA8A39 /* Products */,
			);
			indentWidth = 2;
			sourceTree = "<group>";
			tabWidth = 2;
			wrapsLines = 0;
		};
		B3F7A7732058233200DA8A39 /* Products */ = {
			isa = PBXGroup;
			children = (
				B3F7A7722058233200DA8A39 /* crud */,
			);
			name = Products;
			sourceTree = "<group>";
		};
		B3F7AAD52058293F00DA8A39 /* src */ = {
			isa = PBXGroup;
			children = (
				B3F7AAD92058293F00DA8A39 /* controller */,
				B3F7AADB2058293F00DA8A39 /* db */,
				B3F7AAD62058293F00DA8A39 /* dto */,
				B3F7AAD82058293F00DA8A39 /* Logger.hpp */,
				B3756CF62110FA2C00F49E60 /* SwaggerComponent.hpp */,
				B3F7AAE02058293F00DA8A39 /* AppComponent.hpp */,
				B3F7AAE12058293F00DA8A39 /* App.cpp */,
			);
			path = src;
			sourceTree = "<group>";
		};
		B3F7AAD62058293F00DA8A39 /* dto */ = {
			isa = PBXGroup;
			children = (
				B3F7AAE520582A9400DA8A39 /* UserDto.hpp */,
			);
			path = dto;
			sourceTree = "<group>";
		};
		B3F7AAD92058293F00DA8A39 /* controller */ = {
			isa = PBXGroup;
			children = (
				B3F7AADA2058293F00DA8A39 /* UserController.hpp */,
			);
			path = controller;
			sourceTree = "<group>";
		};
		B3F7AADB2058293F00DA8A39 /* db */ = {
			isa = PBXGroup;
			children = (
				B3F7AADD2058293F00DA8A39 /* Database.cpp */,
				B3F7AADC2058293F00DA8A39 /* Database.hpp */,
				B3F7AADE2058293F00DA8A39 /* model */,
			);
			path = db;
			sourceTree = "<group>";
		};
		B3F7AADE2058293F00DA8A39 /* model */ = {
			isa = PBXGroup;
			children = (
				B3F7AADF2058293F00DA8A39 /* User.hpp */,
			);
			path = model;
			sourceTree = "<group>";
		};
		B3F7AAE72058630600DA8A39 /* test */ = {
			isa = PBXGroup;
			children = (
				B3F7AAEE205863E400DA8A39 /* ConnectionHandlerLevelTest.cpp */,
				B3F7AAEF205863E400DA8A39 /* ConnectionHandlerLevelTest.hpp */,
				B3F7AAE82058633B00DA8A39 /* ControllerLevelTest.cpp */,
				B3F7AAE92058633B00DA8A39 /* ControllerLevelTest.hpp */,
				B3F7AAEB2058637100DA8A39 /* RouterLevelTest.cpp */,
				B3F7AAEC2058637100DA8A39 /* RouterLevelTest.hpp */,
			);
			path = test;
			sourceTree = "<group>";
		};
/* End PBXGroup section */

/* Begin PBXNativeTarget section */
		B3F7A7712058233200DA8A39 /* crud */ = {
			isa = PBXNativeTarget;
			buildConfigurationList = B3F7A7792058233300DA8A39 /* Build configuration list for PBXNativeTarget "crud" */;
			buildPhases = (
				B3F7A76E2058233200DA8A39 /* Sources */,
				B3F7A76F2058233200DA8A39 /* Frameworks */,
				B3F7A7702058233200DA8A39 /* CopyFiles */,
			);
			buildRules = (
			);
			dependencies = (
			);
			name = crud;
			productName = crud;
			productReference = B3F7A7722058233200DA8A39 /* crud */;
			productType = "com.apple.product-type.tool";
		};
/* End PBXNativeTarget section */

/* Begin PBXProject section */
		B3F7A76A2058233200DA8A39 /* Project object */ = {
			isa = PBXProject;
			attributes = {
				LastUpgradeCheck = 0930;
				ORGANIZATIONNAME = oatpp;
				TargetAttributes = {
					B3F7A7712058233200DA8A39 = {
						CreatedOnToolsVersion = 9.2;
						ProvisioningStyle = Automatic;
					};
				};
			};
			buildConfigurationList = B3F7A76D2058233200DA8A39 /* Build configuration list for PBXProject "crud" */;
			compatibilityVersion = "Xcode 8.0";
			developmentRegion = en;
			hasScannedForEncodings = 0;
			knownRegions = (
				en,
			);
			mainGroup = B3F7A7692058233200DA8A39;
			productRefGroup = B3F7A7732058233200DA8A39 /* Products */;
			projectDirPath = "";
			projectRoot = "";
			targets = (
				B3F7A7712058233200DA8A39 /* crud */,
			);
		};
/* End PBXProject section */

/* Begin PBXSourcesBuildPhase section */
		B3F7A76E2058233200DA8A39 /* Sources */ = {
			isa = PBXSourcesBuildPhase;
			buildActionMask = 2147483647;
			files = (
				B3BC5E092195F56F001C05DF /* BufferBody.cpp in Sources */,
				B3BC5DEE2195F56F001C05DF /* PerfTest.cpp in Sources */,
				B3BC5E052195F56F001C05DF /* Request.cpp in Sources */,
				B3BC5E162195F56F001C05DF /* Url.cpp in Sources */,
				B3BC5DE32195F56F001C05DF /* IOBuffer.cpp in Sources */,
				B3917471216102A800E6E60F /* Resources.cpp in Sources */,
				B3BC5DFD2195F56F001C05DF /* HttpError.cpp in Sources */,
				B3BC5DEB2195F56F001C05DF /* StrBuffer.cpp in Sources */,
				B3BC5DE92195F56F001C05DF /* ObjectPool.cpp in Sources */,
				B3BC5DE22195F56F001C05DF /* StreamBufferedProxy.cpp in Sources */,
				B3BC5E1C2195F56F001C05DF /* ConnectionProvider.cpp in Sources */,
				B3BC5E132195F56F001C05DF /* RequestExecutor.cpp in Sources */,
				B3BC5E1E2195F56F001C05DF /* SimpleTCPConnectionProvider.cpp in Sources */,
				B3BC5DCF2195F56F001C05DF /* FastQueue.cpp in Sources */,
				B3BC5DE12195F56F001C05DF /* ChunkedBuffer.cpp in Sources */,
				B3BC5E032195F56F001C05DF /* CommunicationUtils.cpp in Sources */,
				B3BC5DF12195F56F001C05DF /* RegRuleTest.cpp in Sources */,
				B3F7AAEA2058633B00DA8A39 /* ControllerLevelTest.cpp in Sources */,
				B3BC5E062195F56F001C05DF /* DtoBody.cpp in Sources */,
				B3BC5DF32195F56F001C05DF /* Base64Test.cpp in Sources */,
				B3BC5DFC2195F56F001C05DF /* AsyncHttpConnectionHandler.cpp in Sources */,
				B3BC5DFB2195F56F001C05DF /* Interceptor.cpp in Sources */,
				B3BC5E0B2195F56F001C05DF /* Http.cpp in Sources */,
				B3BC5DE02195F56F001C05DF /* Stream.cpp in Sources */,
				B3BC5E012195F56F001C05DF /* ApiController.cpp in Sources */,
				B3BC5DE62195F56F001C05DF /* Environment.cpp in Sources */,
				B3BC5DCE2195F56F001C05DF /* LinkedList.cpp in Sources */,
				B3BC5DF62195F56F001C05DF /* DTOMapperTest.cpp in Sources */,
				B3BC5DD52195F56F001C05DF /* Runnable.cpp in Sources */,
				B3BC5E242195F56F001C05DF /* ObjectMapper.cpp in Sources */,
				B3BC5DED2195F56F001C05DF /* LinkedListTest.cpp in Sources */,
				B3BC5DF52195F56F001C05DF /* DeserializerTest.cpp in Sources */,
				B3BC5DE52195F56F001C05DF /* Controllable.cpp in Sources */,
				B3BC5E102195F56F001C05DF /* Router.cpp in Sources */,
				B3BC5DD82195F56F001C05DF /* Library.cpp in Sources */,
				B3BC5DEF2195F56F001C05DF /* MemoryPoolTest.cpp in Sources */,
				B3BC5DFA2195F56F001C05DF /* ErrorHandler.cpp in Sources */,
				B3BC5DD42195F56F001C05DF /* ParsingCaret.cpp in Sources */,
				B3BC5DDC2195F56F001C05DF /* Primitive.cpp in Sources */,
				B3BC5DE82195F56F001C05DF /* MemoryPool.cpp in Sources */,
				B3BC5E0A2195F56F001C05DF /* ResponseFactory.cpp in Sources */,
				B3917470216102A800E6E60F /* Generator.cpp in Sources */,
				B3BC5E0F2195F56F001C05DF /* SimpleBodyDecoder.cpp in Sources */,
				B3BC5E252195F56F001C05DF /* Serializer.cpp in Sources */,
				B3BC5DDA2195F56F001C05DF /* ListMap.cpp in Sources */,
				B3F7AAED2058637100DA8A39 /* RouterLevelTest.cpp in Sources */,
				B3BC5DD62195F56F001C05DF /* SpinLock.cpp in Sources */,
				B3BC5DD02195F56F001C05DF /* ListMap.cpp in Sources */,
				B3BC5DD92195F56F001C05DF /* Object.cpp in Sources */,
				B3BC5DF22195F56F001C05DF /* UnicodeTest.cpp in Sources */,
				B32F51B121772FFE00BA0FA8 /* Types.cpp in Sources */,
				B3BC5DD22195F56F001C05DF /* Coroutine.cpp in Sources */,
				B3BC5DDF2195F56F001C05DF /* Delegate.cpp in Sources */,
				B3BC5E0C2195F56F001C05DF /* Request.cpp in Sources */,
				B3BC5DD32195F56F001C05DF /* ConversionUtils.cpp in Sources */,
				B3BC5E202195F56F001C05DF /* Hex.cpp in Sources */,
				B3BC5DD72195F56F001C05DF /* Thread.cpp in Sources */,
				B3BC5E1D2195F56F001C05DF /* Connection.cpp in Sources */,
				B3BC5DFF2195F56F001C05DF /* HttpConnectionHandler.cpp in Sources */,
				B3BC5E172195F56F001C05DF /* Pipe.cpp in Sources */,
				B3F7AAE22058293F00DA8A39 /* Database.cpp in Sources */,
				B3BC5DF82195F56F001C05DF /* Checker.cpp in Sources */,
				B3BC5DFE2195F56F001C05DF /* HttpProcessor.cpp in Sources */,
				B3BC5E142195F56F001C05DF /* ApiClient.cpp in Sources */,
				B3BC5DE72195F56F001C05DF /* Allocator.cpp in Sources */,
				B3BC5DDE2195F56F001C05DF /* ObjectMapper.cpp in Sources */,
				B3BC5E152195F56F001C05DF /* HttpRequestExecutor.cpp in Sources */,
				B3BC5E042195F56F001C05DF /* ChunkedBufferBody.cpp in Sources */,
				B3BC5DEA2195F56F001C05DF /* CommandLineArguments.cpp in Sources */,
				B3BC5E082195F56F001C05DF /* Response.cpp in Sources */,
				B3BC5E222195F56F001C05DF /* CRC.cpp in Sources */,
				B3BC5E182195F56F001C05DF /* Socket.cpp in Sources */,
				B3BC5DDD2195F56F001C05DF /* Type.cpp in Sources */,
				B3BC5DD12195F56F001C05DF /* Processor.cpp in Sources */,
				B3BC5DCD2195F56F001C05DF /* Types.cpp in Sources */,
				B3BC5E1A2195F56F001C05DF /* ConnectionHandler.cpp in Sources */,
				B3BC5E112195F56F001C05DF /* Subscriber.cpp in Sources */,
				B3BC5E0E2195F56F001C05DF /* Response.cpp in Sources */,
				B3BC5DF02195F56F001C05DF /* CommandLineArgumentsTest.cpp in Sources */,
				B3BC5E232195F56F001C05DF /* Deserializer.cpp in Sources */,
				B3F7AAE32058293F00DA8A39 /* App.cpp in Sources */,
				B3BC5DE42195F56F001C05DF /* FIFOBuffer.cpp in Sources */,
				B3F7AAF0205863E400DA8A39 /* ConnectionHandlerLevelTest.cpp in Sources */,
				B3BC5E122195F56F001C05DF /* Pattern.cpp in Sources */,
				B3BC5DF72195F56F001C05DF /* AllTestsMain.cpp in Sources */,
				B3BC5DDB2195F56F001C05DF /* List.cpp in Sources */,
				B3BC5DEC2195F56F001C05DF /* TypeTest.cpp in Sources */,
				B3BC5E1B2195F56F001C05DF /* Server.cpp in Sources */,
				B3BC5E212195F56F001C05DF /* Unicode.cpp in Sources */,
				B3BC5DF92195F56F001C05DF /* UnitTest.cpp in Sources */,
				B3BC5E072195F56F001C05DF /* Body.cpp in Sources */,
				B3BC5E002195F56F001C05DF /* Endpoint.cpp in Sources */,
				B3BC5E022195F56F001C05DF /* HttpRouter.cpp in Sources */,
				B3BC5E262195F56F001C05DF /* Utils.cpp in Sources */,
				B3BC5E192195F56F001C05DF /* SimpleTCPConnectionProvider.cpp in Sources */,
				B3BC5DF42195F56F001C05DF /* DTOMapperPerfTest.cpp in Sources */,
				B3BC5E1F2195F56F001C05DF /* Base64.cpp in Sources */,
				B3BC5E0D2195F56F001C05DF /* BodyDecoder.cpp in Sources */,
			);
			runOnlyForDeploymentPostprocessing = 0;
		};
/* End PBXSourcesBuildPhase section */

/* Begin XCBuildConfiguration section */
		B3F7A7772058233300DA8A39 /* Debug */ = {
			isa = XCBuildConfiguration;
			buildSettings = {
				ALWAYS_SEARCH_USER_PATHS = NO;
				CLANG_ANALYZER_NONNULL = YES;
				CLANG_ANALYZER_NUMBER_OBJECT_CONVERSION = YES_AGGRESSIVE;
				CLANG_CXX_LANGUAGE_STANDARD = "c++0x";
				CLANG_CXX_LIBRARY = "libc++";
				CLANG_ENABLE_MODULES = YES;
				CLANG_ENABLE_OBJC_ARC = YES;
				CLANG_WARN_BLOCK_CAPTURE_AUTORELEASING = YES;
				CLANG_WARN_BOOL_CONVERSION = YES;
				CLANG_WARN_COMMA = YES;
				CLANG_WARN_CONSTANT_CONVERSION = YES;
				CLANG_WARN_DEPRECATED_OBJC_IMPLEMENTATIONS = YES;
				CLANG_WARN_DIRECT_OBJC_ISA_USAGE = YES_ERROR;
				CLANG_WARN_DOCUMENTATION_COMMENTS = YES;
				CLANG_WARN_EMPTY_BODY = YES;
				CLANG_WARN_ENUM_CONVERSION = YES;
				CLANG_WARN_INFINITE_RECURSION = YES;
				CLANG_WARN_INT_CONVERSION = YES;
				CLANG_WARN_NON_LITERAL_NULL_CONVERSION = YES;
				CLANG_WARN_OBJC_IMPLICIT_RETAIN_SELF = YES;
				CLANG_WARN_OBJC_LITERAL_CONVERSION = YES;
				CLANG_WARN_OBJC_ROOT_CLASS = YES_ERROR;
				CLANG_WARN_RANGE_LOOP_ANALYSIS = YES;
				CLANG_WARN_STRICT_PROTOTYPES = YES;
				CLANG_WARN_SUSPICIOUS_MOVE = YES;
				CLANG_WARN_UNGUARDED_AVAILABILITY = YES_AGGRESSIVE;
				CLANG_WARN_UNREACHABLE_CODE = YES;
				CLANG_WARN__DUPLICATE_METHOD_MATCH = YES;
				CODE_SIGN_IDENTITY = "-";
				COPY_PHASE_STRIP = NO;
				DEBUG_INFORMATION_FORMAT = dwarf;
				ENABLE_STRICT_OBJC_MSGSEND = YES;
				ENABLE_TESTABILITY = YES;
				GCC_C_LANGUAGE_STANDARD = c11;
				GCC_DYNAMIC_NO_PIC = NO;
				GCC_NO_COMMON_BLOCKS = YES;
				GCC_OPTIMIZATION_LEVEL = 0;
				GCC_PREPROCESSOR_DEFINITIONS = (
					"DEBUG=1",
					"$(inherited)",
				);
				GCC_WARN_64_TO_32_BIT_CONVERSION = YES;
				GCC_WARN_ABOUT_RETURN_TYPE = YES_ERROR;
				GCC_WARN_UNDECLARED_SELECTOR = YES;
				GCC_WARN_UNINITIALIZED_AUTOS = YES_AGGRESSIVE;
				GCC_WARN_UNUSED_FUNCTION = YES;
				GCC_WARN_UNUSED_VARIABLE = YES;
				MACOSX_DEPLOYMENT_TARGET = 10.13;
				MTL_ENABLE_DEBUG_INFO = YES;
				ONLY_ACTIVE_ARCH = YES;
				SDKROOT = macosx;
			};
			name = Debug;
		};
		B3F7A7782058233300DA8A39 /* Release */ = {
			isa = XCBuildConfiguration;
			buildSettings = {
				ALWAYS_SEARCH_USER_PATHS = NO;
				CLANG_ANALYZER_NONNULL = YES;
				CLANG_ANALYZER_NUMBER_OBJECT_CONVERSION = YES_AGGRESSIVE;
				CLANG_CXX_LANGUAGE_STANDARD = "c++0x";
				CLANG_CXX_LIBRARY = "libc++";
				CLANG_ENABLE_MODULES = YES;
				CLANG_ENABLE_OBJC_ARC = YES;
				CLANG_WARN_BLOCK_CAPTURE_AUTORELEASING = YES;
				CLANG_WARN_BOOL_CONVERSION = YES;
				CLANG_WARN_COMMA = YES;
				CLANG_WARN_CONSTANT_CONVERSION = YES;
				CLANG_WARN_DEPRECATED_OBJC_IMPLEMENTATIONS = YES;
				CLANG_WARN_DIRECT_OBJC_ISA_USAGE = YES_ERROR;
				CLANG_WARN_DOCUMENTATION_COMMENTS = YES;
				CLANG_WARN_EMPTY_BODY = YES;
				CLANG_WARN_ENUM_CONVERSION = YES;
				CLANG_WARN_INFINITE_RECURSION = YES;
				CLANG_WARN_INT_CONVERSION = YES;
				CLANG_WARN_NON_LITERAL_NULL_CONVERSION = YES;
				CLANG_WARN_OBJC_IMPLICIT_RETAIN_SELF = YES;
				CLANG_WARN_OBJC_LITERAL_CONVERSION = YES;
				CLANG_WARN_OBJC_ROOT_CLASS = YES_ERROR;
				CLANG_WARN_RANGE_LOOP_ANALYSIS = YES;
				CLANG_WARN_STRICT_PROTOTYPES = YES;
				CLANG_WARN_SUSPICIOUS_MOVE = YES;
				CLANG_WARN_UNGUARDED_AVAILABILITY = YES_AGGRESSIVE;
				CLANG_WARN_UNREACHABLE_CODE = YES;
				CLANG_WARN__DUPLICATE_METHOD_MATCH = YES;
				CODE_SIGN_IDENTITY = "-";
				COPY_PHASE_STRIP = NO;
				DEBUG_INFORMATION_FORMAT = "dwarf-with-dsym";
				ENABLE_NS_ASSERTIONS = NO;
				ENABLE_STRICT_OBJC_MSGSEND = YES;
				GCC_C_LANGUAGE_STANDARD = c11;
				GCC_NO_COMMON_BLOCKS = YES;
				GCC_WARN_64_TO_32_BIT_CONVERSION = YES;
				GCC_WARN_ABOUT_RETURN_TYPE = YES_ERROR;
				GCC_WARN_UNDECLARED_SELECTOR = YES;
				GCC_WARN_UNINITIALIZED_AUTOS = YES_AGGRESSIVE;
				GCC_WARN_UNUSED_FUNCTION = YES;
				GCC_WARN_UNUSED_VARIABLE = YES;
				MACOSX_DEPLOYMENT_TARGET = 10.13;
				MTL_ENABLE_DEBUG_INFO = NO;
				SDKROOT = macosx;
			};
			name = Release;
		};
		B3F7A77A2058233300DA8A39 /* Debug */ = {
			isa = XCBuildConfiguration;
			buildSettings = {
				CODE_SIGN_STYLE = Automatic;
				PRODUCT_NAME = "$(TARGET_NAME)";
				USER_HEADER_SEARCH_PATHS = ../lib/;
			};
			name = Debug;
		};
		B3F7A77B2058233300DA8A39 /* Release */ = {
			isa = XCBuildConfiguration;
			buildSettings = {
				CODE_SIGN_STYLE = Automatic;
				PRODUCT_NAME = "$(TARGET_NAME)";
				USER_HEADER_SEARCH_PATHS = ../lib/;
			};
			name = Release;
		};
/* End XCBuildConfiguration section */

/* Begin XCConfigurationList section */
		B3F7A76D2058233200DA8A39 /* Build configuration list for PBXProject "crud" */ = {
			isa = XCConfigurationList;
			buildConfigurations = (
				B3F7A7772058233300DA8A39 /* Debug */,
				B3F7A7782058233300DA8A39 /* Release */,
			);
			defaultConfigurationIsVisible = 0;
			defaultConfigurationName = Release;
		};
		B3F7A7792058233300DA8A39 /* Build configuration list for PBXNativeTarget "crud" */ = {
			isa = XCConfigurationList;
			buildConfigurations = (
				B3F7A77A2058233300DA8A39 /* Debug */,
				B3F7A77B2058233300DA8A39 /* Release */,
			);
			defaultConfigurationIsVisible = 0;
			defaultConfigurationName = Release;
		};
/* End XCConfigurationList section */
	};
	rootObject = B3F7A76A2058233200DA8A39 /* Project object */;
}
